
Microsoft Visual Studio Solution File, Format Version 12.00
# Visual Studio 2013
VisualStudioVersion = 12.0.40629.0
MinimumVisualStudioVersion = 10.0.40219.1
Project("{FAE04EC0-301F-11D3-BF4B-00C04F79EFBC}") = "AdventureWorks2012", "AdventureWorks2012\AdventureWorks2012.csproj", "{F5D2874B-B6AB-4FB9-ABF4-0F8B613907D4}"
EndProject
Project("{FAE04EC0-301F-11D3-BF4B-00C04F79EFBC}") = "SomeSecondDll", "SomeSecondDll\SomeSecondDll.csproj", "{F2AAB25A-C5A1-4851-BDDE-4515CBB18D4D}"
EndProject
Project("{FAE04EC0-301F-11D3-BF4B-00C04F79EFBC}") = "ThirdDll", "ThirdDll\ThirdDll.csproj", "{826E5E0E-00B0-4561-B05D-32857FED2AFF}"
EndProject
Project("{FAE04EC0-301F-11D3-BF4B-00C04F79EFBC}") = "SomethingShared", "SomethingShared\SomethingShared.csproj", "{F4A51F9C-008B-4187-B2ED-4E585ACE5014}"
EndProject
Project("{FAE04EC0-301F-11D3-BF4B-00C04F79EFBC}") = "IndependentDll", "IndependentDll\IndependentDll.csproj", "{BE126484-3385-472D-A723-8F649F71A1B8}"
EndProject
Global
	GlobalSection(SolutionConfigurationPlatforms) = preSolution
		Debug|Any CPU = Debug|Any CPU
		Release|Any CPU = Release|Any CPU
	EndGlobalSection
	GlobalSection(ProjectConfigurationPlatforms) = postSolution
		{F5D2874B-B6AB-4FB9-ABF4-0F8B613907D4}.Debug|Any CPU.ActiveCfg = Debug|Any CPU
		{F5D2874B-B6AB-4FB9-ABF4-0F8B613907D4}.Debug|Any CPU.Build.0 = Debug|Any CPU
		{F5D2874B-B6AB-4FB9-ABF4-0F8B613907D4}.Release|Any CPU.ActiveCfg = Release|Any CPU
		{F5D2874B-B6AB-4FB9-ABF4-0F8B613907D4}.Release|Any CPU.Build.0 = Release|Any CPU
		{F2AAB25A-C5A1-4851-BDDE-4515CBB18D4D}.Debug|Any CPU.ActiveCfg = Debug|Any CPU
		{F2AAB25A-C5A1-4851-BDDE-4515CBB18D4D}.Debug|Any CPU.Build.0 = Debug|Any CPU
		{F2AAB25A-C5A1-4851-BDDE-4515CBB18D4D}.Release|Any CPU.ActiveCfg = Release|Any CPU
		{F2AAB25A-C5A1-4851-BDDE-4515CBB18D4D}.Release|Any CPU.Build.0 = Release|Any CPU
		{826E5E0E-00B0-4561-B05D-32857FED2AFF}.Debug|Any CPU.ActiveCfg = Debug|Any CPU
		{826E5E0E-00B0-4561-B05D-32857FED2AFF}.Debug|Any CPU.Build.0 = Debug|Any CPU
		{826E5E0E-00B0-4561-B05D-32857FED2AFF}.Release|Any CPU.ActiveCfg = Release|Any CPU
		{826E5E0E-00B0-4561-B05D-32857FED2AFF}.Release|Any CPU.Build.0 = Release|Any CPU
		{F4A51F9C-008B-4187-B2ED-4E585ACE5014}.Debug|Any CPU.ActiveCfg = Debug|Any CPU
		{F4A51F9C-008B-4187-B2ED-4E585ACE5014}.Debug|Any CPU.Build.0 = Debug|Any CPU
		{F4A51F9C-008B-4187-B2ED-4E585ACE5014}.Release|Any CPU.ActiveCfg = Release|Any CPU
		{F4A51F9C-008B-4187-B2ED-4E585ACE5014}.Release|Any CPU.Build.0 = Release|Any CPU
		{BE126484-3385-472D-A723-8F649F71A1B8}.Debug|Any CPU.ActiveCfg = Debug|Any CPU
		{BE126484-3385-472D-A723-8F649F71A1B8}.Debug|Any CPU.Build.0 = Debug|Any CPU
		{BE126484-3385-472D-A723-8F649F71A1B8}.Release|Any CPU.ActiveCfg = Release|Any CPU
		{BE126484-3385-472D-A723-8F649F71A1B8}.Release|Any CPU.Build.0 = Release|Any CPU
	EndGlobalSection
	GlobalSection(SolutionProperties) = preSolution
		HideSolutionNode = FALSE
	EndGlobalSection
EndGlobal
