Microsoft Visual Studio Solution File, Format Version 12.00
# Visual Studio 15
VisualStudioVersion = 15.0.27004.2005
MinimumVisualStudioVersion = 10.0.40219.1
Project("{2150E333-8FDC-42A3-9474-1A3956D46DE8}") = "_Tests", "_Tests", "{DCD744E4-D218-4B3C-A1E1-4D7C33401CE8}"
EndProject
Project("{2150E333-8FDC-42A3-9474-1A3956D46DE8}") = ".nuget", ".nuget", "{A18BF978-7283-4166-84C6-83D489F04169}"
	ProjectSection(SolutionItems) = preProject
		.nuget\NuGet.Config = .nuget\NuGet.Config
		.nuget\NuGet.exe = .nuget\NuGet.exe
		.nuget\NuGet.targets = .nuget\NuGet.targets
	EndProjectSection
EndProject
Project("{2150E333-8FDC-42A3-9474-1A3956D46DE8}") = "Rand", "Rand", "{D913E613-6FAB-4D9D-8206-7B58C0641295}"
EndProject
Project("{2150E333-8FDC-42A3-9474-1A3956D46DE8}") = "Util", "Util", "{77044E09-744B-454C-9C02-E7058ECB2851}"
EndProject
Project("{2150E333-8FDC-42A3-9474-1A3956D46DE8}") = "Shared", "Shared", "{BAF95A25-5D6A-47DF-9B74-0A30D33C073C}"
EndProject
Project("{FAE04EC0-301F-11D3-BF4B-00C04F79EFBC}") = "Rand.Core", "NoFuture\Rand\Core\Rand.Core.csproj", "{3C5DF49D-AE94-431C-85A5-7F5B71AC777F}"
EndProject
Project("{FAE04EC0-301F-11D3-BF4B-00C04F79EFBC}") = "Shared.Core", "NoFuture\Shared\Core\Shared.Core.csproj", "{6ECA48DC-FDB4-4660-9914-3B74D5975FF9}"
EndProject
Project("{FAE04EC0-301F-11D3-BF4B-00C04F79EFBC}") = "Util.Core", "NoFuture\Util\Core\Util.Core.csproj", "{349A1C91-CA14-4D04-946D-8B257A863CE0}"
EndProject
Project("{FAE04EC0-301F-11D3-BF4B-00C04F79EFBC}") = "Rand.Tests", "NoFuture.Tests\Rand\Rand.Tests.csproj", "{820AD70D-2461-42DE-8FD5-9AF7B9B444E4}"
EndProject
Project("{FAE04EC0-301F-11D3-BF4B-00C04F79EFBC}") = "Rand.Sp", "NoFuture\Rand\Sp\Rand.Sp.csproj", "{193F1DF6-F471-4164-B5BB-8752C306DF7B}"
EndProject
Project("{FAE04EC0-301F-11D3-BF4B-00C04F79EFBC}") = "Rand.Gov", "NoFuture\Rand\Gov\Rand.Gov.csproj", "{BB60D20C-259F-4FB3-9BA3-58E859BD712D}"
EndProject
Project("{FAE04EC0-301F-11D3-BF4B-00C04F79EFBC}") = "Rand.Edu", "NoFuture\Rand\Edu\Rand.Edu.csproj", "{F3AA72F2-7E33-4A99-A10D-110DEC5A8384}"
EndProject
Project("{FAE04EC0-301F-11D3-BF4B-00C04F79EFBC}") = "Rand.Com", "NoFuture\Rand\Com\Rand.Com.csproj", "{47A161DD-D5D4-4E02-8161-9E311E50664E}"
EndProject
Project("{FAE04EC0-301F-11D3-BF4B-00C04F79EFBC}") = "Rand.Domus", "NoFuture\Rand\Domus\Rand.Domus.csproj", "{ABB95017-A946-4B8B-902C-69FE01E99720}"
EndProject
Project("{FAE04EC0-301F-11D3-BF4B-00C04F79EFBC}") = "Rand.Pneuma", "NoFuture\Rand\Pneuma\Rand.Pneuma.csproj", "{00C35283-AF89-48A4-8035-8270D5302CE5}"
EndProject
Project("{FAE04EC0-301F-11D3-BF4B-00C04F79EFBC}") = "Rand.Opes", "NoFuture\Rand\Opes\Rand.Opes.csproj", "{195A7D49-9E70-4D99-B55D-EA15C4DA2B62}"
EndProject
Project("{FAE04EC0-301F-11D3-BF4B-00C04F79EFBC}") = "Rand.Org", "NoFuture\Rand\Org\Rand.Org.csproj", "{CC5DF72F-E8E4-4341-A653-8DCEE8DBE3BA}"
EndProject
Project("{FAE04EC0-301F-11D3-BF4B-00C04F79EFBC}") = "Rand.Geo", "NoFuture\Rand\Geo\Rand.Geo.csproj", "{924EDBC5-1492-4574-97E9-A1D85635AA1C}"
EndProject
Project("{FAE04EC0-301F-11D3-BF4B-00C04F79EFBC}") = "Rand.Tele", "NoFuture\Rand\Tele\Rand.Tele.csproj", "{BF24172C-6472-4059-860F-46F7A9FC78DF}"
EndProject
Project("{2150E333-8FDC-42A3-9474-1A3956D46DE8}") = "Antlr", "Antlr", "{1621F06D-ECEA-4C75-BAFC-702D50E0AC26}"
EndProject
Project("{FAE04EC0-301F-11D3-BF4B-00C04F79EFBC}") = "Antlr.HTML", "NoFuture\Antlr\HTML\Antlr.HTML.csproj", "{3BB71C0A-B6AD-4E55-B49D-417BC2DA7D39}"
EndProject
Project("{FAE04EC0-301F-11D3-BF4B-00C04F79EFBC}") = "Rand.Exo", "NoFuture\Rand\Exo\Rand.Exo.csproj", "{5B142ECB-4A49-427A-8086-B4E9C717D651}"
EndProject
Project("{FAE04EC0-301F-11D3-BF4B-00C04F79EFBC}") = "Rand.Exo.Tests", "NoFuture.Tests\Rand\Exo.Tests\Rand.Exo.Tests.csproj", "{CDEDB730-8404-4D03-8926-36A543F26FBE}"
EndProject
Project("{FAE04EC0-301F-11D3-BF4B-00C04F79EFBC}") = "Util.Core.Tests", "NoFuture.Tests\Util\Core.Tests\Util.Core.Tests.csproj", "{05EACDC7-C907-4BE5-AE1E-5ACD905DFDCB}"
EndProject
Project("{FAE04EC0-301F-11D3-BF4B-00C04F79EFBC}") = "Util.Core.Math", "NoFuture\Util\Core\Math\Util.Core.Math.csproj", "{5BC9B3AA-96DF-4E29-B5B7-961D28AF76B3}"
EndProject
Project("{FAE04EC0-301F-11D3-BF4B-00C04F79EFBC}") = "Rand.Law", "NoFuture\Rand\Law\Rand.Law.csproj", "{4667E45A-0EB2-40CF-B431-319D2960F469}"
EndProject
Global
	GlobalSection(SolutionConfigurationPlatforms) = preSolution
		Debug|Any CPU = Debug|Any CPU
		Debug|Mixed Platforms = Debug|Mixed Platforms
		Debug|Win32 = Debug|Win32
		Debug|x64 = Debug|x64
		Debug|x86 = Debug|x86
		Pkg|Any CPU = Pkg|Any CPU
		Pkg|Mixed Platforms = Pkg|Mixed Platforms
		Pkg|Win32 = Pkg|Win32
		Pkg|x64 = Pkg|x64
		Pkg|x86 = Pkg|x86
		Release|Any CPU = Release|Any CPU
		Release|Mixed Platforms = Release|Mixed Platforms
		Release|Win32 = Release|Win32
		Release|x64 = Release|x64
		Release|x86 = Release|x86
	EndGlobalSection
	GlobalSection(ProjectConfigurationPlatforms) = postSolution
		{3C5DF49D-AE94-431C-85A5-7F5B71AC777F}.Debug|Any CPU.ActiveCfg = Debug|Any CPU
		{3C5DF49D-AE94-431C-85A5-7F5B71AC777F}.Debug|Any CPU.Build.0 = Debug|Any CPU
		{3C5DF49D-AE94-431C-85A5-7F5B71AC777F}.Debug|Mixed Platforms.ActiveCfg = Debug|Any CPU
		{3C5DF49D-AE94-431C-85A5-7F5B71AC777F}.Debug|Mixed Platforms.Build.0 = Debug|Any CPU
		{3C5DF49D-AE94-431C-85A5-7F5B71AC777F}.Debug|Win32.ActiveCfg = Debug|Any CPU
		{3C5DF49D-AE94-431C-85A5-7F5B71AC777F}.Debug|Win32.Build.0 = Debug|Any CPU
		{3C5DF49D-AE94-431C-85A5-7F5B71AC777F}.Debug|x64.ActiveCfg = Debug|Any CPU
		{3C5DF49D-AE94-431C-85A5-7F5B71AC777F}.Debug|x64.Build.0 = Debug|Any CPU
		{3C5DF49D-AE94-431C-85A5-7F5B71AC777F}.Debug|x86.ActiveCfg = Debug|Any CPU
		{3C5DF49D-AE94-431C-85A5-7F5B71AC777F}.Debug|x86.Build.0 = Debug|Any CPU
		{3C5DF49D-AE94-431C-85A5-7F5B71AC777F}.Pkg|Any CPU.ActiveCfg = Release|Any CPU
		{3C5DF49D-AE94-431C-85A5-7F5B71AC777F}.Pkg|Any CPU.Build.0 = Release|Any CPU
		{3C5DF49D-AE94-431C-85A5-7F5B71AC777F}.Pkg|Mixed Platforms.ActiveCfg = Release|Any CPU
		{3C5DF49D-AE94-431C-85A5-7F5B71AC777F}.Pkg|Mixed Platforms.Build.0 = Release|Any CPU
		{3C5DF49D-AE94-431C-85A5-7F5B71AC777F}.Pkg|Win32.ActiveCfg = Release|Any CPU
		{3C5DF49D-AE94-431C-85A5-7F5B71AC777F}.Pkg|Win32.Build.0 = Release|Any CPU
		{3C5DF49D-AE94-431C-85A5-7F5B71AC777F}.Pkg|x64.ActiveCfg = Release|Any CPU
		{3C5DF49D-AE94-431C-85A5-7F5B71AC777F}.Pkg|x64.Build.0 = Release|Any CPU
		{3C5DF49D-AE94-431C-85A5-7F5B71AC777F}.Pkg|x86.ActiveCfg = Release|Any CPU
		{3C5DF49D-AE94-431C-85A5-7F5B71AC777F}.Pkg|x86.Build.0 = Release|Any CPU
		{3C5DF49D-AE94-431C-85A5-7F5B71AC777F}.Release|Any CPU.ActiveCfg = Release|Any CPU
		{3C5DF49D-AE94-431C-85A5-7F5B71AC777F}.Release|Any CPU.Build.0 = Release|Any CPU
		{3C5DF49D-AE94-431C-85A5-7F5B71AC777F}.Release|Mixed Platforms.ActiveCfg = Release|Any CPU
		{3C5DF49D-AE94-431C-85A5-7F5B71AC777F}.Release|Mixed Platforms.Build.0 = Release|Any CPU
		{3C5DF49D-AE94-431C-85A5-7F5B71AC777F}.Release|Win32.ActiveCfg = Release|Any CPU
		{3C5DF49D-AE94-431C-85A5-7F5B71AC777F}.Release|Win32.Build.0 = Release|Any CPU
		{3C5DF49D-AE94-431C-85A5-7F5B71AC777F}.Release|x64.ActiveCfg = Release|Any CPU
		{3C5DF49D-AE94-431C-85A5-7F5B71AC777F}.Release|x64.Build.0 = Release|Any CPU
		{3C5DF49D-AE94-431C-85A5-7F5B71AC777F}.Release|x86.ActiveCfg = Release|Any CPU
		{3C5DF49D-AE94-431C-85A5-7F5B71AC777F}.Release|x86.Build.0 = Release|Any CPU
		{6ECA48DC-FDB4-4660-9914-3B74D5975FF9}.Debug|Any CPU.ActiveCfg = Debug|Any CPU
		{6ECA48DC-FDB4-4660-9914-3B74D5975FF9}.Debug|Any CPU.Build.0 = Debug|Any CPU
		{6ECA48DC-FDB4-4660-9914-3B74D5975FF9}.Debug|Mixed Platforms.ActiveCfg = Debug|Any CPU
		{6ECA48DC-FDB4-4660-9914-3B74D5975FF9}.Debug|Mixed Platforms.Build.0 = Debug|Any CPU
		{6ECA48DC-FDB4-4660-9914-3B74D5975FF9}.Debug|Win32.ActiveCfg = Debug|Any CPU
		{6ECA48DC-FDB4-4660-9914-3B74D5975FF9}.Debug|Win32.Build.0 = Debug|Any CPU
		{6ECA48DC-FDB4-4660-9914-3B74D5975FF9}.Debug|x64.ActiveCfg = Debug|Any CPU
		{6ECA48DC-FDB4-4660-9914-3B74D5975FF9}.Debug|x64.Build.0 = Debug|Any CPU
		{6ECA48DC-FDB4-4660-9914-3B74D5975FF9}.Debug|x86.ActiveCfg = Debug|Any CPU
		{6ECA48DC-FDB4-4660-9914-3B74D5975FF9}.Debug|x86.Build.0 = Debug|Any CPU
		{6ECA48DC-FDB4-4660-9914-3B74D5975FF9}.Pkg|Any CPU.ActiveCfg = Release|Any CPU
		{6ECA48DC-FDB4-4660-9914-3B74D5975FF9}.Pkg|Any CPU.Build.0 = Release|Any CPU
		{6ECA48DC-FDB4-4660-9914-3B74D5975FF9}.Pkg|Mixed Platforms.ActiveCfg = Release|Any CPU
		{6ECA48DC-FDB4-4660-9914-3B74D5975FF9}.Pkg|Mixed Platforms.Build.0 = Release|Any CPU
		{6ECA48DC-FDB4-4660-9914-3B74D5975FF9}.Pkg|Win32.ActiveCfg = Release|Any CPU
		{6ECA48DC-FDB4-4660-9914-3B74D5975FF9}.Pkg|Win32.Build.0 = Release|Any CPU
		{6ECA48DC-FDB4-4660-9914-3B74D5975FF9}.Pkg|x64.ActiveCfg = Release|Any CPU
		{6ECA48DC-FDB4-4660-9914-3B74D5975FF9}.Pkg|x64.Build.0 = Release|Any CPU
		{6ECA48DC-FDB4-4660-9914-3B74D5975FF9}.Pkg|x86.ActiveCfg = Release|Any CPU
		{6ECA48DC-FDB4-4660-9914-3B74D5975FF9}.Pkg|x86.Build.0 = Release|Any CPU
		{6ECA48DC-FDB4-4660-9914-3B74D5975FF9}.Release|Any CPU.ActiveCfg = Release|Any CPU
		{6ECA48DC-FDB4-4660-9914-3B74D5975FF9}.Release|Any CPU.Build.0 = Release|Any CPU
		{6ECA48DC-FDB4-4660-9914-3B74D5975FF9}.Release|Mixed Platforms.ActiveCfg = Release|Any CPU
		{6ECA48DC-FDB4-4660-9914-3B74D5975FF9}.Release|Mixed Platforms.Build.0 = Release|Any CPU
		{6ECA48DC-FDB4-4660-9914-3B74D5975FF9}.Release|Win32.ActiveCfg = Release|Any CPU
		{6ECA48DC-FDB4-4660-9914-3B74D5975FF9}.Release|Win32.Build.0 = Release|Any CPU
		{6ECA48DC-FDB4-4660-9914-3B74D5975FF9}.Release|x64.ActiveCfg = Release|Any CPU
		{6ECA48DC-FDB4-4660-9914-3B74D5975FF9}.Release|x64.Build.0 = Release|Any CPU
		{6ECA48DC-FDB4-4660-9914-3B74D5975FF9}.Release|x86.ActiveCfg = Release|Any CPU
		{6ECA48DC-FDB4-4660-9914-3B74D5975FF9}.Release|x86.Build.0 = Release|Any CPU
		{349A1C91-CA14-4D04-946D-8B257A863CE0}.Debug|Any CPU.ActiveCfg = Debug|Any CPU
		{349A1C91-CA14-4D04-946D-8B257A863CE0}.Debug|Any CPU.Build.0 = Debug|Any CPU
		{349A1C91-CA14-4D04-946D-8B257A863CE0}.Debug|Mixed Platforms.ActiveCfg = Debug|Any CPU
		{349A1C91-CA14-4D04-946D-8B257A863CE0}.Debug|Mixed Platforms.Build.0 = Debug|Any CPU
		{349A1C91-CA14-4D04-946D-8B257A863CE0}.Debug|Win32.ActiveCfg = Debug|Any CPU
		{349A1C91-CA14-4D04-946D-8B257A863CE0}.Debug|Win32.Build.0 = Debug|Any CPU
		{349A1C91-CA14-4D04-946D-8B257A863CE0}.Debug|x64.ActiveCfg = Debug|Any CPU
		{349A1C91-CA14-4D04-946D-8B257A863CE0}.Debug|x64.Build.0 = Debug|Any CPU
		{349A1C91-CA14-4D04-946D-8B257A863CE0}.Debug|x86.ActiveCfg = Debug|Any CPU
		{349A1C91-CA14-4D04-946D-8B257A863CE0}.Debug|x86.Build.0 = Debug|Any CPU
		{349A1C91-CA14-4D04-946D-8B257A863CE0}.Pkg|Any CPU.ActiveCfg = Release|Any CPU
		{349A1C91-CA14-4D04-946D-8B257A863CE0}.Pkg|Any CPU.Build.0 = Release|Any CPU
		{349A1C91-CA14-4D04-946D-8B257A863CE0}.Pkg|Mixed Platforms.ActiveCfg = Release|Any CPU
		{349A1C91-CA14-4D04-946D-8B257A863CE0}.Pkg|Mixed Platforms.Build.0 = Release|Any CPU
		{349A1C91-CA14-4D04-946D-8B257A863CE0}.Pkg|Win32.ActiveCfg = Release|Any CPU
		{349A1C91-CA14-4D04-946D-8B257A863CE0}.Pkg|Win32.Build.0 = Release|Any CPU
		{349A1C91-CA14-4D04-946D-8B257A863CE0}.Pkg|x64.ActiveCfg = Release|Any CPU
		{349A1C91-CA14-4D04-946D-8B257A863CE0}.Pkg|x64.Build.0 = Release|Any CPU
		{349A1C91-CA14-4D04-946D-8B257A863CE0}.Pkg|x86.ActiveCfg = Release|Any CPU
		{349A1C91-CA14-4D04-946D-8B257A863CE0}.Pkg|x86.Build.0 = Release|Any CPU
		{349A1C91-CA14-4D04-946D-8B257A863CE0}.Release|Any CPU.ActiveCfg = Release|Any CPU
		{349A1C91-CA14-4D04-946D-8B257A863CE0}.Release|Any CPU.Build.0 = Release|Any CPU
		{349A1C91-CA14-4D04-946D-8B257A863CE0}.Release|Mixed Platforms.ActiveCfg = Release|Any CPU
		{349A1C91-CA14-4D04-946D-8B257A863CE0}.Release|Mixed Platforms.Build.0 = Release|Any CPU
		{349A1C91-CA14-4D04-946D-8B257A863CE0}.Release|Win32.ActiveCfg = Release|Any CPU
		{349A1C91-CA14-4D04-946D-8B257A863CE0}.Release|Win32.Build.0 = Release|Any CPU
		{349A1C91-CA14-4D04-946D-8B257A863CE0}.Release|x64.ActiveCfg = Release|Any CPU
		{349A1C91-CA14-4D04-946D-8B257A863CE0}.Release|x64.Build.0 = Release|Any CPU
		{349A1C91-CA14-4D04-946D-8B257A863CE0}.Release|x86.ActiveCfg = Release|Any CPU
		{349A1C91-CA14-4D04-946D-8B257A863CE0}.Release|x86.Build.0 = Release|Any CPU
		{820AD70D-2461-42DE-8FD5-9AF7B9B444E4}.Debug|Any CPU.ActiveCfg = Debug|Any CPU
		{820AD70D-2461-42DE-8FD5-9AF7B9B444E4}.Debug|Any CPU.Build.0 = Debug|Any CPU
		{820AD70D-2461-42DE-8FD5-9AF7B9B444E4}.Debug|Mixed Platforms.ActiveCfg = Debug|Any CPU
		{820AD70D-2461-42DE-8FD5-9AF7B9B444E4}.Debug|Mixed Platforms.Build.0 = Debug|Any CPU
		{820AD70D-2461-42DE-8FD5-9AF7B9B444E4}.Debug|Win32.ActiveCfg = Debug|Any CPU
		{820AD70D-2461-42DE-8FD5-9AF7B9B444E4}.Debug|Win32.Build.0 = Debug|Any CPU
		{820AD70D-2461-42DE-8FD5-9AF7B9B444E4}.Debug|x64.ActiveCfg = Debug|Any CPU
		{820AD70D-2461-42DE-8FD5-9AF7B9B444E4}.Debug|x64.Build.0 = Debug|Any CPU
		{820AD70D-2461-42DE-8FD5-9AF7B9B444E4}.Debug|x86.ActiveCfg = Debug|Any CPU
		{820AD70D-2461-42DE-8FD5-9AF7B9B444E4}.Debug|x86.Build.0 = Debug|Any CPU
		{820AD70D-2461-42DE-8FD5-9AF7B9B444E4}.Pkg|Any CPU.ActiveCfg = Release|Any CPU
		{820AD70D-2461-42DE-8FD5-9AF7B9B444E4}.Pkg|Any CPU.Build.0 = Release|Any CPU
		{820AD70D-2461-42DE-8FD5-9AF7B9B444E4}.Pkg|Mixed Platforms.ActiveCfg = Release|Any CPU
		{820AD70D-2461-42DE-8FD5-9AF7B9B444E4}.Pkg|Mixed Platforms.Build.0 = Release|Any CPU
		{820AD70D-2461-42DE-8FD5-9AF7B9B444E4}.Pkg|Win32.ActiveCfg = Release|Any CPU
		{820AD70D-2461-42DE-8FD5-9AF7B9B444E4}.Pkg|Win32.Build.0 = Release|Any CPU
		{820AD70D-2461-42DE-8FD5-9AF7B9B444E4}.Pkg|x64.ActiveCfg = Release|Any CPU
		{820AD70D-2461-42DE-8FD5-9AF7B9B444E4}.Pkg|x64.Build.0 = Release|Any CPU
		{820AD70D-2461-42DE-8FD5-9AF7B9B444E4}.Pkg|x86.ActiveCfg = Release|Any CPU
		{820AD70D-2461-42DE-8FD5-9AF7B9B444E4}.Pkg|x86.Build.0 = Release|Any CPU
		{820AD70D-2461-42DE-8FD5-9AF7B9B444E4}.Release|Any CPU.ActiveCfg = Release|Any CPU
		{820AD70D-2461-42DE-8FD5-9AF7B9B444E4}.Release|Any CPU.Build.0 = Release|Any CPU
		{820AD70D-2461-42DE-8FD5-9AF7B9B444E4}.Release|Mixed Platforms.ActiveCfg = Release|Any CPU
		{820AD70D-2461-42DE-8FD5-9AF7B9B444E4}.Release|Mixed Platforms.Build.0 = Release|Any CPU
		{820AD70D-2461-42DE-8FD5-9AF7B9B444E4}.Release|Win32.ActiveCfg = Release|Any CPU
		{820AD70D-2461-42DE-8FD5-9AF7B9B444E4}.Release|Win32.Build.0 = Release|Any CPU
		{820AD70D-2461-42DE-8FD5-9AF7B9B444E4}.Release|x64.ActiveCfg = Release|Any CPU
		{820AD70D-2461-42DE-8FD5-9AF7B9B444E4}.Release|x64.Build.0 = Release|Any CPU
		{820AD70D-2461-42DE-8FD5-9AF7B9B444E4}.Release|x86.ActiveCfg = Release|Any CPU
		{820AD70D-2461-42DE-8FD5-9AF7B9B444E4}.Release|x86.Build.0 = Release|Any CPU
		{193F1DF6-F471-4164-B5BB-8752C306DF7B}.Debug|Any CPU.ActiveCfg = Debug|Any CPU
		{193F1DF6-F471-4164-B5BB-8752C306DF7B}.Debug|Any CPU.Build.0 = Debug|Any CPU
		{193F1DF6-F471-4164-B5BB-8752C306DF7B}.Debug|Mixed Platforms.ActiveCfg = Debug|Any CPU
		{193F1DF6-F471-4164-B5BB-8752C306DF7B}.Debug|Mixed Platforms.Build.0 = Debug|Any CPU
		{193F1DF6-F471-4164-B5BB-8752C306DF7B}.Debug|Win32.ActiveCfg = Debug|Any CPU
		{193F1DF6-F471-4164-B5BB-8752C306DF7B}.Debug|Win32.Build.0 = Debug|Any CPU
		{193F1DF6-F471-4164-B5BB-8752C306DF7B}.Debug|x64.ActiveCfg = Debug|Any CPU
		{193F1DF6-F471-4164-B5BB-8752C306DF7B}.Debug|x64.Build.0 = Debug|Any CPU
		{193F1DF6-F471-4164-B5BB-8752C306DF7B}.Debug|x86.ActiveCfg = Debug|Any CPU
		{193F1DF6-F471-4164-B5BB-8752C306DF7B}.Debug|x86.Build.0 = Debug|Any CPU
		{193F1DF6-F471-4164-B5BB-8752C306DF7B}.Pkg|Any CPU.ActiveCfg = Release|Any CPU
		{193F1DF6-F471-4164-B5BB-8752C306DF7B}.Pkg|Any CPU.Build.0 = Release|Any CPU
		{193F1DF6-F471-4164-B5BB-8752C306DF7B}.Pkg|Mixed Platforms.ActiveCfg = Release|Any CPU
		{193F1DF6-F471-4164-B5BB-8752C306DF7B}.Pkg|Mixed Platforms.Build.0 = Release|Any CPU
		{193F1DF6-F471-4164-B5BB-8752C306DF7B}.Pkg|Win32.ActiveCfg = Release|Any CPU
		{193F1DF6-F471-4164-B5BB-8752C306DF7B}.Pkg|Win32.Build.0 = Release|Any CPU
		{193F1DF6-F471-4164-B5BB-8752C306DF7B}.Pkg|x64.ActiveCfg = Release|Any CPU
		{193F1DF6-F471-4164-B5BB-8752C306DF7B}.Pkg|x64.Build.0 = Release|Any CPU
		{193F1DF6-F471-4164-B5BB-8752C306DF7B}.Pkg|x86.ActiveCfg = Release|Any CPU
		{193F1DF6-F471-4164-B5BB-8752C306DF7B}.Pkg|x86.Build.0 = Release|Any CPU
		{193F1DF6-F471-4164-B5BB-8752C306DF7B}.Release|Any CPU.ActiveCfg = Release|Any CPU
		{193F1DF6-F471-4164-B5BB-8752C306DF7B}.Release|Any CPU.Build.0 = Release|Any CPU
		{193F1DF6-F471-4164-B5BB-8752C306DF7B}.Release|Mixed Platforms.ActiveCfg = Release|Any CPU
		{193F1DF6-F471-4164-B5BB-8752C306DF7B}.Release|Mixed Platforms.Build.0 = Release|Any CPU
		{193F1DF6-F471-4164-B5BB-8752C306DF7B}.Release|Win32.ActiveCfg = Release|Any CPU
		{193F1DF6-F471-4164-B5BB-8752C306DF7B}.Release|Win32.Build.0 = Release|Any CPU
		{193F1DF6-F471-4164-B5BB-8752C306DF7B}.Release|x64.ActiveCfg = Release|Any CPU
		{193F1DF6-F471-4164-B5BB-8752C306DF7B}.Release|x64.Build.0 = Release|Any CPU
		{193F1DF6-F471-4164-B5BB-8752C306DF7B}.Release|x86.ActiveCfg = Release|Any CPU
		{193F1DF6-F471-4164-B5BB-8752C306DF7B}.Release|x86.Build.0 = Release|Any CPU
		{BB60D20C-259F-4FB3-9BA3-58E859BD712D}.Debug|Any CPU.ActiveCfg = Debug|Any CPU
		{BB60D20C-259F-4FB3-9BA3-58E859BD712D}.Debug|Any CPU.Build.0 = Debug|Any CPU
		{BB60D20C-259F-4FB3-9BA3-58E859BD712D}.Debug|Mixed Platforms.ActiveCfg = Debug|Any CPU
		{BB60D20C-259F-4FB3-9BA3-58E859BD712D}.Debug|Mixed Platforms.Build.0 = Debug|Any CPU
		{BB60D20C-259F-4FB3-9BA3-58E859BD712D}.Debug|Win32.ActiveCfg = Debug|Any CPU
		{BB60D20C-259F-4FB3-9BA3-58E859BD712D}.Debug|Win32.Build.0 = Debug|Any CPU
		{BB60D20C-259F-4FB3-9BA3-58E859BD712D}.Debug|x64.ActiveCfg = Debug|Any CPU
		{BB60D20C-259F-4FB3-9BA3-58E859BD712D}.Debug|x64.Build.0 = Debug|Any CPU
		{BB60D20C-259F-4FB3-9BA3-58E859BD712D}.Debug|x86.ActiveCfg = Debug|Any CPU
		{BB60D20C-259F-4FB3-9BA3-58E859BD712D}.Debug|x86.Build.0 = Debug|Any CPU
		{BB60D20C-259F-4FB3-9BA3-58E859BD712D}.Pkg|Any CPU.ActiveCfg = Release|Any CPU
		{BB60D20C-259F-4FB3-9BA3-58E859BD712D}.Pkg|Any CPU.Build.0 = Release|Any CPU
		{BB60D20C-259F-4FB3-9BA3-58E859BD712D}.Pkg|Mixed Platforms.ActiveCfg = Release|Any CPU
		{BB60D20C-259F-4FB3-9BA3-58E859BD712D}.Pkg|Mixed Platforms.Build.0 = Release|Any CPU
		{BB60D20C-259F-4FB3-9BA3-58E859BD712D}.Pkg|Win32.ActiveCfg = Release|Any CPU
		{BB60D20C-259F-4FB3-9BA3-58E859BD712D}.Pkg|Win32.Build.0 = Release|Any CPU
		{BB60D20C-259F-4FB3-9BA3-58E859BD712D}.Pkg|x64.ActiveCfg = Release|Any CPU
		{BB60D20C-259F-4FB3-9BA3-58E859BD712D}.Pkg|x64.Build.0 = Release|Any CPU
		{BB60D20C-259F-4FB3-9BA3-58E859BD712D}.Pkg|x86.ActiveCfg = Release|Any CPU
		{BB60D20C-259F-4FB3-9BA3-58E859BD712D}.Pkg|x86.Build.0 = Release|Any CPU
		{BB60D20C-259F-4FB3-9BA3-58E859BD712D}.Release|Any CPU.ActiveCfg = Release|Any CPU
		{BB60D20C-259F-4FB3-9BA3-58E859BD712D}.Release|Any CPU.Build.0 = Release|Any CPU
		{BB60D20C-259F-4FB3-9BA3-58E859BD712D}.Release|Mixed Platforms.ActiveCfg = Release|Any CPU
		{BB60D20C-259F-4FB3-9BA3-58E859BD712D}.Release|Mixed Platforms.Build.0 = Release|Any CPU
		{BB60D20C-259F-4FB3-9BA3-58E859BD712D}.Release|Win32.ActiveCfg = Release|Any CPU
		{BB60D20C-259F-4FB3-9BA3-58E859BD712D}.Release|Win32.Build.0 = Release|Any CPU
		{BB60D20C-259F-4FB3-9BA3-58E859BD712D}.Release|x64.ActiveCfg = Release|Any CPU
		{BB60D20C-259F-4FB3-9BA3-58E859BD712D}.Release|x64.Build.0 = Release|Any CPU
		{BB60D20C-259F-4FB3-9BA3-58E859BD712D}.Release|x86.ActiveCfg = Release|Any CPU
		{BB60D20C-259F-4FB3-9BA3-58E859BD712D}.Release|x86.Build.0 = Release|Any CPU
		{F3AA72F2-7E33-4A99-A10D-110DEC5A8384}.Debug|Any CPU.ActiveCfg = Debug|Any CPU
		{F3AA72F2-7E33-4A99-A10D-110DEC5A8384}.Debug|Any CPU.Build.0 = Debug|Any CPU
		{F3AA72F2-7E33-4A99-A10D-110DEC5A8384}.Debug|Mixed Platforms.ActiveCfg = Debug|Any CPU
		{F3AA72F2-7E33-4A99-A10D-110DEC5A8384}.Debug|Mixed Platforms.Build.0 = Debug|Any CPU
		{F3AA72F2-7E33-4A99-A10D-110DEC5A8384}.Debug|Win32.ActiveCfg = Debug|Any CPU
		{F3AA72F2-7E33-4A99-A10D-110DEC5A8384}.Debug|Win32.Build.0 = Debug|Any CPU
		{F3AA72F2-7E33-4A99-A10D-110DEC5A8384}.Debug|x64.ActiveCfg = Debug|Any CPU
		{F3AA72F2-7E33-4A99-A10D-110DEC5A8384}.Debug|x64.Build.0 = Debug|Any CPU
		{F3AA72F2-7E33-4A99-A10D-110DEC5A8384}.Debug|x86.ActiveCfg = Debug|Any CPU
		{F3AA72F2-7E33-4A99-A10D-110DEC5A8384}.Debug|x86.Build.0 = Debug|Any CPU
		{F3AA72F2-7E33-4A99-A10D-110DEC5A8384}.Pkg|Any CPU.ActiveCfg = Release|Any CPU
		{F3AA72F2-7E33-4A99-A10D-110DEC5A8384}.Pkg|Any CPU.Build.0 = Release|Any CPU
		{F3AA72F2-7E33-4A99-A10D-110DEC5A8384}.Pkg|Mixed Platforms.ActiveCfg = Release|Any CPU
		{F3AA72F2-7E33-4A99-A10D-110DEC5A8384}.Pkg|Mixed Platforms.Build.0 = Release|Any CPU
		{F3AA72F2-7E33-4A99-A10D-110DEC5A8384}.Pkg|Win32.ActiveCfg = Release|Any CPU
		{F3AA72F2-7E33-4A99-A10D-110DEC5A8384}.Pkg|Win32.Build.0 = Release|Any CPU
		{F3AA72F2-7E33-4A99-A10D-110DEC5A8384}.Pkg|x64.ActiveCfg = Release|Any CPU
		{F3AA72F2-7E33-4A99-A10D-110DEC5A8384}.Pkg|x64.Build.0 = Release|Any CPU
		{F3AA72F2-7E33-4A99-A10D-110DEC5A8384}.Pkg|x86.ActiveCfg = Release|Any CPU
		{F3AA72F2-7E33-4A99-A10D-110DEC5A8384}.Pkg|x86.Build.0 = Release|Any CPU
		{F3AA72F2-7E33-4A99-A10D-110DEC5A8384}.Release|Any CPU.ActiveCfg = Release|Any CPU
		{F3AA72F2-7E33-4A99-A10D-110DEC5A8384}.Release|Any CPU.Build.0 = Release|Any CPU
		{F3AA72F2-7E33-4A99-A10D-110DEC5A8384}.Release|Mixed Platforms.ActiveCfg = Release|Any CPU
		{F3AA72F2-7E33-4A99-A10D-110DEC5A8384}.Release|Mixed Platforms.Build.0 = Release|Any CPU
		{F3AA72F2-7E33-4A99-A10D-110DEC5A8384}.Release|Win32.ActiveCfg = Release|Any CPU
		{F3AA72F2-7E33-4A99-A10D-110DEC5A8384}.Release|Win32.Build.0 = Release|Any CPU
		{F3AA72F2-7E33-4A99-A10D-110DEC5A8384}.Release|x64.ActiveCfg = Release|Any CPU
		{F3AA72F2-7E33-4A99-A10D-110DEC5A8384}.Release|x64.Build.0 = Release|Any CPU
		{F3AA72F2-7E33-4A99-A10D-110DEC5A8384}.Release|x86.ActiveCfg = Release|Any CPU
		{F3AA72F2-7E33-4A99-A10D-110DEC5A8384}.Release|x86.Build.0 = Release|Any CPU
		{47A161DD-D5D4-4E02-8161-9E311E50664E}.Debug|Any CPU.ActiveCfg = Debug|Any CPU
		{47A161DD-D5D4-4E02-8161-9E311E50664E}.Debug|Any CPU.Build.0 = Debug|Any CPU
		{47A161DD-D5D4-4E02-8161-9E311E50664E}.Debug|Mixed Platforms.ActiveCfg = Debug|Any CPU
		{47A161DD-D5D4-4E02-8161-9E311E50664E}.Debug|Mixed Platforms.Build.0 = Debug|Any CPU
		{47A161DD-D5D4-4E02-8161-9E311E50664E}.Debug|Win32.ActiveCfg = Debug|Any CPU
		{47A161DD-D5D4-4E02-8161-9E311E50664E}.Debug|Win32.Build.0 = Debug|Any CPU
		{47A161DD-D5D4-4E02-8161-9E311E50664E}.Debug|x64.ActiveCfg = Debug|Any CPU
		{47A161DD-D5D4-4E02-8161-9E311E50664E}.Debug|x64.Build.0 = Debug|Any CPU
		{47A161DD-D5D4-4E02-8161-9E311E50664E}.Debug|x86.ActiveCfg = Debug|Any CPU
		{47A161DD-D5D4-4E02-8161-9E311E50664E}.Debug|x86.Build.0 = Debug|Any CPU
		{47A161DD-D5D4-4E02-8161-9E311E50664E}.Pkg|Any CPU.ActiveCfg = Release|Any CPU
		{47A161DD-D5D4-4E02-8161-9E311E50664E}.Pkg|Any CPU.Build.0 = Release|Any CPU
		{47A161DD-D5D4-4E02-8161-9E311E50664E}.Pkg|Mixed Platforms.ActiveCfg = Release|Any CPU
		{47A161DD-D5D4-4E02-8161-9E311E50664E}.Pkg|Mixed Platforms.Build.0 = Release|Any CPU
		{47A161DD-D5D4-4E02-8161-9E311E50664E}.Pkg|Win32.ActiveCfg = Release|Any CPU
		{47A161DD-D5D4-4E02-8161-9E311E50664E}.Pkg|Win32.Build.0 = Release|Any CPU
		{47A161DD-D5D4-4E02-8161-9E311E50664E}.Pkg|x64.ActiveCfg = Release|Any CPU
		{47A161DD-D5D4-4E02-8161-9E311E50664E}.Pkg|x64.Build.0 = Release|Any CPU
		{47A161DD-D5D4-4E02-8161-9E311E50664E}.Pkg|x86.ActiveCfg = Release|Any CPU
		{47A161DD-D5D4-4E02-8161-9E311E50664E}.Pkg|x86.Build.0 = Release|Any CPU
		{47A161DD-D5D4-4E02-8161-9E311E50664E}.Release|Any CPU.ActiveCfg = Release|Any CPU
		{47A161DD-D5D4-4E02-8161-9E311E50664E}.Release|Any CPU.Build.0 = Release|Any CPU
		{47A161DD-D5D4-4E02-8161-9E311E50664E}.Release|Mixed Platforms.ActiveCfg = Release|Any CPU
		{47A161DD-D5D4-4E02-8161-9E311E50664E}.Release|Mixed Platforms.Build.0 = Release|Any CPU
		{47A161DD-D5D4-4E02-8161-9E311E50664E}.Release|Win32.ActiveCfg = Release|Any CPU
		{47A161DD-D5D4-4E02-8161-9E311E50664E}.Release|Win32.Build.0 = Release|Any CPU
		{47A161DD-D5D4-4E02-8161-9E311E50664E}.Release|x64.ActiveCfg = Release|Any CPU
		{47A161DD-D5D4-4E02-8161-9E311E50664E}.Release|x64.Build.0 = Release|Any CPU
		{47A161DD-D5D4-4E02-8161-9E311E50664E}.Release|x86.ActiveCfg = Release|Any CPU
		{47A161DD-D5D4-4E02-8161-9E311E50664E}.Release|x86.Build.0 = Release|Any CPU
		{ABB95017-A946-4B8B-902C-69FE01E99720}.Debug|Any CPU.ActiveCfg = Debug|Any CPU
		{ABB95017-A946-4B8B-902C-69FE01E99720}.Debug|Any CPU.Build.0 = Debug|Any CPU
		{ABB95017-A946-4B8B-902C-69FE01E99720}.Debug|Mixed Platforms.ActiveCfg = Debug|Any CPU
		{ABB95017-A946-4B8B-902C-69FE01E99720}.Debug|Mixed Platforms.Build.0 = Debug|Any CPU
		{ABB95017-A946-4B8B-902C-69FE01E99720}.Debug|Win32.ActiveCfg = Debug|Any CPU
		{ABB95017-A946-4B8B-902C-69FE01E99720}.Debug|Win32.Build.0 = Debug|Any CPU
		{ABB95017-A946-4B8B-902C-69FE01E99720}.Debug|x64.ActiveCfg = Debug|Any CPU
		{ABB95017-A946-4B8B-902C-69FE01E99720}.Debug|x64.Build.0 = Debug|Any CPU
		{ABB95017-A946-4B8B-902C-69FE01E99720}.Debug|x86.ActiveCfg = Debug|Any CPU
		{ABB95017-A946-4B8B-902C-69FE01E99720}.Debug|x86.Build.0 = Debug|Any CPU
		{ABB95017-A946-4B8B-902C-69FE01E99720}.Pkg|Any CPU.ActiveCfg = Release|Any CPU
		{ABB95017-A946-4B8B-902C-69FE01E99720}.Pkg|Any CPU.Build.0 = Release|Any CPU
		{ABB95017-A946-4B8B-902C-69FE01E99720}.Pkg|Mixed Platforms.ActiveCfg = Release|Any CPU
		{ABB95017-A946-4B8B-902C-69FE01E99720}.Pkg|Mixed Platforms.Build.0 = Release|Any CPU
		{ABB95017-A946-4B8B-902C-69FE01E99720}.Pkg|Win32.ActiveCfg = Release|Any CPU
		{ABB95017-A946-4B8B-902C-69FE01E99720}.Pkg|Win32.Build.0 = Release|Any CPU
		{ABB95017-A946-4B8B-902C-69FE01E99720}.Pkg|x64.ActiveCfg = Release|Any CPU
		{ABB95017-A946-4B8B-902C-69FE01E99720}.Pkg|x64.Build.0 = Release|Any CPU
		{ABB95017-A946-4B8B-902C-69FE01E99720}.Pkg|x86.ActiveCfg = Release|Any CPU
		{ABB95017-A946-4B8B-902C-69FE01E99720}.Pkg|x86.Build.0 = Release|Any CPU
		{ABB95017-A946-4B8B-902C-69FE01E99720}.Release|Any CPU.ActiveCfg = Release|Any CPU
		{ABB95017-A946-4B8B-902C-69FE01E99720}.Release|Any CPU.Build.0 = Release|Any CPU
		{ABB95017-A946-4B8B-902C-69FE01E99720}.Release|Mixed Platforms.ActiveCfg = Release|Any CPU
		{ABB95017-A946-4B8B-902C-69FE01E99720}.Release|Mixed Platforms.Build.0 = Release|Any CPU
		{ABB95017-A946-4B8B-902C-69FE01E99720}.Release|Win32.ActiveCfg = Release|Any CPU
		{ABB95017-A946-4B8B-902C-69FE01E99720}.Release|Win32.Build.0 = Release|Any CPU
		{ABB95017-A946-4B8B-902C-69FE01E99720}.Release|x64.ActiveCfg = Release|Any CPU
		{ABB95017-A946-4B8B-902C-69FE01E99720}.Release|x64.Build.0 = Release|Any CPU
		{ABB95017-A946-4B8B-902C-69FE01E99720}.Release|x86.ActiveCfg = Release|Any CPU
		{ABB95017-A946-4B8B-902C-69FE01E99720}.Release|x86.Build.0 = Release|Any CPU
		{00C35283-AF89-48A4-8035-8270D5302CE5}.Debug|Any CPU.ActiveCfg = Debug|Any CPU
		{00C35283-AF89-48A4-8035-8270D5302CE5}.Debug|Any CPU.Build.0 = Debug|Any CPU
		{00C35283-AF89-48A4-8035-8270D5302CE5}.Debug|Mixed Platforms.ActiveCfg = Debug|Any CPU
		{00C35283-AF89-48A4-8035-8270D5302CE5}.Debug|Mixed Platforms.Build.0 = Debug|Any CPU
		{00C35283-AF89-48A4-8035-8270D5302CE5}.Debug|Win32.ActiveCfg = Debug|Any CPU
		{00C35283-AF89-48A4-8035-8270D5302CE5}.Debug|Win32.Build.0 = Debug|Any CPU
		{00C35283-AF89-48A4-8035-8270D5302CE5}.Debug|x64.ActiveCfg = Debug|Any CPU
		{00C35283-AF89-48A4-8035-8270D5302CE5}.Debug|x64.Build.0 = Debug|Any CPU
		{00C35283-AF89-48A4-8035-8270D5302CE5}.Debug|x86.ActiveCfg = Debug|Any CPU
		{00C35283-AF89-48A4-8035-8270D5302CE5}.Debug|x86.Build.0 = Debug|Any CPU
		{00C35283-AF89-48A4-8035-8270D5302CE5}.Pkg|Any CPU.ActiveCfg = Release|Any CPU
		{00C35283-AF89-48A4-8035-8270D5302CE5}.Pkg|Any CPU.Build.0 = Release|Any CPU
		{00C35283-AF89-48A4-8035-8270D5302CE5}.Pkg|Mixed Platforms.ActiveCfg = Release|Any CPU
		{00C35283-AF89-48A4-8035-8270D5302CE5}.Pkg|Mixed Platforms.Build.0 = Release|Any CPU
		{00C35283-AF89-48A4-8035-8270D5302CE5}.Pkg|Win32.ActiveCfg = Release|Any CPU
		{00C35283-AF89-48A4-8035-8270D5302CE5}.Pkg|Win32.Build.0 = Release|Any CPU
		{00C35283-AF89-48A4-8035-8270D5302CE5}.Pkg|x64.ActiveCfg = Release|Any CPU
		{00C35283-AF89-48A4-8035-8270D5302CE5}.Pkg|x64.Build.0 = Release|Any CPU
		{00C35283-AF89-48A4-8035-8270D5302CE5}.Pkg|x86.ActiveCfg = Release|Any CPU
		{00C35283-AF89-48A4-8035-8270D5302CE5}.Pkg|x86.Build.0 = Release|Any CPU
		{00C35283-AF89-48A4-8035-8270D5302CE5}.Release|Any CPU.ActiveCfg = Release|Any CPU
		{00C35283-AF89-48A4-8035-8270D5302CE5}.Release|Any CPU.Build.0 = Release|Any CPU
		{00C35283-AF89-48A4-8035-8270D5302CE5}.Release|Mixed Platforms.ActiveCfg = Release|Any CPU
		{00C35283-AF89-48A4-8035-8270D5302CE5}.Release|Mixed Platforms.Build.0 = Release|Any CPU
		{00C35283-AF89-48A4-8035-8270D5302CE5}.Release|Win32.ActiveCfg = Release|Any CPU
		{00C35283-AF89-48A4-8035-8270D5302CE5}.Release|Win32.Build.0 = Release|Any CPU
		{00C35283-AF89-48A4-8035-8270D5302CE5}.Release|x64.ActiveCfg = Release|Any CPU
		{00C35283-AF89-48A4-8035-8270D5302CE5}.Release|x64.Build.0 = Release|Any CPU
		{00C35283-AF89-48A4-8035-8270D5302CE5}.Release|x86.ActiveCfg = Release|Any CPU
		{00C35283-AF89-48A4-8035-8270D5302CE5}.Release|x86.Build.0 = Release|Any CPU
		{195A7D49-9E70-4D99-B55D-EA15C4DA2B62}.Debug|Any CPU.ActiveCfg = Debug|Any CPU
		{195A7D49-9E70-4D99-B55D-EA15C4DA2B62}.Debug|Any CPU.Build.0 = Debug|Any CPU
		{195A7D49-9E70-4D99-B55D-EA15C4DA2B62}.Debug|Mixed Platforms.ActiveCfg = Debug|Any CPU
		{195A7D49-9E70-4D99-B55D-EA15C4DA2B62}.Debug|Mixed Platforms.Build.0 = Debug|Any CPU
		{195A7D49-9E70-4D99-B55D-EA15C4DA2B62}.Debug|Win32.ActiveCfg = Debug|Any CPU
		{195A7D49-9E70-4D99-B55D-EA15C4DA2B62}.Debug|Win32.Build.0 = Debug|Any CPU
		{195A7D49-9E70-4D99-B55D-EA15C4DA2B62}.Debug|x64.ActiveCfg = Debug|Any CPU
		{195A7D49-9E70-4D99-B55D-EA15C4DA2B62}.Debug|x64.Build.0 = Debug|Any CPU
		{195A7D49-9E70-4D99-B55D-EA15C4DA2B62}.Debug|x86.ActiveCfg = Debug|Any CPU
		{195A7D49-9E70-4D99-B55D-EA15C4DA2B62}.Debug|x86.Build.0 = Debug|Any CPU
		{195A7D49-9E70-4D99-B55D-EA15C4DA2B62}.Pkg|Any CPU.ActiveCfg = Release|Any CPU
		{195A7D49-9E70-4D99-B55D-EA15C4DA2B62}.Pkg|Any CPU.Build.0 = Release|Any CPU
		{195A7D49-9E70-4D99-B55D-EA15C4DA2B62}.Pkg|Mixed Platforms.ActiveCfg = Release|Any CPU
		{195A7D49-9E70-4D99-B55D-EA15C4DA2B62}.Pkg|Mixed Platforms.Build.0 = Release|Any CPU
		{195A7D49-9E70-4D99-B55D-EA15C4DA2B62}.Pkg|Win32.ActiveCfg = Release|Any CPU
		{195A7D49-9E70-4D99-B55D-EA15C4DA2B62}.Pkg|Win32.Build.0 = Release|Any CPU
		{195A7D49-9E70-4D99-B55D-EA15C4DA2B62}.Pkg|x64.ActiveCfg = Release|Any CPU
		{195A7D49-9E70-4D99-B55D-EA15C4DA2B62}.Pkg|x64.Build.0 = Release|Any CPU
		{195A7D49-9E70-4D99-B55D-EA15C4DA2B62}.Pkg|x86.ActiveCfg = Release|Any CPU
		{195A7D49-9E70-4D99-B55D-EA15C4DA2B62}.Pkg|x86.Build.0 = Release|Any CPU
		{195A7D49-9E70-4D99-B55D-EA15C4DA2B62}.Release|Any CPU.ActiveCfg = Release|Any CPU
		{195A7D49-9E70-4D99-B55D-EA15C4DA2B62}.Release|Any CPU.Build.0 = Release|Any CPU
		{195A7D49-9E70-4D99-B55D-EA15C4DA2B62}.Release|Mixed Platforms.ActiveCfg = Release|Any CPU
		{195A7D49-9E70-4D99-B55D-EA15C4DA2B62}.Release|Mixed Platforms.Build.0 = Release|Any CPU
		{195A7D49-9E70-4D99-B55D-EA15C4DA2B62}.Release|Win32.ActiveCfg = Release|Any CPU
		{195A7D49-9E70-4D99-B55D-EA15C4DA2B62}.Release|Win32.Build.0 = Release|Any CPU
		{195A7D49-9E70-4D99-B55D-EA15C4DA2B62}.Release|x64.ActiveCfg = Release|Any CPU
		{195A7D49-9E70-4D99-B55D-EA15C4DA2B62}.Release|x64.Build.0 = Release|Any CPU
		{195A7D49-9E70-4D99-B55D-EA15C4DA2B62}.Release|x86.ActiveCfg = Release|Any CPU
		{195A7D49-9E70-4D99-B55D-EA15C4DA2B62}.Release|x86.Build.0 = Release|Any CPU
		{CC5DF72F-E8E4-4341-A653-8DCEE8DBE3BA}.Debug|Any CPU.ActiveCfg = Debug|Any CPU
		{CC5DF72F-E8E4-4341-A653-8DCEE8DBE3BA}.Debug|Any CPU.Build.0 = Debug|Any CPU
		{CC5DF72F-E8E4-4341-A653-8DCEE8DBE3BA}.Debug|Mixed Platforms.ActiveCfg = Debug|Any CPU
		{CC5DF72F-E8E4-4341-A653-8DCEE8DBE3BA}.Debug|Mixed Platforms.Build.0 = Debug|Any CPU
		{CC5DF72F-E8E4-4341-A653-8DCEE8DBE3BA}.Debug|Win32.ActiveCfg = Debug|Any CPU
		{CC5DF72F-E8E4-4341-A653-8DCEE8DBE3BA}.Debug|Win32.Build.0 = Debug|Any CPU
		{CC5DF72F-E8E4-4341-A653-8DCEE8DBE3BA}.Debug|x64.ActiveCfg = Debug|Any CPU
		{CC5DF72F-E8E4-4341-A653-8DCEE8DBE3BA}.Debug|x64.Build.0 = Debug|Any CPU
		{CC5DF72F-E8E4-4341-A653-8DCEE8DBE3BA}.Debug|x86.ActiveCfg = Debug|Any CPU
		{CC5DF72F-E8E4-4341-A653-8DCEE8DBE3BA}.Debug|x86.Build.0 = Debug|Any CPU
		{CC5DF72F-E8E4-4341-A653-8DCEE8DBE3BA}.Pkg|Any CPU.ActiveCfg = Release|Any CPU
		{CC5DF72F-E8E4-4341-A653-8DCEE8DBE3BA}.Pkg|Any CPU.Build.0 = Release|Any CPU
		{CC5DF72F-E8E4-4341-A653-8DCEE8DBE3BA}.Pkg|Mixed Platforms.ActiveCfg = Release|Any CPU
		{CC5DF72F-E8E4-4341-A653-8DCEE8DBE3BA}.Pkg|Mixed Platforms.Build.0 = Release|Any CPU
		{CC5DF72F-E8E4-4341-A653-8DCEE8DBE3BA}.Pkg|Win32.ActiveCfg = Release|Any CPU
		{CC5DF72F-E8E4-4341-A653-8DCEE8DBE3BA}.Pkg|Win32.Build.0 = Release|Any CPU
		{CC5DF72F-E8E4-4341-A653-8DCEE8DBE3BA}.Pkg|x64.ActiveCfg = Release|Any CPU
		{CC5DF72F-E8E4-4341-A653-8DCEE8DBE3BA}.Pkg|x64.Build.0 = Release|Any CPU
		{CC5DF72F-E8E4-4341-A653-8DCEE8DBE3BA}.Pkg|x86.ActiveCfg = Release|Any CPU
		{CC5DF72F-E8E4-4341-A653-8DCEE8DBE3BA}.Pkg|x86.Build.0 = Release|Any CPU
		{CC5DF72F-E8E4-4341-A653-8DCEE8DBE3BA}.Release|Any CPU.ActiveCfg = Release|Any CPU
		{CC5DF72F-E8E4-4341-A653-8DCEE8DBE3BA}.Release|Any CPU.Build.0 = Release|Any CPU
		{CC5DF72F-E8E4-4341-A653-8DCEE8DBE3BA}.Release|Mixed Platforms.ActiveCfg = Release|Any CPU
		{CC5DF72F-E8E4-4341-A653-8DCEE8DBE3BA}.Release|Mixed Platforms.Build.0 = Release|Any CPU
		{CC5DF72F-E8E4-4341-A653-8DCEE8DBE3BA}.Release|Win32.ActiveCfg = Release|Any CPU
		{CC5DF72F-E8E4-4341-A653-8DCEE8DBE3BA}.Release|Win32.Build.0 = Release|Any CPU
		{CC5DF72F-E8E4-4341-A653-8DCEE8DBE3BA}.Release|x64.ActiveCfg = Release|Any CPU
		{CC5DF72F-E8E4-4341-A653-8DCEE8DBE3BA}.Release|x64.Build.0 = Release|Any CPU
		{CC5DF72F-E8E4-4341-A653-8DCEE8DBE3BA}.Release|x86.ActiveCfg = Release|Any CPU
		{CC5DF72F-E8E4-4341-A653-8DCEE8DBE3BA}.Release|x86.Build.0 = Release|Any CPU
		{924EDBC5-1492-4574-97E9-A1D85635AA1C}.Debug|Any CPU.ActiveCfg = Debug|Any CPU
		{924EDBC5-1492-4574-97E9-A1D85635AA1C}.Debug|Any CPU.Build.0 = Debug|Any CPU
		{924EDBC5-1492-4574-97E9-A1D85635AA1C}.Debug|Mixed Platforms.ActiveCfg = Debug|Any CPU
		{924EDBC5-1492-4574-97E9-A1D85635AA1C}.Debug|Mixed Platforms.Build.0 = Debug|Any CPU
		{924EDBC5-1492-4574-97E9-A1D85635AA1C}.Debug|Win32.ActiveCfg = Debug|Any CPU
		{924EDBC5-1492-4574-97E9-A1D85635AA1C}.Debug|Win32.Build.0 = Debug|Any CPU
		{924EDBC5-1492-4574-97E9-A1D85635AA1C}.Debug|x64.ActiveCfg = Debug|Any CPU
		{924EDBC5-1492-4574-97E9-A1D85635AA1C}.Debug|x64.Build.0 = Debug|Any CPU
		{924EDBC5-1492-4574-97E9-A1D85635AA1C}.Debug|x86.ActiveCfg = Debug|Any CPU
		{924EDBC5-1492-4574-97E9-A1D85635AA1C}.Debug|x86.Build.0 = Debug|Any CPU
		{924EDBC5-1492-4574-97E9-A1D85635AA1C}.Pkg|Any CPU.ActiveCfg = Release|Any CPU
		{924EDBC5-1492-4574-97E9-A1D85635AA1C}.Pkg|Any CPU.Build.0 = Release|Any CPU
		{924EDBC5-1492-4574-97E9-A1D85635AA1C}.Pkg|Mixed Platforms.ActiveCfg = Release|Any CPU
		{924EDBC5-1492-4574-97E9-A1D85635AA1C}.Pkg|Mixed Platforms.Build.0 = Release|Any CPU
		{924EDBC5-1492-4574-97E9-A1D85635AA1C}.Pkg|Win32.ActiveCfg = Release|Any CPU
		{924EDBC5-1492-4574-97E9-A1D85635AA1C}.Pkg|Win32.Build.0 = Release|Any CPU
		{924EDBC5-1492-4574-97E9-A1D85635AA1C}.Pkg|x64.ActiveCfg = Release|Any CPU
		{924EDBC5-1492-4574-97E9-A1D85635AA1C}.Pkg|x64.Build.0 = Release|Any CPU
		{924EDBC5-1492-4574-97E9-A1D85635AA1C}.Pkg|x86.ActiveCfg = Release|Any CPU
		{924EDBC5-1492-4574-97E9-A1D85635AA1C}.Pkg|x86.Build.0 = Release|Any CPU
		{924EDBC5-1492-4574-97E9-A1D85635AA1C}.Release|Any CPU.ActiveCfg = Release|Any CPU
		{924EDBC5-1492-4574-97E9-A1D85635AA1C}.Release|Any CPU.Build.0 = Release|Any CPU
		{924EDBC5-1492-4574-97E9-A1D85635AA1C}.Release|Mixed Platforms.ActiveCfg = Release|Any CPU
		{924EDBC5-1492-4574-97E9-A1D85635AA1C}.Release|Mixed Platforms.Build.0 = Release|Any CPU
		{924EDBC5-1492-4574-97E9-A1D85635AA1C}.Release|Win32.ActiveCfg = Release|Any CPU
		{924EDBC5-1492-4574-97E9-A1D85635AA1C}.Release|Win32.Build.0 = Release|Any CPU
		{924EDBC5-1492-4574-97E9-A1D85635AA1C}.Release|x64.ActiveCfg = Release|Any CPU
		{924EDBC5-1492-4574-97E9-A1D85635AA1C}.Release|x64.Build.0 = Release|Any CPU
		{924EDBC5-1492-4574-97E9-A1D85635AA1C}.Release|x86.ActiveCfg = Release|Any CPU
		{924EDBC5-1492-4574-97E9-A1D85635AA1C}.Release|x86.Build.0 = Release|Any CPU
		{BF24172C-6472-4059-860F-46F7A9FC78DF}.Debug|Any CPU.ActiveCfg = Debug|Any CPU
		{BF24172C-6472-4059-860F-46F7A9FC78DF}.Debug|Any CPU.Build.0 = Debug|Any CPU
		{BF24172C-6472-4059-860F-46F7A9FC78DF}.Debug|Mixed Platforms.ActiveCfg = Debug|Any CPU
		{BF24172C-6472-4059-860F-46F7A9FC78DF}.Debug|Mixed Platforms.Build.0 = Debug|Any CPU
		{BF24172C-6472-4059-860F-46F7A9FC78DF}.Debug|Win32.ActiveCfg = Debug|Any CPU
		{BF24172C-6472-4059-860F-46F7A9FC78DF}.Debug|Win32.Build.0 = Debug|Any CPU
		{BF24172C-6472-4059-860F-46F7A9FC78DF}.Debug|x64.ActiveCfg = Debug|Any CPU
		{BF24172C-6472-4059-860F-46F7A9FC78DF}.Debug|x64.Build.0 = Debug|Any CPU
		{BF24172C-6472-4059-860F-46F7A9FC78DF}.Debug|x86.ActiveCfg = Debug|Any CPU
		{BF24172C-6472-4059-860F-46F7A9FC78DF}.Debug|x86.Build.0 = Debug|Any CPU
		{BF24172C-6472-4059-860F-46F7A9FC78DF}.Pkg|Any CPU.ActiveCfg = Release|Any CPU
		{BF24172C-6472-4059-860F-46F7A9FC78DF}.Pkg|Any CPU.Build.0 = Release|Any CPU
		{BF24172C-6472-4059-860F-46F7A9FC78DF}.Pkg|Mixed Platforms.ActiveCfg = Release|Any CPU
		{BF24172C-6472-4059-860F-46F7A9FC78DF}.Pkg|Mixed Platforms.Build.0 = Release|Any CPU
		{BF24172C-6472-4059-860F-46F7A9FC78DF}.Pkg|Win32.ActiveCfg = Release|Any CPU
		{BF24172C-6472-4059-860F-46F7A9FC78DF}.Pkg|Win32.Build.0 = Release|Any CPU
		{BF24172C-6472-4059-860F-46F7A9FC78DF}.Pkg|x64.ActiveCfg = Release|Any CPU
		{BF24172C-6472-4059-860F-46F7A9FC78DF}.Pkg|x64.Build.0 = Release|Any CPU
		{BF24172C-6472-4059-860F-46F7A9FC78DF}.Pkg|x86.ActiveCfg = Release|Any CPU
		{BF24172C-6472-4059-860F-46F7A9FC78DF}.Pkg|x86.Build.0 = Release|Any CPU
		{BF24172C-6472-4059-860F-46F7A9FC78DF}.Release|Any CPU.ActiveCfg = Release|Any CPU
		{BF24172C-6472-4059-860F-46F7A9FC78DF}.Release|Any CPU.Build.0 = Release|Any CPU
		{BF24172C-6472-4059-860F-46F7A9FC78DF}.Release|Mixed Platforms.ActiveCfg = Release|Any CPU
		{BF24172C-6472-4059-860F-46F7A9FC78DF}.Release|Mixed Platforms.Build.0 = Release|Any CPU
		{BF24172C-6472-4059-860F-46F7A9FC78DF}.Release|Win32.ActiveCfg = Release|Any CPU
		{BF24172C-6472-4059-860F-46F7A9FC78DF}.Release|Win32.Build.0 = Release|Any CPU
		{BF24172C-6472-4059-860F-46F7A9FC78DF}.Release|x64.ActiveCfg = Release|Any CPU
		{BF24172C-6472-4059-860F-46F7A9FC78DF}.Release|x64.Build.0 = Release|Any CPU
		{BF24172C-6472-4059-860F-46F7A9FC78DF}.Release|x86.ActiveCfg = Release|Any CPU
		{BF24172C-6472-4059-860F-46F7A9FC78DF}.Release|x86.Build.0 = Release|Any CPU
		{3BB71C0A-B6AD-4E55-B49D-417BC2DA7D39}.Debug|Any CPU.ActiveCfg = Debug|Any CPU
		{3BB71C0A-B6AD-4E55-B49D-417BC2DA7D39}.Debug|Any CPU.Build.0 = Debug|Any CPU
		{3BB71C0A-B6AD-4E55-B49D-417BC2DA7D39}.Debug|Mixed Platforms.ActiveCfg = Debug|Any CPU
		{3BB71C0A-B6AD-4E55-B49D-417BC2DA7D39}.Debug|Mixed Platforms.Build.0 = Debug|Any CPU
		{3BB71C0A-B6AD-4E55-B49D-417BC2DA7D39}.Debug|Win32.ActiveCfg = Debug|Any CPU
		{3BB71C0A-B6AD-4E55-B49D-417BC2DA7D39}.Debug|Win32.Build.0 = Debug|Any CPU
		{3BB71C0A-B6AD-4E55-B49D-417BC2DA7D39}.Debug|x64.ActiveCfg = Debug|Any CPU
		{3BB71C0A-B6AD-4E55-B49D-417BC2DA7D39}.Debug|x64.Build.0 = Debug|Any CPU
		{3BB71C0A-B6AD-4E55-B49D-417BC2DA7D39}.Debug|x86.ActiveCfg = Debug|Any CPU
		{3BB71C0A-B6AD-4E55-B49D-417BC2DA7D39}.Debug|x86.Build.0 = Debug|Any CPU
		{3BB71C0A-B6AD-4E55-B49D-417BC2DA7D39}.Pkg|Any CPU.ActiveCfg = Release|Any CPU
		{3BB71C0A-B6AD-4E55-B49D-417BC2DA7D39}.Pkg|Any CPU.Build.0 = Release|Any CPU
		{3BB71C0A-B6AD-4E55-B49D-417BC2DA7D39}.Pkg|Mixed Platforms.ActiveCfg = Release|Any CPU
		{3BB71C0A-B6AD-4E55-B49D-417BC2DA7D39}.Pkg|Mixed Platforms.Build.0 = Release|Any CPU
		{3BB71C0A-B6AD-4E55-B49D-417BC2DA7D39}.Pkg|Win32.ActiveCfg = Release|Any CPU
		{3BB71C0A-B6AD-4E55-B49D-417BC2DA7D39}.Pkg|Win32.Build.0 = Release|Any CPU
		{3BB71C0A-B6AD-4E55-B49D-417BC2DA7D39}.Pkg|x64.ActiveCfg = Release|Any CPU
		{3BB71C0A-B6AD-4E55-B49D-417BC2DA7D39}.Pkg|x64.Build.0 = Release|Any CPU
		{3BB71C0A-B6AD-4E55-B49D-417BC2DA7D39}.Pkg|x86.ActiveCfg = Release|Any CPU
		{3BB71C0A-B6AD-4E55-B49D-417BC2DA7D39}.Pkg|x86.Build.0 = Release|Any CPU
		{3BB71C0A-B6AD-4E55-B49D-417BC2DA7D39}.Release|Any CPU.ActiveCfg = Release|Any CPU
		{3BB71C0A-B6AD-4E55-B49D-417BC2DA7D39}.Release|Any CPU.Build.0 = Release|Any CPU
		{3BB71C0A-B6AD-4E55-B49D-417BC2DA7D39}.Release|Mixed Platforms.ActiveCfg = Release|Any CPU
		{3BB71C0A-B6AD-4E55-B49D-417BC2DA7D39}.Release|Mixed Platforms.Build.0 = Release|Any CPU
		{3BB71C0A-B6AD-4E55-B49D-417BC2DA7D39}.Release|Win32.ActiveCfg = Release|Any CPU
		{3BB71C0A-B6AD-4E55-B49D-417BC2DA7D39}.Release|Win32.Build.0 = Release|Any CPU
		{3BB71C0A-B6AD-4E55-B49D-417BC2DA7D39}.Release|x64.ActiveCfg = Release|Any CPU
		{3BB71C0A-B6AD-4E55-B49D-417BC2DA7D39}.Release|x64.Build.0 = Release|Any CPU
		{3BB71C0A-B6AD-4E55-B49D-417BC2DA7D39}.Release|x86.ActiveCfg = Release|Any CPU
		{3BB71C0A-B6AD-4E55-B49D-417BC2DA7D39}.Release|x86.Build.0 = Release|Any CPU
		{5B142ECB-4A49-427A-8086-B4E9C717D651}.Debug|Any CPU.ActiveCfg = Debug|Any CPU
		{5B142ECB-4A49-427A-8086-B4E9C717D651}.Debug|Any CPU.Build.0 = Debug|Any CPU
		{5B142ECB-4A49-427A-8086-B4E9C717D651}.Debug|Mixed Platforms.ActiveCfg = Debug|Any CPU
		{5B142ECB-4A49-427A-8086-B4E9C717D651}.Debug|Mixed Platforms.Build.0 = Debug|Any CPU
		{5B142ECB-4A49-427A-8086-B4E9C717D651}.Debug|Win32.ActiveCfg = Debug|Any CPU
		{5B142ECB-4A49-427A-8086-B4E9C717D651}.Debug|Win32.Build.0 = Debug|Any CPU
		{5B142ECB-4A49-427A-8086-B4E9C717D651}.Debug|x64.ActiveCfg = Debug|Any CPU
		{5B142ECB-4A49-427A-8086-B4E9C717D651}.Debug|x64.Build.0 = Debug|Any CPU
		{5B142ECB-4A49-427A-8086-B4E9C717D651}.Debug|x86.ActiveCfg = Debug|Any CPU
		{5B142ECB-4A49-427A-8086-B4E9C717D651}.Debug|x86.Build.0 = Debug|Any CPU
		{5B142ECB-4A49-427A-8086-B4E9C717D651}.Pkg|Any CPU.ActiveCfg = Release|Any CPU
		{5B142ECB-4A49-427A-8086-B4E9C717D651}.Pkg|Any CPU.Build.0 = Release|Any CPU
		{5B142ECB-4A49-427A-8086-B4E9C717D651}.Pkg|Mixed Platforms.ActiveCfg = Release|Any CPU
		{5B142ECB-4A49-427A-8086-B4E9C717D651}.Pkg|Mixed Platforms.Build.0 = Release|Any CPU
		{5B142ECB-4A49-427A-8086-B4E9C717D651}.Pkg|Win32.ActiveCfg = Release|Any CPU
		{5B142ECB-4A49-427A-8086-B4E9C717D651}.Pkg|Win32.Build.0 = Release|Any CPU
		{5B142ECB-4A49-427A-8086-B4E9C717D651}.Pkg|x64.ActiveCfg = Release|Any CPU
		{5B142ECB-4A49-427A-8086-B4E9C717D651}.Pkg|x64.Build.0 = Release|Any CPU
		{5B142ECB-4A49-427A-8086-B4E9C717D651}.Pkg|x86.ActiveCfg = Release|Any CPU
		{5B142ECB-4A49-427A-8086-B4E9C717D651}.Pkg|x86.Build.0 = Release|Any CPU
		{5B142ECB-4A49-427A-8086-B4E9C717D651}.Release|Any CPU.ActiveCfg = Release|Any CPU
		{5B142ECB-4A49-427A-8086-B4E9C717D651}.Release|Any CPU.Build.0 = Release|Any CPU
		{5B142ECB-4A49-427A-8086-B4E9C717D651}.Release|Mixed Platforms.ActiveCfg = Release|Any CPU
		{5B142ECB-4A49-427A-8086-B4E9C717D651}.Release|Mixed Platforms.Build.0 = Release|Any CPU
		{5B142ECB-4A49-427A-8086-B4E9C717D651}.Release|Win32.ActiveCfg = Release|Any CPU
		{5B142ECB-4A49-427A-8086-B4E9C717D651}.Release|Win32.Build.0 = Release|Any CPU
		{5B142ECB-4A49-427A-8086-B4E9C717D651}.Release|x64.ActiveCfg = Release|Any CPU
		{5B142ECB-4A49-427A-8086-B4E9C717D651}.Release|x64.Build.0 = Release|Any CPU
		{5B142ECB-4A49-427A-8086-B4E9C717D651}.Release|x86.ActiveCfg = Release|Any CPU
		{5B142ECB-4A49-427A-8086-B4E9C717D651}.Release|x86.Build.0 = Release|Any CPU
		{CDEDB730-8404-4D03-8926-36A543F26FBE}.Debug|Any CPU.ActiveCfg = Debug|Any CPU
		{CDEDB730-8404-4D03-8926-36A543F26FBE}.Debug|Any CPU.Build.0 = Debug|Any CPU
		{CDEDB730-8404-4D03-8926-36A543F26FBE}.Debug|Mixed Platforms.ActiveCfg = Debug|Any CPU
		{CDEDB730-8404-4D03-8926-36A543F26FBE}.Debug|Mixed Platforms.Build.0 = Debug|Any CPU
		{CDEDB730-8404-4D03-8926-36A543F26FBE}.Debug|Win32.ActiveCfg = Debug|Any CPU
		{CDEDB730-8404-4D03-8926-36A543F26FBE}.Debug|Win32.Build.0 = Debug|Any CPU
		{CDEDB730-8404-4D03-8926-36A543F26FBE}.Debug|x64.ActiveCfg = Debug|Any CPU
		{CDEDB730-8404-4D03-8926-36A543F26FBE}.Debug|x64.Build.0 = Debug|Any CPU
		{CDEDB730-8404-4D03-8926-36A543F26FBE}.Debug|x86.ActiveCfg = Debug|Any CPU
		{CDEDB730-8404-4D03-8926-36A543F26FBE}.Debug|x86.Build.0 = Debug|Any CPU
		{CDEDB730-8404-4D03-8926-36A543F26FBE}.Pkg|Any CPU.ActiveCfg = Release|Any CPU
		{CDEDB730-8404-4D03-8926-36A543F26FBE}.Pkg|Any CPU.Build.0 = Release|Any CPU
		{CDEDB730-8404-4D03-8926-36A543F26FBE}.Pkg|Mixed Platforms.ActiveCfg = Release|Any CPU
		{CDEDB730-8404-4D03-8926-36A543F26FBE}.Pkg|Mixed Platforms.Build.0 = Release|Any CPU
		{CDEDB730-8404-4D03-8926-36A543F26FBE}.Pkg|Win32.ActiveCfg = Release|Any CPU
		{CDEDB730-8404-4D03-8926-36A543F26FBE}.Pkg|Win32.Build.0 = Release|Any CPU
		{CDEDB730-8404-4D03-8926-36A543F26FBE}.Pkg|x64.ActiveCfg = Release|Any CPU
		{CDEDB730-8404-4D03-8926-36A543F26FBE}.Pkg|x64.Build.0 = Release|Any CPU
		{CDEDB730-8404-4D03-8926-36A543F26FBE}.Pkg|x86.ActiveCfg = Release|Any CPU
		{CDEDB730-8404-4D03-8926-36A543F26FBE}.Pkg|x86.Build.0 = Release|Any CPU
		{CDEDB730-8404-4D03-8926-36A543F26FBE}.Release|Any CPU.ActiveCfg = Release|Any CPU
		{CDEDB730-8404-4D03-8926-36A543F26FBE}.Release|Any CPU.Build.0 = Release|Any CPU
		{CDEDB730-8404-4D03-8926-36A543F26FBE}.Release|Mixed Platforms.ActiveCfg = Release|Any CPU
		{CDEDB730-8404-4D03-8926-36A543F26FBE}.Release|Mixed Platforms.Build.0 = Release|Any CPU
		{CDEDB730-8404-4D03-8926-36A543F26FBE}.Release|Win32.ActiveCfg = Release|Any CPU
		{CDEDB730-8404-4D03-8926-36A543F26FBE}.Release|Win32.Build.0 = Release|Any CPU
		{CDEDB730-8404-4D03-8926-36A543F26FBE}.Release|x64.ActiveCfg = Release|Any CPU
		{CDEDB730-8404-4D03-8926-36A543F26FBE}.Release|x64.Build.0 = Release|Any CPU
		{CDEDB730-8404-4D03-8926-36A543F26FBE}.Release|x86.ActiveCfg = Release|Any CPU
		{CDEDB730-8404-4D03-8926-36A543F26FBE}.Release|x86.Build.0 = Release|Any CPU
		{05EACDC7-C907-4BE5-AE1E-5ACD905DFDCB}.Debug|Any CPU.ActiveCfg = Debug|Any CPU
		{05EACDC7-C907-4BE5-AE1E-5ACD905DFDCB}.Debug|Any CPU.Build.0 = Debug|Any CPU
		{05EACDC7-C907-4BE5-AE1E-5ACD905DFDCB}.Debug|Mixed Platforms.ActiveCfg = Debug|Any CPU
		{05EACDC7-C907-4BE5-AE1E-5ACD905DFDCB}.Debug|Mixed Platforms.Build.0 = Debug|Any CPU
		{05EACDC7-C907-4BE5-AE1E-5ACD905DFDCB}.Debug|Win32.ActiveCfg = Debug|Any CPU
		{05EACDC7-C907-4BE5-AE1E-5ACD905DFDCB}.Debug|Win32.Build.0 = Debug|Any CPU
		{05EACDC7-C907-4BE5-AE1E-5ACD905DFDCB}.Debug|x64.ActiveCfg = Debug|Any CPU
		{05EACDC7-C907-4BE5-AE1E-5ACD905DFDCB}.Debug|x64.Build.0 = Debug|Any CPU
		{05EACDC7-C907-4BE5-AE1E-5ACD905DFDCB}.Debug|x86.ActiveCfg = Debug|Any CPU
		{05EACDC7-C907-4BE5-AE1E-5ACD905DFDCB}.Debug|x86.Build.0 = Debug|Any CPU
		{05EACDC7-C907-4BE5-AE1E-5ACD905DFDCB}.Pkg|Any CPU.ActiveCfg = Release|Any CPU
		{05EACDC7-C907-4BE5-AE1E-5ACD905DFDCB}.Pkg|Any CPU.Build.0 = Release|Any CPU
		{05EACDC7-C907-4BE5-AE1E-5ACD905DFDCB}.Pkg|Mixed Platforms.ActiveCfg = Release|Any CPU
		{05EACDC7-C907-4BE5-AE1E-5ACD905DFDCB}.Pkg|Mixed Platforms.Build.0 = Release|Any CPU
		{05EACDC7-C907-4BE5-AE1E-5ACD905DFDCB}.Pkg|Win32.ActiveCfg = Release|Any CPU
		{05EACDC7-C907-4BE5-AE1E-5ACD905DFDCB}.Pkg|Win32.Build.0 = Release|Any CPU
		{05EACDC7-C907-4BE5-AE1E-5ACD905DFDCB}.Pkg|x64.ActiveCfg = Release|Any CPU
		{05EACDC7-C907-4BE5-AE1E-5ACD905DFDCB}.Pkg|x64.Build.0 = Release|Any CPU
		{05EACDC7-C907-4BE5-AE1E-5ACD905DFDCB}.Pkg|x86.ActiveCfg = Release|Any CPU
		{05EACDC7-C907-4BE5-AE1E-5ACD905DFDCB}.Pkg|x86.Build.0 = Release|Any CPU
		{05EACDC7-C907-4BE5-AE1E-5ACD905DFDCB}.Release|Any CPU.ActiveCfg = Release|Any CPU
		{05EACDC7-C907-4BE5-AE1E-5ACD905DFDCB}.Release|Any CPU.Build.0 = Release|Any CPU
		{05EACDC7-C907-4BE5-AE1E-5ACD905DFDCB}.Release|Mixed Platforms.ActiveCfg = Release|Any CPU
		{05EACDC7-C907-4BE5-AE1E-5ACD905DFDCB}.Release|Mixed Platforms.Build.0 = Release|Any CPU
		{05EACDC7-C907-4BE5-AE1E-5ACD905DFDCB}.Release|Win32.ActiveCfg = Release|Any CPU
		{05EACDC7-C907-4BE5-AE1E-5ACD905DFDCB}.Release|Win32.Build.0 = Release|Any CPU
		{05EACDC7-C907-4BE5-AE1E-5ACD905DFDCB}.Release|x64.ActiveCfg = Release|Any CPU
		{05EACDC7-C907-4BE5-AE1E-5ACD905DFDCB}.Release|x64.Build.0 = Release|Any CPU
		{05EACDC7-C907-4BE5-AE1E-5ACD905DFDCB}.Release|x86.ActiveCfg = Release|Any CPU
		{05EACDC7-C907-4BE5-AE1E-5ACD905DFDCB}.Release|x86.Build.0 = Release|Any CPU
		{5BC9B3AA-96DF-4E29-B5B7-961D28AF76B3}.Debug|Any CPU.ActiveCfg = Debug|Any CPU
		{5BC9B3AA-96DF-4E29-B5B7-961D28AF76B3}.Debug|Any CPU.Build.0 = Debug|Any CPU
		{5BC9B3AA-96DF-4E29-B5B7-961D28AF76B3}.Debug|Mixed Platforms.ActiveCfg = Debug|Any CPU
		{5BC9B3AA-96DF-4E29-B5B7-961D28AF76B3}.Debug|Mixed Platforms.Build.0 = Debug|Any CPU
		{5BC9B3AA-96DF-4E29-B5B7-961D28AF76B3}.Debug|Win32.ActiveCfg = Debug|Any CPU
		{5BC9B3AA-96DF-4E29-B5B7-961D28AF76B3}.Debug|Win32.Build.0 = Debug|Any CPU
		{5BC9B3AA-96DF-4E29-B5B7-961D28AF76B3}.Debug|x64.ActiveCfg = Debug|Any CPU
		{5BC9B3AA-96DF-4E29-B5B7-961D28AF76B3}.Debug|x64.Build.0 = Debug|Any CPU
		{5BC9B3AA-96DF-4E29-B5B7-961D28AF76B3}.Debug|x86.ActiveCfg = Debug|Any CPU
		{5BC9B3AA-96DF-4E29-B5B7-961D28AF76B3}.Debug|x86.Build.0 = Debug|Any CPU
		{5BC9B3AA-96DF-4E29-B5B7-961D28AF76B3}.Pkg|Any CPU.ActiveCfg = Release|Any CPU
		{5BC9B3AA-96DF-4E29-B5B7-961D28AF76B3}.Pkg|Any CPU.Build.0 = Release|Any CPU
		{5BC9B3AA-96DF-4E29-B5B7-961D28AF76B3}.Pkg|Mixed Platforms.ActiveCfg = Release|Any CPU
		{5BC9B3AA-96DF-4E29-B5B7-961D28AF76B3}.Pkg|Mixed Platforms.Build.0 = Release|Any CPU
		{5BC9B3AA-96DF-4E29-B5B7-961D28AF76B3}.Pkg|Win32.ActiveCfg = Release|Any CPU
		{5BC9B3AA-96DF-4E29-B5B7-961D28AF76B3}.Pkg|Win32.Build.0 = Release|Any CPU
		{5BC9B3AA-96DF-4E29-B5B7-961D28AF76B3}.Pkg|x64.ActiveCfg = Release|Any CPU
		{5BC9B3AA-96DF-4E29-B5B7-961D28AF76B3}.Pkg|x64.Build.0 = Release|Any CPU
		{5BC9B3AA-96DF-4E29-B5B7-961D28AF76B3}.Pkg|x86.ActiveCfg = Release|Any CPU
		{5BC9B3AA-96DF-4E29-B5B7-961D28AF76B3}.Pkg|x86.Build.0 = Release|Any CPU
		{5BC9B3AA-96DF-4E29-B5B7-961D28AF76B3}.Release|Any CPU.ActiveCfg = Release|Any CPU
		{5BC9B3AA-96DF-4E29-B5B7-961D28AF76B3}.Release|Any CPU.Build.0 = Release|Any CPU
		{5BC9B3AA-96DF-4E29-B5B7-961D28AF76B3}.Release|Mixed Platforms.ActiveCfg = Release|Any CPU
		{5BC9B3AA-96DF-4E29-B5B7-961D28AF76B3}.Release|Mixed Platforms.Build.0 = Release|Any CPU
		{5BC9B3AA-96DF-4E29-B5B7-961D28AF76B3}.Release|Win32.ActiveCfg = Release|Any CPU
		{5BC9B3AA-96DF-4E29-B5B7-961D28AF76B3}.Release|Win32.Build.0 = Release|Any CPU
		{5BC9B3AA-96DF-4E29-B5B7-961D28AF76B3}.Release|x64.ActiveCfg = Release|Any CPU
		{5BC9B3AA-96DF-4E29-B5B7-961D28AF76B3}.Release|x64.Build.0 = Release|Any CPU
		{5BC9B3AA-96DF-4E29-B5B7-961D28AF76B3}.Release|x86.ActiveCfg = Release|Any CPU
		{5BC9B3AA-96DF-4E29-B5B7-961D28AF76B3}.Release|x86.Build.0 = Release|Any CPU
		{4667E45A-0EB2-40CF-B431-319D2960F469}.Debug|Any CPU.ActiveCfg = Debug|Any CPU
		{4667E45A-0EB2-40CF-B431-319D2960F469}.Debug|Any CPU.Build.0 = Debug|Any CPU
		{4667E45A-0EB2-40CF-B431-319D2960F469}.Debug|Mixed Platforms.ActiveCfg = Debug|Any CPU
		{4667E45A-0EB2-40CF-B431-319D2960F469}.Debug|Mixed Platforms.Build.0 = Debug|Any CPU
		{4667E45A-0EB2-40CF-B431-319D2960F469}.Debug|Win32.ActiveCfg = Debug|Any CPU
		{4667E45A-0EB2-40CF-B431-319D2960F469}.Debug|Win32.Build.0 = Debug|Any CPU
		{4667E45A-0EB2-40CF-B431-319D2960F469}.Debug|x64.ActiveCfg = Debug|Any CPU
		{4667E45A-0EB2-40CF-B431-319D2960F469}.Debug|x64.Build.0 = Debug|Any CPU
		{4667E45A-0EB2-40CF-B431-319D2960F469}.Debug|x86.ActiveCfg = Debug|Any CPU
		{4667E45A-0EB2-40CF-B431-319D2960F469}.Debug|x86.Build.0 = Debug|Any CPU
		{4667E45A-0EB2-40CF-B431-319D2960F469}.Pkg|Any CPU.ActiveCfg = Release|Any CPU
		{4667E45A-0EB2-40CF-B431-319D2960F469}.Pkg|Any CPU.Build.0 = Release|Any CPU
		{4667E45A-0EB2-40CF-B431-319D2960F469}.Pkg|Mixed Platforms.ActiveCfg = Release|Any CPU
		{4667E45A-0EB2-40CF-B431-319D2960F469}.Pkg|Mixed Platforms.Build.0 = Release|Any CPU
		{4667E45A-0EB2-40CF-B431-319D2960F469}.Pkg|Win32.ActiveCfg = Release|Any CPU
		{4667E45A-0EB2-40CF-B431-319D2960F469}.Pkg|Win32.Build.0 = Release|Any CPU
		{4667E45A-0EB2-40CF-B431-319D2960F469}.Pkg|x64.ActiveCfg = Release|Any CPU
		{4667E45A-0EB2-40CF-B431-319D2960F469}.Pkg|x64.Build.0 = Release|Any CPU
		{4667E45A-0EB2-40CF-B431-319D2960F469}.Pkg|x86.ActiveCfg = Release|Any CPU
		{4667E45A-0EB2-40CF-B431-319D2960F469}.Pkg|x86.Build.0 = Release|Any CPU
		{4667E45A-0EB2-40CF-B431-319D2960F469}.Release|Any CPU.ActiveCfg = Release|Any CPU
		{4667E45A-0EB2-40CF-B431-319D2960F469}.Release|Any CPU.Build.0 = Release|Any CPU
		{4667E45A-0EB2-40CF-B431-319D2960F469}.Release|Mixed Platforms.ActiveCfg = Release|Any CPU
		{4667E45A-0EB2-40CF-B431-319D2960F469}.Release|Mixed Platforms.Build.0 = Release|Any CPU
		{4667E45A-0EB2-40CF-B431-319D2960F469}.Release|Win32.ActiveCfg = Release|Any CPU
		{4667E45A-0EB2-40CF-B431-319D2960F469}.Release|Win32.Build.0 = Release|Any CPU
		{4667E45A-0EB2-40CF-B431-319D2960F469}.Release|x64.ActiveCfg = Release|Any CPU
		{4667E45A-0EB2-40CF-B431-319D2960F469}.Release|x64.Build.0 = Release|Any CPU
		{4667E45A-0EB2-40CF-B431-319D2960F469}.Release|x86.ActiveCfg = Release|Any CPU
		{4667E45A-0EB2-40CF-B431-319D2960F469}.Release|x86.Build.0 = Release|Any CPU
	EndGlobalSection
	GlobalSection(SolutionProperties) = preSolution
		HideSolutionNode = FALSE
	EndGlobalSection
	GlobalSection(NestedProjects) = preSolution
		{3C5DF49D-AE94-431C-85A5-7F5B71AC777F} = {D913E613-6FAB-4D9D-8206-7B58C0641295}
		{6ECA48DC-FDB4-4660-9914-3B74D5975FF9} = {BAF95A25-5D6A-47DF-9B74-0A30D33C073C}
		{349A1C91-CA14-4D04-946D-8B257A863CE0} = {77044E09-744B-454C-9C02-E7058ECB2851}
		{820AD70D-2461-42DE-8FD5-9AF7B9B444E4} = {DCD744E4-D218-4B3C-A1E1-4D7C33401CE8}
		{193F1DF6-F471-4164-B5BB-8752C306DF7B} = {D913E613-6FAB-4D9D-8206-7B58C0641295}
		{BB60D20C-259F-4FB3-9BA3-58E859BD712D} = {D913E613-6FAB-4D9D-8206-7B58C0641295}
		{F3AA72F2-7E33-4A99-A10D-110DEC5A8384} = {D913E613-6FAB-4D9D-8206-7B58C0641295}
		{47A161DD-D5D4-4E02-8161-9E311E50664E} = {D913E613-6FAB-4D9D-8206-7B58C0641295}
		{ABB95017-A946-4B8B-902C-69FE01E99720} = {D913E613-6FAB-4D9D-8206-7B58C0641295}
		{00C35283-AF89-48A4-8035-8270D5302CE5} = {D913E613-6FAB-4D9D-8206-7B58C0641295}
		{195A7D49-9E70-4D99-B55D-EA15C4DA2B62} = {D913E613-6FAB-4D9D-8206-7B58C0641295}
		{CC5DF72F-E8E4-4341-A653-8DCEE8DBE3BA} = {D913E613-6FAB-4D9D-8206-7B58C0641295}
		{924EDBC5-1492-4574-97E9-A1D85635AA1C} = {D913E613-6FAB-4D9D-8206-7B58C0641295}
		{BF24172C-6472-4059-860F-46F7A9FC78DF} = {D913E613-6FAB-4D9D-8206-7B58C0641295}
		{3BB71C0A-B6AD-4E55-B49D-417BC2DA7D39} = {1621F06D-ECEA-4C75-BAFC-702D50E0AC26}
		{5B142ECB-4A49-427A-8086-B4E9C717D651} = {D913E613-6FAB-4D9D-8206-7B58C0641295}
		{CDEDB730-8404-4D03-8926-36A543F26FBE} = {DCD744E4-D218-4B3C-A1E1-4D7C33401CE8}
		{05EACDC7-C907-4BE5-AE1E-5ACD905DFDCB} = {DCD744E4-D218-4B3C-A1E1-4D7C33401CE8}
		{5BC9B3AA-96DF-4E29-B5B7-961D28AF76B3} = {77044E09-744B-454C-9C02-E7058ECB2851}
		{4667E45A-0EB2-40CF-B431-319D2960F469} = {D913E613-6FAB-4D9D-8206-7B58C0641295}
	EndGlobalSection
	GlobalSection(ExtensibilityGlobals) = postSolution
		SolutionGuid = {F5CFF5DF-D475-4389-8A55-500295E3A426}
	EndGlobalSection
	GlobalSection(TestCaseManagementSettings) = postSolution
		CategoryFile = NoFuture.vsmdi
	EndGlobalSection
EndGlobal
