Microsoft Visual Studio Solution File, Format Version 12.00
# Visual Studio Version 17
VisualStudioVersion = 17.7.34031.279
MinimumVisualStudioVersion = 10.0.40219.1
Project("{2150E333-8FDC-42A3-9474-1A3956D46DE8}") = "_Tests", "_Tests", "{DCD744E4-D218-4B3C-A1E1-4D7C33401CE8}"
EndProject
Project("{2150E333-8FDC-42A3-9474-1A3956D46DE8}") = ".nuget", ".nuget", "{A18BF978-7283-4166-84C6-83D489F04169}"
	ProjectSection(SolutionItems) = preProject
		.nuget\NuGet.Config = .nuget\NuGet.Config
		.nuget\NuGet.exe = .nuget\NuGet.exe
		.nuget\NuGet.targets = .nuget\NuGet.targets
	EndProjectSection
EndProject
Project("{2150E333-8FDC-42A3-9474-1A3956D46DE8}") = "Rand", "Rand", "{D913E613-6FAB-4D9D-8206-7B58C0641295}"
EndProject
Project("{FAE04EC0-301F-11D3-BF4B-00C04F79EFBC}") = "Law", "NoFuture\Rand\Law\Law.csproj", "{4667E45A-0EB2-40CF-B431-319D2960F469}"
EndProject
Project("{FAE04EC0-301F-11D3-BF4B-00C04F79EFBC}") = "Law.Tests", "NoFuture.Tests\Rand\LawTests\Law.Tests.csproj", "{FA3739EA-5D75-46AA-B856-014DB3A5E017}"
EndProject
Project("{FAE04EC0-301F-11D3-BF4B-00C04F79EFBC}") = "Law.Contract", "NoFuture\Rand\Law\Contract\Law.Contract.csproj", "{4510E186-A2DE-46B4-A29C-C171EF17A690}"
EndProject
Project("{FAE04EC0-301F-11D3-BF4B-00C04F79EFBC}") = "Law.Criminal", "NoFuture\Rand\Law\Criminal\Law.Criminal.csproj", "{B034D93F-B140-40C0-A640-BBA4FB8B85E3}"
EndProject
Project("{FAE04EC0-301F-11D3-BF4B-00C04F79EFBC}") = "Law.Contract.Tests", "NoFuture.Tests\Rand\LawTests\ContractTests\Law.Contract.Tests.csproj", "{F074ECB5-6FE0-4AA7-B11D-92D23EEEB22A}"
EndProject
Project("{FAE04EC0-301F-11D3-BF4B-00C04F79EFBC}") = "Law.Criminal.Tests", "NoFuture.Tests\Rand\LawTests\CriminalTests\Law.Criminal.Tests.csproj", "{9EEB5AFE-106A-45E1-A587-CC4EB3AED2E8}"
EndProject
Project("{FAE04EC0-301F-11D3-BF4B-00C04F79EFBC}") = "Law.Tort", "NoFuture\Rand\Law\Tort\Law.Tort.csproj", "{E09B2CCE-C5BB-4760-8A42-BAB0B69EB3F1}"
EndProject
Project("{FAE04EC0-301F-11D3-BF4B-00C04F79EFBC}") = "Law.Tort.Tests", "NoFuture.Tests\Rand\LawTests\TortTests\Law.Tort.Tests.csproj", "{F354C3F5-7789-445B-9C9A-D6836B7EE170}"
EndProject
Project("{FAE04EC0-301F-11D3-BF4B-00C04F79EFBC}") = "Law.Property", "NoFuture\Rand\Law\Property\Law.Property.csproj", "{25A94905-7E58-463C-BED8-D3004135CFCC}"
EndProject
Project("{FAE04EC0-301F-11D3-BF4B-00C04F79EFBC}") = "Law.Property.Tests", "NoFuture.Tests\Rand\LawTests\PropertyTests\Law.Property.Tests.csproj", "{BE984CE6-64F3-4932-8565-1A06597F0A0E}"
EndProject
Project("{FAE04EC0-301F-11D3-BF4B-00C04F79EFBC}") = "Law.Procedure.Civil", "NoFuture\Rand\Law\Procedure\Civil\Law.Procedure.Civil.csproj", "{3527CF45-740B-4175-BC1F-FF2EB3675E7C}"
EndProject
Project("{FAE04EC0-301F-11D3-BF4B-00C04F79EFBC}") = "Law.Procedure.Civil.Tests", "NoFuture.Tests\Rand\LawTests\Procedure.CivilTests\Law.Procedure.Civil.Tests.csproj", "{106C2C8F-B342-4A1D-9797-97B40F0CBF12}"
EndProject
Project("{FAE04EC0-301F-11D3-BF4B-00C04F79EFBC}") = "Law.Procedure.Criminal", "NoFuture\Rand\Law\Procedure\Criminal\Law.Procedure.Criminal.csproj", "{E0F6D6A3-23FB-44EF-8247-89B6CA07C905}"
EndProject
Project("{FAE04EC0-301F-11D3-BF4B-00C04F79EFBC}") = "Law.Procedure.Criminal.Tests", "NoFuture.Tests\Rand\LawTests\Procedure.CriminalTests\Law.Procedure.Criminal.Tests.csproj", "{6B5FB4C2-16EB-4341-9164-04CF02B448D6}"
EndProject
Project("{FAE04EC0-301F-11D3-BF4B-00C04F79EFBC}") = "Law.Constitutional", "NoFuture\Rand\Law\Constitutional\Law.Constitutional.csproj", "{39C1F7BE-3C68-4B60-83EA-B4B1A3895493}"
EndProject
Project("{FAE04EC0-301F-11D3-BF4B-00C04F79EFBC}") = "Law.Constitutional.Tests", "NoFuture.Tests\Rand\LawTests\ConstitutionalTests\Law.Constitutional.Tests.csproj", "{F4B14397-090C-4EAE-A746-717796D15D98}"
EndProject
Global
	GlobalSection(SolutionConfigurationPlatforms) = preSolution
		Debug|Any CPU = Debug|Any CPU
		Debug|Mixed Platforms = Debug|Mixed Platforms
		Debug|Win32 = Debug|Win32
		Debug|x64 = Debug|x64
		Debug|x86 = Debug|x86
		Pkg|Any CPU = Pkg|Any CPU
		Pkg|Mixed Platforms = Pkg|Mixed Platforms
		Pkg|Win32 = Pkg|Win32
		Pkg|x64 = Pkg|x64
		Pkg|x86 = Pkg|x86
		Release|Any CPU = Release|Any CPU
		Release|Mixed Platforms = Release|Mixed Platforms
		Release|Win32 = Release|Win32
		Release|x64 = Release|x64
		Release|x86 = Release|x86
	EndGlobalSection
	GlobalSection(ProjectConfigurationPlatforms) = postSolution
		{4667E45A-0EB2-40CF-B431-319D2960F469}.Debug|Any CPU.ActiveCfg = Debug|Any CPU
		{4667E45A-0EB2-40CF-B431-319D2960F469}.Debug|Any CPU.Build.0 = Debug|Any CPU
		{4667E45A-0EB2-40CF-B431-319D2960F469}.Debug|Mixed Platforms.ActiveCfg = Debug|Any CPU
		{4667E45A-0EB2-40CF-B431-319D2960F469}.Debug|Mixed Platforms.Build.0 = Debug|Any CPU
		{4667E45A-0EB2-40CF-B431-319D2960F469}.Debug|Win32.ActiveCfg = Debug|Any CPU
		{4667E45A-0EB2-40CF-B431-319D2960F469}.Debug|Win32.Build.0 = Debug|Any CPU
		{4667E45A-0EB2-40CF-B431-319D2960F469}.Debug|x64.ActiveCfg = Debug|Any CPU
		{4667E45A-0EB2-40CF-B431-319D2960F469}.Debug|x64.Build.0 = Debug|Any CPU
		{4667E45A-0EB2-40CF-B431-319D2960F469}.Debug|x86.ActiveCfg = Debug|Any CPU
		{4667E45A-0EB2-40CF-B431-319D2960F469}.Debug|x86.Build.0 = Debug|Any CPU
		{4667E45A-0EB2-40CF-B431-319D2960F469}.Pkg|Any CPU.ActiveCfg = Release|Any CPU
		{4667E45A-0EB2-40CF-B431-319D2960F469}.Pkg|Any CPU.Build.0 = Release|Any CPU
		{4667E45A-0EB2-40CF-B431-319D2960F469}.Pkg|Mixed Platforms.ActiveCfg = Release|Any CPU
		{4667E45A-0EB2-40CF-B431-319D2960F469}.Pkg|Mixed Platforms.Build.0 = Release|Any CPU
		{4667E45A-0EB2-40CF-B431-319D2960F469}.Pkg|Win32.ActiveCfg = Release|Any CPU
		{4667E45A-0EB2-40CF-B431-319D2960F469}.Pkg|Win32.Build.0 = Release|Any CPU
		{4667E45A-0EB2-40CF-B431-319D2960F469}.Pkg|x64.ActiveCfg = Release|Any CPU
		{4667E45A-0EB2-40CF-B431-319D2960F469}.Pkg|x64.Build.0 = Release|Any CPU
		{4667E45A-0EB2-40CF-B431-319D2960F469}.Pkg|x86.ActiveCfg = Release|Any CPU
		{4667E45A-0EB2-40CF-B431-319D2960F469}.Pkg|x86.Build.0 = Release|Any CPU
		{4667E45A-0EB2-40CF-B431-319D2960F469}.Release|Any CPU.ActiveCfg = Release|Any CPU
		{4667E45A-0EB2-40CF-B431-319D2960F469}.Release|Any CPU.Build.0 = Release|Any CPU
		{4667E45A-0EB2-40CF-B431-319D2960F469}.Release|Mixed Platforms.ActiveCfg = Release|Any CPU
		{4667E45A-0EB2-40CF-B431-319D2960F469}.Release|Mixed Platforms.Build.0 = Release|Any CPU
		{4667E45A-0EB2-40CF-B431-319D2960F469}.Release|Win32.ActiveCfg = Release|Any CPU
		{4667E45A-0EB2-40CF-B431-319D2960F469}.Release|Win32.Build.0 = Release|Any CPU
		{4667E45A-0EB2-40CF-B431-319D2960F469}.Release|x64.ActiveCfg = Release|Any CPU
		{4667E45A-0EB2-40CF-B431-319D2960F469}.Release|x64.Build.0 = Release|Any CPU
		{4667E45A-0EB2-40CF-B431-319D2960F469}.Release|x86.ActiveCfg = Release|Any CPU
		{4667E45A-0EB2-40CF-B431-319D2960F469}.Release|x86.Build.0 = Release|Any CPU
		{FA3739EA-5D75-46AA-B856-014DB3A5E017}.Debug|Any CPU.ActiveCfg = Debug|Any CPU
		{FA3739EA-5D75-46AA-B856-014DB3A5E017}.Debug|Any CPU.Build.0 = Debug|Any CPU
		{FA3739EA-5D75-46AA-B856-014DB3A5E017}.Debug|Mixed Platforms.ActiveCfg = Debug|Any CPU
		{FA3739EA-5D75-46AA-B856-014DB3A5E017}.Debug|Mixed Platforms.Build.0 = Debug|Any CPU
		{FA3739EA-5D75-46AA-B856-014DB3A5E017}.Debug|Win32.ActiveCfg = Debug|Any CPU
		{FA3739EA-5D75-46AA-B856-014DB3A5E017}.Debug|Win32.Build.0 = Debug|Any CPU
		{FA3739EA-5D75-46AA-B856-014DB3A5E017}.Debug|x64.ActiveCfg = Debug|Any CPU
		{FA3739EA-5D75-46AA-B856-014DB3A5E017}.Debug|x64.Build.0 = Debug|Any CPU
		{FA3739EA-5D75-46AA-B856-014DB3A5E017}.Debug|x86.ActiveCfg = Debug|Any CPU
		{FA3739EA-5D75-46AA-B856-014DB3A5E017}.Debug|x86.Build.0 = Debug|Any CPU
		{FA3739EA-5D75-46AA-B856-014DB3A5E017}.Pkg|Any CPU.ActiveCfg = Release|Any CPU
		{FA3739EA-5D75-46AA-B856-014DB3A5E017}.Pkg|Any CPU.Build.0 = Release|Any CPU
		{FA3739EA-5D75-46AA-B856-014DB3A5E017}.Pkg|Mixed Platforms.ActiveCfg = Release|Any CPU
		{FA3739EA-5D75-46AA-B856-014DB3A5E017}.Pkg|Mixed Platforms.Build.0 = Release|Any CPU
		{FA3739EA-5D75-46AA-B856-014DB3A5E017}.Pkg|Win32.ActiveCfg = Release|Any CPU
		{FA3739EA-5D75-46AA-B856-014DB3A5E017}.Pkg|Win32.Build.0 = Release|Any CPU
		{FA3739EA-5D75-46AA-B856-014DB3A5E017}.Pkg|x64.ActiveCfg = Release|Any CPU
		{FA3739EA-5D75-46AA-B856-014DB3A5E017}.Pkg|x64.Build.0 = Release|Any CPU
		{FA3739EA-5D75-46AA-B856-014DB3A5E017}.Pkg|x86.ActiveCfg = Release|Any CPU
		{FA3739EA-5D75-46AA-B856-014DB3A5E017}.Pkg|x86.Build.0 = Release|Any CPU
		{FA3739EA-5D75-46AA-B856-014DB3A5E017}.Release|Any CPU.ActiveCfg = Release|Any CPU
		{FA3739EA-5D75-46AA-B856-014DB3A5E017}.Release|Any CPU.Build.0 = Release|Any CPU
		{FA3739EA-5D75-46AA-B856-014DB3A5E017}.Release|Mixed Platforms.ActiveCfg = Release|Any CPU
		{FA3739EA-5D75-46AA-B856-014DB3A5E017}.Release|Mixed Platforms.Build.0 = Release|Any CPU
		{FA3739EA-5D75-46AA-B856-014DB3A5E017}.Release|Win32.ActiveCfg = Release|Any CPU
		{FA3739EA-5D75-46AA-B856-014DB3A5E017}.Release|Win32.Build.0 = Release|Any CPU
		{FA3739EA-5D75-46AA-B856-014DB3A5E017}.Release|x64.ActiveCfg = Release|Any CPU
		{FA3739EA-5D75-46AA-B856-014DB3A5E017}.Release|x64.Build.0 = Release|Any CPU
		{FA3739EA-5D75-46AA-B856-014DB3A5E017}.Release|x86.ActiveCfg = Release|Any CPU
		{FA3739EA-5D75-46AA-B856-014DB3A5E017}.Release|x86.Build.0 = Release|Any CPU
		{4510E186-A2DE-46B4-A29C-C171EF17A690}.Debug|Any CPU.ActiveCfg = Debug|Any CPU
		{4510E186-A2DE-46B4-A29C-C171EF17A690}.Debug|Any CPU.Build.0 = Debug|Any CPU
		{4510E186-A2DE-46B4-A29C-C171EF17A690}.Debug|Mixed Platforms.ActiveCfg = Debug|Any CPU
		{4510E186-A2DE-46B4-A29C-C171EF17A690}.Debug|Mixed Platforms.Build.0 = Debug|Any CPU
		{4510E186-A2DE-46B4-A29C-C171EF17A690}.Debug|Win32.ActiveCfg = Debug|Any CPU
		{4510E186-A2DE-46B4-A29C-C171EF17A690}.Debug|Win32.Build.0 = Debug|Any CPU
		{4510E186-A2DE-46B4-A29C-C171EF17A690}.Debug|x64.ActiveCfg = Debug|Any CPU
		{4510E186-A2DE-46B4-A29C-C171EF17A690}.Debug|x64.Build.0 = Debug|Any CPU
		{4510E186-A2DE-46B4-A29C-C171EF17A690}.Debug|x86.ActiveCfg = Debug|Any CPU
		{4510E186-A2DE-46B4-A29C-C171EF17A690}.Debug|x86.Build.0 = Debug|Any CPU
		{4510E186-A2DE-46B4-A29C-C171EF17A690}.Pkg|Any CPU.ActiveCfg = Release|Any CPU
		{4510E186-A2DE-46B4-A29C-C171EF17A690}.Pkg|Any CPU.Build.0 = Release|Any CPU
		{4510E186-A2DE-46B4-A29C-C171EF17A690}.Pkg|Mixed Platforms.ActiveCfg = Release|Any CPU
		{4510E186-A2DE-46B4-A29C-C171EF17A690}.Pkg|Mixed Platforms.Build.0 = Release|Any CPU
		{4510E186-A2DE-46B4-A29C-C171EF17A690}.Pkg|Win32.ActiveCfg = Release|Any CPU
		{4510E186-A2DE-46B4-A29C-C171EF17A690}.Pkg|Win32.Build.0 = Release|Any CPU
		{4510E186-A2DE-46B4-A29C-C171EF17A690}.Pkg|x64.ActiveCfg = Release|Any CPU
		{4510E186-A2DE-46B4-A29C-C171EF17A690}.Pkg|x64.Build.0 = Release|Any CPU
		{4510E186-A2DE-46B4-A29C-C171EF17A690}.Pkg|x86.ActiveCfg = Release|Any CPU
		{4510E186-A2DE-46B4-A29C-C171EF17A690}.Pkg|x86.Build.0 = Release|Any CPU
		{4510E186-A2DE-46B4-A29C-C171EF17A690}.Release|Any CPU.ActiveCfg = Release|Any CPU
		{4510E186-A2DE-46B4-A29C-C171EF17A690}.Release|Any CPU.Build.0 = Release|Any CPU
		{4510E186-A2DE-46B4-A29C-C171EF17A690}.Release|Mixed Platforms.ActiveCfg = Release|Any CPU
		{4510E186-A2DE-46B4-A29C-C171EF17A690}.Release|Mixed Platforms.Build.0 = Release|Any CPU
		{4510E186-A2DE-46B4-A29C-C171EF17A690}.Release|Win32.ActiveCfg = Release|Any CPU
		{4510E186-A2DE-46B4-A29C-C171EF17A690}.Release|Win32.Build.0 = Release|Any CPU
		{4510E186-A2DE-46B4-A29C-C171EF17A690}.Release|x64.ActiveCfg = Release|Any CPU
		{4510E186-A2DE-46B4-A29C-C171EF17A690}.Release|x64.Build.0 = Release|Any CPU
		{4510E186-A2DE-46B4-A29C-C171EF17A690}.Release|x86.ActiveCfg = Release|Any CPU
		{4510E186-A2DE-46B4-A29C-C171EF17A690}.Release|x86.Build.0 = Release|Any CPU
		{B034D93F-B140-40C0-A640-BBA4FB8B85E3}.Debug|Any CPU.ActiveCfg = Debug|Any CPU
		{B034D93F-B140-40C0-A640-BBA4FB8B85E3}.Debug|Any CPU.Build.0 = Debug|Any CPU
		{B034D93F-B140-40C0-A640-BBA4FB8B85E3}.Debug|Mixed Platforms.ActiveCfg = Debug|Any CPU
		{B034D93F-B140-40C0-A640-BBA4FB8B85E3}.Debug|Mixed Platforms.Build.0 = Debug|Any CPU
		{B034D93F-B140-40C0-A640-BBA4FB8B85E3}.Debug|Win32.ActiveCfg = Debug|Any CPU
		{B034D93F-B140-40C0-A640-BBA4FB8B85E3}.Debug|Win32.Build.0 = Debug|Any CPU
		{B034D93F-B140-40C0-A640-BBA4FB8B85E3}.Debug|x64.ActiveCfg = Debug|Any CPU
		{B034D93F-B140-40C0-A640-BBA4FB8B85E3}.Debug|x64.Build.0 = Debug|Any CPU
		{B034D93F-B140-40C0-A640-BBA4FB8B85E3}.Debug|x86.ActiveCfg = Debug|Any CPU
		{B034D93F-B140-40C0-A640-BBA4FB8B85E3}.Debug|x86.Build.0 = Debug|Any CPU
		{B034D93F-B140-40C0-A640-BBA4FB8B85E3}.Pkg|Any CPU.ActiveCfg = Release|Any CPU
		{B034D93F-B140-40C0-A640-BBA4FB8B85E3}.Pkg|Any CPU.Build.0 = Release|Any CPU
		{B034D93F-B140-40C0-A640-BBA4FB8B85E3}.Pkg|Mixed Platforms.ActiveCfg = Release|Any CPU
		{B034D93F-B140-40C0-A640-BBA4FB8B85E3}.Pkg|Mixed Platforms.Build.0 = Release|Any CPU
		{B034D93F-B140-40C0-A640-BBA4FB8B85E3}.Pkg|Win32.ActiveCfg = Release|Any CPU
		{B034D93F-B140-40C0-A640-BBA4FB8B85E3}.Pkg|Win32.Build.0 = Release|Any CPU
		{B034D93F-B140-40C0-A640-BBA4FB8B85E3}.Pkg|x64.ActiveCfg = Release|Any CPU
		{B034D93F-B140-40C0-A640-BBA4FB8B85E3}.Pkg|x64.Build.0 = Release|Any CPU
		{B034D93F-B140-40C0-A640-BBA4FB8B85E3}.Pkg|x86.ActiveCfg = Release|Any CPU
		{B034D93F-B140-40C0-A640-BBA4FB8B85E3}.Pkg|x86.Build.0 = Release|Any CPU
		{B034D93F-B140-40C0-A640-BBA4FB8B85E3}.Release|Any CPU.ActiveCfg = Release|Any CPU
		{B034D93F-B140-40C0-A640-BBA4FB8B85E3}.Release|Any CPU.Build.0 = Release|Any CPU
		{B034D93F-B140-40C0-A640-BBA4FB8B85E3}.Release|Mixed Platforms.ActiveCfg = Release|Any CPU
		{B034D93F-B140-40C0-A640-BBA4FB8B85E3}.Release|Mixed Platforms.Build.0 = Release|Any CPU
		{B034D93F-B140-40C0-A640-BBA4FB8B85E3}.Release|Win32.ActiveCfg = Release|Any CPU
		{B034D93F-B140-40C0-A640-BBA4FB8B85E3}.Release|Win32.Build.0 = Release|Any CPU
		{B034D93F-B140-40C0-A640-BBA4FB8B85E3}.Release|x64.ActiveCfg = Release|Any CPU
		{B034D93F-B140-40C0-A640-BBA4FB8B85E3}.Release|x64.Build.0 = Release|Any CPU
		{B034D93F-B140-40C0-A640-BBA4FB8B85E3}.Release|x86.ActiveCfg = Release|Any CPU
		{B034D93F-B140-40C0-A640-BBA4FB8B85E3}.Release|x86.Build.0 = Release|Any CPU
		{F074ECB5-6FE0-4AA7-B11D-92D23EEEB22A}.Debug|Any CPU.ActiveCfg = Debug|Any CPU
		{F074ECB5-6FE0-4AA7-B11D-92D23EEEB22A}.Debug|Any CPU.Build.0 = Debug|Any CPU
		{F074ECB5-6FE0-4AA7-B11D-92D23EEEB22A}.Debug|Mixed Platforms.ActiveCfg = Debug|Any CPU
		{F074ECB5-6FE0-4AA7-B11D-92D23EEEB22A}.Debug|Mixed Platforms.Build.0 = Debug|Any CPU
		{F074ECB5-6FE0-4AA7-B11D-92D23EEEB22A}.Debug|Win32.ActiveCfg = Debug|Any CPU
		{F074ECB5-6FE0-4AA7-B11D-92D23EEEB22A}.Debug|Win32.Build.0 = Debug|Any CPU
		{F074ECB5-6FE0-4AA7-B11D-92D23EEEB22A}.Debug|x64.ActiveCfg = Debug|Any CPU
		{F074ECB5-6FE0-4AA7-B11D-92D23EEEB22A}.Debug|x64.Build.0 = Debug|Any CPU
		{F074ECB5-6FE0-4AA7-B11D-92D23EEEB22A}.Debug|x86.ActiveCfg = Debug|Any CPU
		{F074ECB5-6FE0-4AA7-B11D-92D23EEEB22A}.Debug|x86.Build.0 = Debug|Any CPU
		{F074ECB5-6FE0-4AA7-B11D-92D23EEEB22A}.Pkg|Any CPU.ActiveCfg = Release|Any CPU
		{F074ECB5-6FE0-4AA7-B11D-92D23EEEB22A}.Pkg|Any CPU.Build.0 = Release|Any CPU
		{F074ECB5-6FE0-4AA7-B11D-92D23EEEB22A}.Pkg|Mixed Platforms.ActiveCfg = Release|Any CPU
		{F074ECB5-6FE0-4AA7-B11D-92D23EEEB22A}.Pkg|Mixed Platforms.Build.0 = Release|Any CPU
		{F074ECB5-6FE0-4AA7-B11D-92D23EEEB22A}.Pkg|Win32.ActiveCfg = Release|Any CPU
		{F074ECB5-6FE0-4AA7-B11D-92D23EEEB22A}.Pkg|Win32.Build.0 = Release|Any CPU
		{F074ECB5-6FE0-4AA7-B11D-92D23EEEB22A}.Pkg|x64.ActiveCfg = Release|Any CPU
		{F074ECB5-6FE0-4AA7-B11D-92D23EEEB22A}.Pkg|x64.Build.0 = Release|Any CPU
		{F074ECB5-6FE0-4AA7-B11D-92D23EEEB22A}.Pkg|x86.ActiveCfg = Release|Any CPU
		{F074ECB5-6FE0-4AA7-B11D-92D23EEEB22A}.Pkg|x86.Build.0 = Release|Any CPU
		{F074ECB5-6FE0-4AA7-B11D-92D23EEEB22A}.Release|Any CPU.ActiveCfg = Release|Any CPU
		{F074ECB5-6FE0-4AA7-B11D-92D23EEEB22A}.Release|Any CPU.Build.0 = Release|Any CPU
		{F074ECB5-6FE0-4AA7-B11D-92D23EEEB22A}.Release|Mixed Platforms.ActiveCfg = Release|Any CPU
		{F074ECB5-6FE0-4AA7-B11D-92D23EEEB22A}.Release|Mixed Platforms.Build.0 = Release|Any CPU
		{F074ECB5-6FE0-4AA7-B11D-92D23EEEB22A}.Release|Win32.ActiveCfg = Release|Any CPU
		{F074ECB5-6FE0-4AA7-B11D-92D23EEEB22A}.Release|Win32.Build.0 = Release|Any CPU
		{F074ECB5-6FE0-4AA7-B11D-92D23EEEB22A}.Release|x64.ActiveCfg = Release|Any CPU
		{F074ECB5-6FE0-4AA7-B11D-92D23EEEB22A}.Release|x64.Build.0 = Release|Any CPU
		{F074ECB5-6FE0-4AA7-B11D-92D23EEEB22A}.Release|x86.ActiveCfg = Release|Any CPU
		{F074ECB5-6FE0-4AA7-B11D-92D23EEEB22A}.Release|x86.Build.0 = Release|Any CPU
		{9EEB5AFE-106A-45E1-A587-CC4EB3AED2E8}.Debug|Any CPU.ActiveCfg = Debug|Any CPU
		{9EEB5AFE-106A-45E1-A587-CC4EB3AED2E8}.Debug|Any CPU.Build.0 = Debug|Any CPU
		{9EEB5AFE-106A-45E1-A587-CC4EB3AED2E8}.Debug|Mixed Platforms.ActiveCfg = Debug|Any CPU
		{9EEB5AFE-106A-45E1-A587-CC4EB3AED2E8}.Debug|Mixed Platforms.Build.0 = Debug|Any CPU
		{9EEB5AFE-106A-45E1-A587-CC4EB3AED2E8}.Debug|Win32.ActiveCfg = Debug|Any CPU
		{9EEB5AFE-106A-45E1-A587-CC4EB3AED2E8}.Debug|Win32.Build.0 = Debug|Any CPU
		{9EEB5AFE-106A-45E1-A587-CC4EB3AED2E8}.Debug|x64.ActiveCfg = Debug|Any CPU
		{9EEB5AFE-106A-45E1-A587-CC4EB3AED2E8}.Debug|x64.Build.0 = Debug|Any CPU
		{9EEB5AFE-106A-45E1-A587-CC4EB3AED2E8}.Debug|x86.ActiveCfg = Debug|Any CPU
		{9EEB5AFE-106A-45E1-A587-CC4EB3AED2E8}.Debug|x86.Build.0 = Debug|Any CPU
		{9EEB5AFE-106A-45E1-A587-CC4EB3AED2E8}.Pkg|Any CPU.ActiveCfg = Release|Any CPU
		{9EEB5AFE-106A-45E1-A587-CC4EB3AED2E8}.Pkg|Any CPU.Build.0 = Release|Any CPU
		{9EEB5AFE-106A-45E1-A587-CC4EB3AED2E8}.Pkg|Mixed Platforms.ActiveCfg = Release|Any CPU
		{9EEB5AFE-106A-45E1-A587-CC4EB3AED2E8}.Pkg|Mixed Platforms.Build.0 = Release|Any CPU
		{9EEB5AFE-106A-45E1-A587-CC4EB3AED2E8}.Pkg|Win32.ActiveCfg = Release|Any CPU
		{9EEB5AFE-106A-45E1-A587-CC4EB3AED2E8}.Pkg|Win32.Build.0 = Release|Any CPU
		{9EEB5AFE-106A-45E1-A587-CC4EB3AED2E8}.Pkg|x64.ActiveCfg = Release|Any CPU
		{9EEB5AFE-106A-45E1-A587-CC4EB3AED2E8}.Pkg|x64.Build.0 = Release|Any CPU
		{9EEB5AFE-106A-45E1-A587-CC4EB3AED2E8}.Pkg|x86.ActiveCfg = Release|Any CPU
		{9EEB5AFE-106A-45E1-A587-CC4EB3AED2E8}.Pkg|x86.Build.0 = Release|Any CPU
		{9EEB5AFE-106A-45E1-A587-CC4EB3AED2E8}.Release|Any CPU.ActiveCfg = Release|Any CPU
		{9EEB5AFE-106A-45E1-A587-CC4EB3AED2E8}.Release|Any CPU.Build.0 = Release|Any CPU
		{9EEB5AFE-106A-45E1-A587-CC4EB3AED2E8}.Release|Mixed Platforms.ActiveCfg = Release|Any CPU
		{9EEB5AFE-106A-45E1-A587-CC4EB3AED2E8}.Release|Mixed Platforms.Build.0 = Release|Any CPU
		{9EEB5AFE-106A-45E1-A587-CC4EB3AED2E8}.Release|Win32.ActiveCfg = Release|Any CPU
		{9EEB5AFE-106A-45E1-A587-CC4EB3AED2E8}.Release|Win32.Build.0 = Release|Any CPU
		{9EEB5AFE-106A-45E1-A587-CC4EB3AED2E8}.Release|x64.ActiveCfg = Release|Any CPU
		{9EEB5AFE-106A-45E1-A587-CC4EB3AED2E8}.Release|x64.Build.0 = Release|Any CPU
		{9EEB5AFE-106A-45E1-A587-CC4EB3AED2E8}.Release|x86.ActiveCfg = Release|Any CPU
		{9EEB5AFE-106A-45E1-A587-CC4EB3AED2E8}.Release|x86.Build.0 = Release|Any CPU
		{E09B2CCE-C5BB-4760-8A42-BAB0B69EB3F1}.Debug|Any CPU.ActiveCfg = Debug|Any CPU
		{E09B2CCE-C5BB-4760-8A42-BAB0B69EB3F1}.Debug|Any CPU.Build.0 = Debug|Any CPU
		{E09B2CCE-C5BB-4760-8A42-BAB0B69EB3F1}.Debug|Mixed Platforms.ActiveCfg = Debug|Any CPU
		{E09B2CCE-C5BB-4760-8A42-BAB0B69EB3F1}.Debug|Mixed Platforms.Build.0 = Debug|Any CPU
		{E09B2CCE-C5BB-4760-8A42-BAB0B69EB3F1}.Debug|Win32.ActiveCfg = Debug|Any CPU
		{E09B2CCE-C5BB-4760-8A42-BAB0B69EB3F1}.Debug|Win32.Build.0 = Debug|Any CPU
		{E09B2CCE-C5BB-4760-8A42-BAB0B69EB3F1}.Debug|x64.ActiveCfg = Debug|Any CPU
		{E09B2CCE-C5BB-4760-8A42-BAB0B69EB3F1}.Debug|x64.Build.0 = Debug|Any CPU
		{E09B2CCE-C5BB-4760-8A42-BAB0B69EB3F1}.Debug|x86.ActiveCfg = Debug|Any CPU
		{E09B2CCE-C5BB-4760-8A42-BAB0B69EB3F1}.Debug|x86.Build.0 = Debug|Any CPU
		{E09B2CCE-C5BB-4760-8A42-BAB0B69EB3F1}.Pkg|Any CPU.ActiveCfg = Release|Any CPU
		{E09B2CCE-C5BB-4760-8A42-BAB0B69EB3F1}.Pkg|Any CPU.Build.0 = Release|Any CPU
		{E09B2CCE-C5BB-4760-8A42-BAB0B69EB3F1}.Pkg|Mixed Platforms.ActiveCfg = Release|Any CPU
		{E09B2CCE-C5BB-4760-8A42-BAB0B69EB3F1}.Pkg|Mixed Platforms.Build.0 = Release|Any CPU
		{E09B2CCE-C5BB-4760-8A42-BAB0B69EB3F1}.Pkg|Win32.ActiveCfg = Release|Any CPU
		{E09B2CCE-C5BB-4760-8A42-BAB0B69EB3F1}.Pkg|Win32.Build.0 = Release|Any CPU
		{E09B2CCE-C5BB-4760-8A42-BAB0B69EB3F1}.Pkg|x64.ActiveCfg = Release|Any CPU
		{E09B2CCE-C5BB-4760-8A42-BAB0B69EB3F1}.Pkg|x64.Build.0 = Release|Any CPU
		{E09B2CCE-C5BB-4760-8A42-BAB0B69EB3F1}.Pkg|x86.ActiveCfg = Release|Any CPU
		{E09B2CCE-C5BB-4760-8A42-BAB0B69EB3F1}.Pkg|x86.Build.0 = Release|Any CPU
		{E09B2CCE-C5BB-4760-8A42-BAB0B69EB3F1}.Release|Any CPU.ActiveCfg = Release|Any CPU
		{E09B2CCE-C5BB-4760-8A42-BAB0B69EB3F1}.Release|Any CPU.Build.0 = Release|Any CPU
		{E09B2CCE-C5BB-4760-8A42-BAB0B69EB3F1}.Release|Mixed Platforms.ActiveCfg = Release|Any CPU
		{E09B2CCE-C5BB-4760-8A42-BAB0B69EB3F1}.Release|Mixed Platforms.Build.0 = Release|Any CPU
		{E09B2CCE-C5BB-4760-8A42-BAB0B69EB3F1}.Release|Win32.ActiveCfg = Release|Any CPU
		{E09B2CCE-C5BB-4760-8A42-BAB0B69EB3F1}.Release|Win32.Build.0 = Release|Any CPU
		{E09B2CCE-C5BB-4760-8A42-BAB0B69EB3F1}.Release|x64.ActiveCfg = Release|Any CPU
		{E09B2CCE-C5BB-4760-8A42-BAB0B69EB3F1}.Release|x64.Build.0 = Release|Any CPU
		{E09B2CCE-C5BB-4760-8A42-BAB0B69EB3F1}.Release|x86.ActiveCfg = Release|Any CPU
		{E09B2CCE-C5BB-4760-8A42-BAB0B69EB3F1}.Release|x86.Build.0 = Release|Any CPU
		{F354C3F5-7789-445B-9C9A-D6836B7EE170}.Debug|Any CPU.ActiveCfg = Debug|Any CPU
		{F354C3F5-7789-445B-9C9A-D6836B7EE170}.Debug|Any CPU.Build.0 = Debug|Any CPU
		{F354C3F5-7789-445B-9C9A-D6836B7EE170}.Debug|Mixed Platforms.ActiveCfg = Debug|Any CPU
		{F354C3F5-7789-445B-9C9A-D6836B7EE170}.Debug|Mixed Platforms.Build.0 = Debug|Any CPU
		{F354C3F5-7789-445B-9C9A-D6836B7EE170}.Debug|Win32.ActiveCfg = Debug|Any CPU
		{F354C3F5-7789-445B-9C9A-D6836B7EE170}.Debug|Win32.Build.0 = Debug|Any CPU
		{F354C3F5-7789-445B-9C9A-D6836B7EE170}.Debug|x64.ActiveCfg = Debug|Any CPU
		{F354C3F5-7789-445B-9C9A-D6836B7EE170}.Debug|x64.Build.0 = Debug|Any CPU
		{F354C3F5-7789-445B-9C9A-D6836B7EE170}.Debug|x86.ActiveCfg = Debug|Any CPU
		{F354C3F5-7789-445B-9C9A-D6836B7EE170}.Debug|x86.Build.0 = Debug|Any CPU
		{F354C3F5-7789-445B-9C9A-D6836B7EE170}.Pkg|Any CPU.ActiveCfg = Release|Any CPU
		{F354C3F5-7789-445B-9C9A-D6836B7EE170}.Pkg|Any CPU.Build.0 = Release|Any CPU
		{F354C3F5-7789-445B-9C9A-D6836B7EE170}.Pkg|Mixed Platforms.ActiveCfg = Release|Any CPU
		{F354C3F5-7789-445B-9C9A-D6836B7EE170}.Pkg|Mixed Platforms.Build.0 = Release|Any CPU
		{F354C3F5-7789-445B-9C9A-D6836B7EE170}.Pkg|Win32.ActiveCfg = Release|Any CPU
		{F354C3F5-7789-445B-9C9A-D6836B7EE170}.Pkg|Win32.Build.0 = Release|Any CPU
		{F354C3F5-7789-445B-9C9A-D6836B7EE170}.Pkg|x64.ActiveCfg = Release|Any CPU
		{F354C3F5-7789-445B-9C9A-D6836B7EE170}.Pkg|x64.Build.0 = Release|Any CPU
		{F354C3F5-7789-445B-9C9A-D6836B7EE170}.Pkg|x86.ActiveCfg = Release|Any CPU
		{F354C3F5-7789-445B-9C9A-D6836B7EE170}.Pkg|x86.Build.0 = Release|Any CPU
		{F354C3F5-7789-445B-9C9A-D6836B7EE170}.Release|Any CPU.ActiveCfg = Release|Any CPU
		{F354C3F5-7789-445B-9C9A-D6836B7EE170}.Release|Any CPU.Build.0 = Release|Any CPU
		{F354C3F5-7789-445B-9C9A-D6836B7EE170}.Release|Mixed Platforms.ActiveCfg = Release|Any CPU
		{F354C3F5-7789-445B-9C9A-D6836B7EE170}.Release|Mixed Platforms.Build.0 = Release|Any CPU
		{F354C3F5-7789-445B-9C9A-D6836B7EE170}.Release|Win32.ActiveCfg = Release|Any CPU
		{F354C3F5-7789-445B-9C9A-D6836B7EE170}.Release|Win32.Build.0 = Release|Any CPU
		{F354C3F5-7789-445B-9C9A-D6836B7EE170}.Release|x64.ActiveCfg = Release|Any CPU
		{F354C3F5-7789-445B-9C9A-D6836B7EE170}.Release|x64.Build.0 = Release|Any CPU
		{F354C3F5-7789-445B-9C9A-D6836B7EE170}.Release|x86.ActiveCfg = Release|Any CPU
		{F354C3F5-7789-445B-9C9A-D6836B7EE170}.Release|x86.Build.0 = Release|Any CPU
		{25A94905-7E58-463C-BED8-D3004135CFCC}.Debug|Any CPU.ActiveCfg = Debug|Any CPU
		{25A94905-7E58-463C-BED8-D3004135CFCC}.Debug|Any CPU.Build.0 = Debug|Any CPU
		{25A94905-7E58-463C-BED8-D3004135CFCC}.Debug|Mixed Platforms.ActiveCfg = Debug|Any CPU
		{25A94905-7E58-463C-BED8-D3004135CFCC}.Debug|Mixed Platforms.Build.0 = Debug|Any CPU
		{25A94905-7E58-463C-BED8-D3004135CFCC}.Debug|Win32.ActiveCfg = Debug|Any CPU
		{25A94905-7E58-463C-BED8-D3004135CFCC}.Debug|Win32.Build.0 = Debug|Any CPU
		{25A94905-7E58-463C-BED8-D3004135CFCC}.Debug|x64.ActiveCfg = Debug|Any CPU
		{25A94905-7E58-463C-BED8-D3004135CFCC}.Debug|x64.Build.0 = Debug|Any CPU
		{25A94905-7E58-463C-BED8-D3004135CFCC}.Debug|x86.ActiveCfg = Debug|Any CPU
		{25A94905-7E58-463C-BED8-D3004135CFCC}.Debug|x86.Build.0 = Debug|Any CPU
		{25A94905-7E58-463C-BED8-D3004135CFCC}.Pkg|Any CPU.ActiveCfg = Release|Any CPU
		{25A94905-7E58-463C-BED8-D3004135CFCC}.Pkg|Any CPU.Build.0 = Release|Any CPU
		{25A94905-7E58-463C-BED8-D3004135CFCC}.Pkg|Mixed Platforms.ActiveCfg = Release|Any CPU
		{25A94905-7E58-463C-BED8-D3004135CFCC}.Pkg|Mixed Platforms.Build.0 = Release|Any CPU
		{25A94905-7E58-463C-BED8-D3004135CFCC}.Pkg|Win32.ActiveCfg = Release|Any CPU
		{25A94905-7E58-463C-BED8-D3004135CFCC}.Pkg|Win32.Build.0 = Release|Any CPU
		{25A94905-7E58-463C-BED8-D3004135CFCC}.Pkg|x64.ActiveCfg = Release|Any CPU
		{25A94905-7E58-463C-BED8-D3004135CFCC}.Pkg|x64.Build.0 = Release|Any CPU
		{25A94905-7E58-463C-BED8-D3004135CFCC}.Pkg|x86.ActiveCfg = Release|Any CPU
		{25A94905-7E58-463C-BED8-D3004135CFCC}.Pkg|x86.Build.0 = Release|Any CPU
		{25A94905-7E58-463C-BED8-D3004135CFCC}.Release|Any CPU.ActiveCfg = Release|Any CPU
		{25A94905-7E58-463C-BED8-D3004135CFCC}.Release|Any CPU.Build.0 = Release|Any CPU
		{25A94905-7E58-463C-BED8-D3004135CFCC}.Release|Mixed Platforms.ActiveCfg = Release|Any CPU
		{25A94905-7E58-463C-BED8-D3004135CFCC}.Release|Mixed Platforms.Build.0 = Release|Any CPU
		{25A94905-7E58-463C-BED8-D3004135CFCC}.Release|Win32.ActiveCfg = Release|Any CPU
		{25A94905-7E58-463C-BED8-D3004135CFCC}.Release|Win32.Build.0 = Release|Any CPU
		{25A94905-7E58-463C-BED8-D3004135CFCC}.Release|x64.ActiveCfg = Release|Any CPU
		{25A94905-7E58-463C-BED8-D3004135CFCC}.Release|x64.Build.0 = Release|Any CPU
		{25A94905-7E58-463C-BED8-D3004135CFCC}.Release|x86.ActiveCfg = Release|Any CPU
		{25A94905-7E58-463C-BED8-D3004135CFCC}.Release|x86.Build.0 = Release|Any CPU
		{BE984CE6-64F3-4932-8565-1A06597F0A0E}.Debug|Any CPU.ActiveCfg = Debug|Any CPU
		{BE984CE6-64F3-4932-8565-1A06597F0A0E}.Debug|Any CPU.Build.0 = Debug|Any CPU
		{BE984CE6-64F3-4932-8565-1A06597F0A0E}.Debug|Mixed Platforms.ActiveCfg = Debug|Any CPU
		{BE984CE6-64F3-4932-8565-1A06597F0A0E}.Debug|Mixed Platforms.Build.0 = Debug|Any CPU
		{BE984CE6-64F3-4932-8565-1A06597F0A0E}.Debug|Win32.ActiveCfg = Debug|Any CPU
		{BE984CE6-64F3-4932-8565-1A06597F0A0E}.Debug|Win32.Build.0 = Debug|Any CPU
		{BE984CE6-64F3-4932-8565-1A06597F0A0E}.Debug|x64.ActiveCfg = Debug|Any CPU
		{BE984CE6-64F3-4932-8565-1A06597F0A0E}.Debug|x64.Build.0 = Debug|Any CPU
		{BE984CE6-64F3-4932-8565-1A06597F0A0E}.Debug|x86.ActiveCfg = Debug|Any CPU
		{BE984CE6-64F3-4932-8565-1A06597F0A0E}.Debug|x86.Build.0 = Debug|Any CPU
		{BE984CE6-64F3-4932-8565-1A06597F0A0E}.Pkg|Any CPU.ActiveCfg = Release|Any CPU
		{BE984CE6-64F3-4932-8565-1A06597F0A0E}.Pkg|Any CPU.Build.0 = Release|Any CPU
		{BE984CE6-64F3-4932-8565-1A06597F0A0E}.Pkg|Mixed Platforms.ActiveCfg = Release|Any CPU
		{BE984CE6-64F3-4932-8565-1A06597F0A0E}.Pkg|Mixed Platforms.Build.0 = Release|Any CPU
		{BE984CE6-64F3-4932-8565-1A06597F0A0E}.Pkg|Win32.ActiveCfg = Release|Any CPU
		{BE984CE6-64F3-4932-8565-1A06597F0A0E}.Pkg|Win32.Build.0 = Release|Any CPU
		{BE984CE6-64F3-4932-8565-1A06597F0A0E}.Pkg|x64.ActiveCfg = Release|Any CPU
		{BE984CE6-64F3-4932-8565-1A06597F0A0E}.Pkg|x64.Build.0 = Release|Any CPU
		{BE984CE6-64F3-4932-8565-1A06597F0A0E}.Pkg|x86.ActiveCfg = Release|Any CPU
		{BE984CE6-64F3-4932-8565-1A06597F0A0E}.Pkg|x86.Build.0 = Release|Any CPU
		{BE984CE6-64F3-4932-8565-1A06597F0A0E}.Release|Any CPU.ActiveCfg = Release|Any CPU
		{BE984CE6-64F3-4932-8565-1A06597F0A0E}.Release|Any CPU.Build.0 = Release|Any CPU
		{BE984CE6-64F3-4932-8565-1A06597F0A0E}.Release|Mixed Platforms.ActiveCfg = Release|Any CPU
		{BE984CE6-64F3-4932-8565-1A06597F0A0E}.Release|Mixed Platforms.Build.0 = Release|Any CPU
		{BE984CE6-64F3-4932-8565-1A06597F0A0E}.Release|Win32.ActiveCfg = Release|Any CPU
		{BE984CE6-64F3-4932-8565-1A06597F0A0E}.Release|Win32.Build.0 = Release|Any CPU
		{BE984CE6-64F3-4932-8565-1A06597F0A0E}.Release|x64.ActiveCfg = Release|Any CPU
		{BE984CE6-64F3-4932-8565-1A06597F0A0E}.Release|x64.Build.0 = Release|Any CPU
		{BE984CE6-64F3-4932-8565-1A06597F0A0E}.Release|x86.ActiveCfg = Release|Any CPU
		{BE984CE6-64F3-4932-8565-1A06597F0A0E}.Release|x86.Build.0 = Release|Any CPU
		{3527CF45-740B-4175-BC1F-FF2EB3675E7C}.Debug|Any CPU.ActiveCfg = Debug|Any CPU
		{3527CF45-740B-4175-BC1F-FF2EB3675E7C}.Debug|Any CPU.Build.0 = Debug|Any CPU
		{3527CF45-740B-4175-BC1F-FF2EB3675E7C}.Debug|Mixed Platforms.ActiveCfg = Debug|Any CPU
		{3527CF45-740B-4175-BC1F-FF2EB3675E7C}.Debug|Mixed Platforms.Build.0 = Debug|Any CPU
		{3527CF45-740B-4175-BC1F-FF2EB3675E7C}.Debug|Win32.ActiveCfg = Debug|Any CPU
		{3527CF45-740B-4175-BC1F-FF2EB3675E7C}.Debug|Win32.Build.0 = Debug|Any CPU
		{3527CF45-740B-4175-BC1F-FF2EB3675E7C}.Debug|x64.ActiveCfg = Debug|Any CPU
		{3527CF45-740B-4175-BC1F-FF2EB3675E7C}.Debug|x64.Build.0 = Debug|Any CPU
		{3527CF45-740B-4175-BC1F-FF2EB3675E7C}.Debug|x86.ActiveCfg = Debug|Any CPU
		{3527CF45-740B-4175-BC1F-FF2EB3675E7C}.Debug|x86.Build.0 = Debug|Any CPU
		{3527CF45-740B-4175-BC1F-FF2EB3675E7C}.Pkg|Any CPU.ActiveCfg = Release|Any CPU
		{3527CF45-740B-4175-BC1F-FF2EB3675E7C}.Pkg|Any CPU.Build.0 = Release|Any CPU
		{3527CF45-740B-4175-BC1F-FF2EB3675E7C}.Pkg|Mixed Platforms.ActiveCfg = Release|Any CPU
		{3527CF45-740B-4175-BC1F-FF2EB3675E7C}.Pkg|Mixed Platforms.Build.0 = Release|Any CPU
		{3527CF45-740B-4175-BC1F-FF2EB3675E7C}.Pkg|Win32.ActiveCfg = Release|Any CPU
		{3527CF45-740B-4175-BC1F-FF2EB3675E7C}.Pkg|Win32.Build.0 = Release|Any CPU
		{3527CF45-740B-4175-BC1F-FF2EB3675E7C}.Pkg|x64.ActiveCfg = Release|Any CPU
		{3527CF45-740B-4175-BC1F-FF2EB3675E7C}.Pkg|x64.Build.0 = Release|Any CPU
		{3527CF45-740B-4175-BC1F-FF2EB3675E7C}.Pkg|x86.ActiveCfg = Release|Any CPU
		{3527CF45-740B-4175-BC1F-FF2EB3675E7C}.Pkg|x86.Build.0 = Release|Any CPU
		{3527CF45-740B-4175-BC1F-FF2EB3675E7C}.Release|Any CPU.ActiveCfg = Release|Any CPU
		{3527CF45-740B-4175-BC1F-FF2EB3675E7C}.Release|Any CPU.Build.0 = Release|Any CPU
		{3527CF45-740B-4175-BC1F-FF2EB3675E7C}.Release|Mixed Platforms.ActiveCfg = Release|Any CPU
		{3527CF45-740B-4175-BC1F-FF2EB3675E7C}.Release|Mixed Platforms.Build.0 = Release|Any CPU
		{3527CF45-740B-4175-BC1F-FF2EB3675E7C}.Release|Win32.ActiveCfg = Release|Any CPU
		{3527CF45-740B-4175-BC1F-FF2EB3675E7C}.Release|Win32.Build.0 = Release|Any CPU
		{3527CF45-740B-4175-BC1F-FF2EB3675E7C}.Release|x64.ActiveCfg = Release|Any CPU
		{3527CF45-740B-4175-BC1F-FF2EB3675E7C}.Release|x64.Build.0 = Release|Any CPU
		{3527CF45-740B-4175-BC1F-FF2EB3675E7C}.Release|x86.ActiveCfg = Release|Any CPU
		{3527CF45-740B-4175-BC1F-FF2EB3675E7C}.Release|x86.Build.0 = Release|Any CPU
		{106C2C8F-B342-4A1D-9797-97B40F0CBF12}.Debug|Any CPU.ActiveCfg = Debug|Any CPU
		{106C2C8F-B342-4A1D-9797-97B40F0CBF12}.Debug|Any CPU.Build.0 = Debug|Any CPU
		{106C2C8F-B342-4A1D-9797-97B40F0CBF12}.Debug|Mixed Platforms.ActiveCfg = Debug|Any CPU
		{106C2C8F-B342-4A1D-9797-97B40F0CBF12}.Debug|Mixed Platforms.Build.0 = Debug|Any CPU
		{106C2C8F-B342-4A1D-9797-97B40F0CBF12}.Debug|Win32.ActiveCfg = Debug|Any CPU
		{106C2C8F-B342-4A1D-9797-97B40F0CBF12}.Debug|Win32.Build.0 = Debug|Any CPU
		{106C2C8F-B342-4A1D-9797-97B40F0CBF12}.Debug|x64.ActiveCfg = Debug|Any CPU
		{106C2C8F-B342-4A1D-9797-97B40F0CBF12}.Debug|x64.Build.0 = Debug|Any CPU
		{106C2C8F-B342-4A1D-9797-97B40F0CBF12}.Debug|x86.ActiveCfg = Debug|Any CPU
		{106C2C8F-B342-4A1D-9797-97B40F0CBF12}.Debug|x86.Build.0 = Debug|Any CPU
		{106C2C8F-B342-4A1D-9797-97B40F0CBF12}.Pkg|Any CPU.ActiveCfg = Release|Any CPU
		{106C2C8F-B342-4A1D-9797-97B40F0CBF12}.Pkg|Any CPU.Build.0 = Release|Any CPU
		{106C2C8F-B342-4A1D-9797-97B40F0CBF12}.Pkg|Mixed Platforms.ActiveCfg = Release|Any CPU
		{106C2C8F-B342-4A1D-9797-97B40F0CBF12}.Pkg|Mixed Platforms.Build.0 = Release|Any CPU
		{106C2C8F-B342-4A1D-9797-97B40F0CBF12}.Pkg|Win32.ActiveCfg = Release|Any CPU
		{106C2C8F-B342-4A1D-9797-97B40F0CBF12}.Pkg|Win32.Build.0 = Release|Any CPU
		{106C2C8F-B342-4A1D-9797-97B40F0CBF12}.Pkg|x64.ActiveCfg = Release|Any CPU
		{106C2C8F-B342-4A1D-9797-97B40F0CBF12}.Pkg|x64.Build.0 = Release|Any CPU
		{106C2C8F-B342-4A1D-9797-97B40F0CBF12}.Pkg|x86.ActiveCfg = Release|Any CPU
		{106C2C8F-B342-4A1D-9797-97B40F0CBF12}.Pkg|x86.Build.0 = Release|Any CPU
		{106C2C8F-B342-4A1D-9797-97B40F0CBF12}.Release|Any CPU.ActiveCfg = Release|Any CPU
		{106C2C8F-B342-4A1D-9797-97B40F0CBF12}.Release|Any CPU.Build.0 = Release|Any CPU
		{106C2C8F-B342-4A1D-9797-97B40F0CBF12}.Release|Mixed Platforms.ActiveCfg = Release|Any CPU
		{106C2C8F-B342-4A1D-9797-97B40F0CBF12}.Release|Mixed Platforms.Build.0 = Release|Any CPU
		{106C2C8F-B342-4A1D-9797-97B40F0CBF12}.Release|Win32.ActiveCfg = Release|Any CPU
		{106C2C8F-B342-4A1D-9797-97B40F0CBF12}.Release|Win32.Build.0 = Release|Any CPU
		{106C2C8F-B342-4A1D-9797-97B40F0CBF12}.Release|x64.ActiveCfg = Release|Any CPU
		{106C2C8F-B342-4A1D-9797-97B40F0CBF12}.Release|x64.Build.0 = Release|Any CPU
		{106C2C8F-B342-4A1D-9797-97B40F0CBF12}.Release|x86.ActiveCfg = Release|Any CPU
		{106C2C8F-B342-4A1D-9797-97B40F0CBF12}.Release|x86.Build.0 = Release|Any CPU
		{E0F6D6A3-23FB-44EF-8247-89B6CA07C905}.Debug|Any CPU.ActiveCfg = Debug|Any CPU
		{E0F6D6A3-23FB-44EF-8247-89B6CA07C905}.Debug|Any CPU.Build.0 = Debug|Any CPU
		{E0F6D6A3-23FB-44EF-8247-89B6CA07C905}.Debug|Mixed Platforms.ActiveCfg = Debug|Any CPU
		{E0F6D6A3-23FB-44EF-8247-89B6CA07C905}.Debug|Mixed Platforms.Build.0 = Debug|Any CPU
		{E0F6D6A3-23FB-44EF-8247-89B6CA07C905}.Debug|Win32.ActiveCfg = Debug|Any CPU
		{E0F6D6A3-23FB-44EF-8247-89B6CA07C905}.Debug|Win32.Build.0 = Debug|Any CPU
		{E0F6D6A3-23FB-44EF-8247-89B6CA07C905}.Debug|x64.ActiveCfg = Debug|Any CPU
		{E0F6D6A3-23FB-44EF-8247-89B6CA07C905}.Debug|x64.Build.0 = Debug|Any CPU
		{E0F6D6A3-23FB-44EF-8247-89B6CA07C905}.Debug|x86.ActiveCfg = Debug|Any CPU
		{E0F6D6A3-23FB-44EF-8247-89B6CA07C905}.Debug|x86.Build.0 = Debug|Any CPU
		{E0F6D6A3-23FB-44EF-8247-89B6CA07C905}.Pkg|Any CPU.ActiveCfg = Release|Any CPU
		{E0F6D6A3-23FB-44EF-8247-89B6CA07C905}.Pkg|Any CPU.Build.0 = Release|Any CPU
		{E0F6D6A3-23FB-44EF-8247-89B6CA07C905}.Pkg|Mixed Platforms.ActiveCfg = Release|Any CPU
		{E0F6D6A3-23FB-44EF-8247-89B6CA07C905}.Pkg|Mixed Platforms.Build.0 = Release|Any CPU
		{E0F6D6A3-23FB-44EF-8247-89B6CA07C905}.Pkg|Win32.ActiveCfg = Release|Any CPU
		{E0F6D6A3-23FB-44EF-8247-89B6CA07C905}.Pkg|Win32.Build.0 = Release|Any CPU
		{E0F6D6A3-23FB-44EF-8247-89B6CA07C905}.Pkg|x64.ActiveCfg = Release|Any CPU
		{E0F6D6A3-23FB-44EF-8247-89B6CA07C905}.Pkg|x64.Build.0 = Release|Any CPU
		{E0F6D6A3-23FB-44EF-8247-89B6CA07C905}.Pkg|x86.ActiveCfg = Release|Any CPU
		{E0F6D6A3-23FB-44EF-8247-89B6CA07C905}.Pkg|x86.Build.0 = Release|Any CPU
		{E0F6D6A3-23FB-44EF-8247-89B6CA07C905}.Release|Any CPU.ActiveCfg = Release|Any CPU
		{E0F6D6A3-23FB-44EF-8247-89B6CA07C905}.Release|Any CPU.Build.0 = Release|Any CPU
		{E0F6D6A3-23FB-44EF-8247-89B6CA07C905}.Release|Mixed Platforms.ActiveCfg = Release|Any CPU
		{E0F6D6A3-23FB-44EF-8247-89B6CA07C905}.Release|Mixed Platforms.Build.0 = Release|Any CPU
		{E0F6D6A3-23FB-44EF-8247-89B6CA07C905}.Release|Win32.ActiveCfg = Release|Any CPU
		{E0F6D6A3-23FB-44EF-8247-89B6CA07C905}.Release|Win32.Build.0 = Release|Any CPU
		{E0F6D6A3-23FB-44EF-8247-89B6CA07C905}.Release|x64.ActiveCfg = Release|Any CPU
		{E0F6D6A3-23FB-44EF-8247-89B6CA07C905}.Release|x64.Build.0 = Release|Any CPU
		{E0F6D6A3-23FB-44EF-8247-89B6CA07C905}.Release|x86.ActiveCfg = Release|Any CPU
		{E0F6D6A3-23FB-44EF-8247-89B6CA07C905}.Release|x86.Build.0 = Release|Any CPU
		{6B5FB4C2-16EB-4341-9164-04CF02B448D6}.Debug|Any CPU.ActiveCfg = Debug|Any CPU
		{6B5FB4C2-16EB-4341-9164-04CF02B448D6}.Debug|Any CPU.Build.0 = Debug|Any CPU
		{6B5FB4C2-16EB-4341-9164-04CF02B448D6}.Debug|Mixed Platforms.ActiveCfg = Debug|Any CPU
		{6B5FB4C2-16EB-4341-9164-04CF02B448D6}.Debug|Mixed Platforms.Build.0 = Debug|Any CPU
		{6B5FB4C2-16EB-4341-9164-04CF02B448D6}.Debug|Win32.ActiveCfg = Debug|Any CPU
		{6B5FB4C2-16EB-4341-9164-04CF02B448D6}.Debug|Win32.Build.0 = Debug|Any CPU
		{6B5FB4C2-16EB-4341-9164-04CF02B448D6}.Debug|x64.ActiveCfg = Debug|Any CPU
		{6B5FB4C2-16EB-4341-9164-04CF02B448D6}.Debug|x64.Build.0 = Debug|Any CPU
		{6B5FB4C2-16EB-4341-9164-04CF02B448D6}.Debug|x86.ActiveCfg = Debug|Any CPU
		{6B5FB4C2-16EB-4341-9164-04CF02B448D6}.Debug|x86.Build.0 = Debug|Any CPU
		{6B5FB4C2-16EB-4341-9164-04CF02B448D6}.Pkg|Any CPU.ActiveCfg = Release|Any CPU
		{6B5FB4C2-16EB-4341-9164-04CF02B448D6}.Pkg|Any CPU.Build.0 = Release|Any CPU
		{6B5FB4C2-16EB-4341-9164-04CF02B448D6}.Pkg|Mixed Platforms.ActiveCfg = Release|Any CPU
		{6B5FB4C2-16EB-4341-9164-04CF02B448D6}.Pkg|Mixed Platforms.Build.0 = Release|Any CPU
		{6B5FB4C2-16EB-4341-9164-04CF02B448D6}.Pkg|Win32.ActiveCfg = Release|Any CPU
		{6B5FB4C2-16EB-4341-9164-04CF02B448D6}.Pkg|Win32.Build.0 = Release|Any CPU
		{6B5FB4C2-16EB-4341-9164-04CF02B448D6}.Pkg|x64.ActiveCfg = Release|Any CPU
		{6B5FB4C2-16EB-4341-9164-04CF02B448D6}.Pkg|x64.Build.0 = Release|Any CPU
		{6B5FB4C2-16EB-4341-9164-04CF02B448D6}.Pkg|x86.ActiveCfg = Release|Any CPU
		{6B5FB4C2-16EB-4341-9164-04CF02B448D6}.Pkg|x86.Build.0 = Release|Any CPU
		{6B5FB4C2-16EB-4341-9164-04CF02B448D6}.Release|Any CPU.ActiveCfg = Release|Any CPU
		{6B5FB4C2-16EB-4341-9164-04CF02B448D6}.Release|Any CPU.Build.0 = Release|Any CPU
		{6B5FB4C2-16EB-4341-9164-04CF02B448D6}.Release|Mixed Platforms.ActiveCfg = Release|Any CPU
		{6B5FB4C2-16EB-4341-9164-04CF02B448D6}.Release|Mixed Platforms.Build.0 = Release|Any CPU
		{6B5FB4C2-16EB-4341-9164-04CF02B448D6}.Release|Win32.ActiveCfg = Release|Any CPU
		{6B5FB4C2-16EB-4341-9164-04CF02B448D6}.Release|Win32.Build.0 = Release|Any CPU
		{6B5FB4C2-16EB-4341-9164-04CF02B448D6}.Release|x64.ActiveCfg = Release|Any CPU
		{6B5FB4C2-16EB-4341-9164-04CF02B448D6}.Release|x64.Build.0 = Release|Any CPU
		{6B5FB4C2-16EB-4341-9164-04CF02B448D6}.Release|x86.ActiveCfg = Release|Any CPU
		{6B5FB4C2-16EB-4341-9164-04CF02B448D6}.Release|x86.Build.0 = Release|Any CPU
		{39C1F7BE-3C68-4B60-83EA-B4B1A3895493}.Debug|Any CPU.ActiveCfg = Debug|Any CPU
		{39C1F7BE-3C68-4B60-83EA-B4B1A3895493}.Debug|Any CPU.Build.0 = Debug|Any CPU
		{39C1F7BE-3C68-4B60-83EA-B4B1A3895493}.Debug|Mixed Platforms.ActiveCfg = Debug|Any CPU
		{39C1F7BE-3C68-4B60-83EA-B4B1A3895493}.Debug|Mixed Platforms.Build.0 = Debug|Any CPU
		{39C1F7BE-3C68-4B60-83EA-B4B1A3895493}.Debug|Win32.ActiveCfg = Debug|Any CPU
		{39C1F7BE-3C68-4B60-83EA-B4B1A3895493}.Debug|Win32.Build.0 = Debug|Any CPU
		{39C1F7BE-3C68-4B60-83EA-B4B1A3895493}.Debug|x64.ActiveCfg = Debug|Any CPU
		{39C1F7BE-3C68-4B60-83EA-B4B1A3895493}.Debug|x64.Build.0 = Debug|Any CPU
		{39C1F7BE-3C68-4B60-83EA-B4B1A3895493}.Debug|x86.ActiveCfg = Debug|Any CPU
		{39C1F7BE-3C68-4B60-83EA-B4B1A3895493}.Debug|x86.Build.0 = Debug|Any CPU
		{39C1F7BE-3C68-4B60-83EA-B4B1A3895493}.Pkg|Any CPU.ActiveCfg = Debug|Any CPU
		{39C1F7BE-3C68-4B60-83EA-B4B1A3895493}.Pkg|Any CPU.Build.0 = Debug|Any CPU
		{39C1F7BE-3C68-4B60-83EA-B4B1A3895493}.Pkg|Mixed Platforms.ActiveCfg = Debug|Any CPU
		{39C1F7BE-3C68-4B60-83EA-B4B1A3895493}.Pkg|Mixed Platforms.Build.0 = Debug|Any CPU
		{39C1F7BE-3C68-4B60-83EA-B4B1A3895493}.Pkg|Win32.ActiveCfg = Debug|Any CPU
		{39C1F7BE-3C68-4B60-83EA-B4B1A3895493}.Pkg|Win32.Build.0 = Debug|Any CPU
		{39C1F7BE-3C68-4B60-83EA-B4B1A3895493}.Pkg|x64.ActiveCfg = Debug|Any CPU
		{39C1F7BE-3C68-4B60-83EA-B4B1A3895493}.Pkg|x64.Build.0 = Debug|Any CPU
		{39C1F7BE-3C68-4B60-83EA-B4B1A3895493}.Pkg|x86.ActiveCfg = Debug|Any CPU
		{39C1F7BE-3C68-4B60-83EA-B4B1A3895493}.Pkg|x86.Build.0 = Debug|Any CPU
		{39C1F7BE-3C68-4B60-83EA-B4B1A3895493}.Release|Any CPU.ActiveCfg = Release|Any CPU
		{39C1F7BE-3C68-4B60-83EA-B4B1A3895493}.Release|Any CPU.Build.0 = Release|Any CPU
		{39C1F7BE-3C68-4B60-83EA-B4B1A3895493}.Release|Mixed Platforms.ActiveCfg = Release|Any CPU
		{39C1F7BE-3C68-4B60-83EA-B4B1A3895493}.Release|Mixed Platforms.Build.0 = Release|Any CPU
		{39C1F7BE-3C68-4B60-83EA-B4B1A3895493}.Release|Win32.ActiveCfg = Release|Any CPU
		{39C1F7BE-3C68-4B60-83EA-B4B1A3895493}.Release|Win32.Build.0 = Release|Any CPU
		{39C1F7BE-3C68-4B60-83EA-B4B1A3895493}.Release|x64.ActiveCfg = Release|Any CPU
		{39C1F7BE-3C68-4B60-83EA-B4B1A3895493}.Release|x64.Build.0 = Release|Any CPU
		{39C1F7BE-3C68-4B60-83EA-B4B1A3895493}.Release|x86.ActiveCfg = Release|Any CPU
		{39C1F7BE-3C68-4B60-83EA-B4B1A3895493}.Release|x86.Build.0 = Release|Any CPU
		{F4B14397-090C-4EAE-A746-717796D15D98}.Debug|Any CPU.ActiveCfg = Debug|Any CPU
		{F4B14397-090C-4EAE-A746-717796D15D98}.Debug|Any CPU.Build.0 = Debug|Any CPU
		{F4B14397-090C-4EAE-A746-717796D15D98}.Debug|Mixed Platforms.ActiveCfg = Debug|Any CPU
		{F4B14397-090C-4EAE-A746-717796D15D98}.Debug|Mixed Platforms.Build.0 = Debug|Any CPU
		{F4B14397-090C-4EAE-A746-717796D15D98}.Debug|Win32.ActiveCfg = Debug|Any CPU
		{F4B14397-090C-4EAE-A746-717796D15D98}.Debug|Win32.Build.0 = Debug|Any CPU
		{F4B14397-090C-4EAE-A746-717796D15D98}.Debug|x64.ActiveCfg = Debug|Any CPU
		{F4B14397-090C-4EAE-A746-717796D15D98}.Debug|x64.Build.0 = Debug|Any CPU
		{F4B14397-090C-4EAE-A746-717796D15D98}.Debug|x86.ActiveCfg = Debug|Any CPU
		{F4B14397-090C-4EAE-A746-717796D15D98}.Debug|x86.Build.0 = Debug|Any CPU
		{F4B14397-090C-4EAE-A746-717796D15D98}.Pkg|Any CPU.ActiveCfg = Debug|Any CPU
		{F4B14397-090C-4EAE-A746-717796D15D98}.Pkg|Any CPU.Build.0 = Debug|Any CPU
		{F4B14397-090C-4EAE-A746-717796D15D98}.Pkg|Mixed Platforms.ActiveCfg = Debug|Any CPU
		{F4B14397-090C-4EAE-A746-717796D15D98}.Pkg|Mixed Platforms.Build.0 = Debug|Any CPU
		{F4B14397-090C-4EAE-A746-717796D15D98}.Pkg|Win32.ActiveCfg = Debug|Any CPU
		{F4B14397-090C-4EAE-A746-717796D15D98}.Pkg|Win32.Build.0 = Debug|Any CPU
		{F4B14397-090C-4EAE-A746-717796D15D98}.Pkg|x64.ActiveCfg = Debug|Any CPU
		{F4B14397-090C-4EAE-A746-717796D15D98}.Pkg|x64.Build.0 = Debug|Any CPU
		{F4B14397-090C-4EAE-A746-717796D15D98}.Pkg|x86.ActiveCfg = Debug|Any CPU
		{F4B14397-090C-4EAE-A746-717796D15D98}.Pkg|x86.Build.0 = Debug|Any CPU
		{F4B14397-090C-4EAE-A746-717796D15D98}.Release|Any CPU.ActiveCfg = Release|Any CPU
		{F4B14397-090C-4EAE-A746-717796D15D98}.Release|Any CPU.Build.0 = Release|Any CPU
		{F4B14397-090C-4EAE-A746-717796D15D98}.Release|Mixed Platforms.ActiveCfg = Release|Any CPU
		{F4B14397-090C-4EAE-A746-717796D15D98}.Release|Mixed Platforms.Build.0 = Release|Any CPU
		{F4B14397-090C-4EAE-A746-717796D15D98}.Release|Win32.ActiveCfg = Release|Any CPU
		{F4B14397-090C-4EAE-A746-717796D15D98}.Release|Win32.Build.0 = Release|Any CPU
		{F4B14397-090C-4EAE-A746-717796D15D98}.Release|x64.ActiveCfg = Release|Any CPU
		{F4B14397-090C-4EAE-A746-717796D15D98}.Release|x64.Build.0 = Release|Any CPU
		{F4B14397-090C-4EAE-A746-717796D15D98}.Release|x86.ActiveCfg = Release|Any CPU
		{F4B14397-090C-4EAE-A746-717796D15D98}.Release|x86.Build.0 = Release|Any CPU
	EndGlobalSection
	GlobalSection(SolutionProperties) = preSolution
		HideSolutionNode = FALSE
	EndGlobalSection
	GlobalSection(NestedProjects) = preSolution
		{4667E45A-0EB2-40CF-B431-319D2960F469} = {D913E613-6FAB-4D9D-8206-7B58C0641295}
		{FA3739EA-5D75-46AA-B856-014DB3A5E017} = {DCD744E4-D218-4B3C-A1E1-4D7C33401CE8}
		{4510E186-A2DE-46B4-A29C-C171EF17A690} = {D913E613-6FAB-4D9D-8206-7B58C0641295}
		{B034D93F-B140-40C0-A640-BBA4FB8B85E3} = {D913E613-6FAB-4D9D-8206-7B58C0641295}
		{F074ECB5-6FE0-4AA7-B11D-92D23EEEB22A} = {DCD744E4-D218-4B3C-A1E1-4D7C33401CE8}
		{9EEB5AFE-106A-45E1-A587-CC4EB3AED2E8} = {DCD744E4-D218-4B3C-A1E1-4D7C33401CE8}
		{E09B2CCE-C5BB-4760-8A42-BAB0B69EB3F1} = {D913E613-6FAB-4D9D-8206-7B58C0641295}
		{F354C3F5-7789-445B-9C9A-D6836B7EE170} = {DCD744E4-D218-4B3C-A1E1-4D7C33401CE8}
		{25A94905-7E58-463C-BED8-D3004135CFCC} = {D913E613-6FAB-4D9D-8206-7B58C0641295}
		{BE984CE6-64F3-4932-8565-1A06597F0A0E} = {DCD744E4-D218-4B3C-A1E1-4D7C33401CE8}
		{3527CF45-740B-4175-BC1F-FF2EB3675E7C} = {D913E613-6FAB-4D9D-8206-7B58C0641295}
		{106C2C8F-B342-4A1D-9797-97B40F0CBF12} = {DCD744E4-D218-4B3C-A1E1-4D7C33401CE8}
		{E0F6D6A3-23FB-44EF-8247-89B6CA07C905} = {D913E613-6FAB-4D9D-8206-7B58C0641295}
		{6B5FB4C2-16EB-4341-9164-04CF02B448D6} = {DCD744E4-D218-4B3C-A1E1-4D7C33401CE8}
		{39C1F7BE-3C68-4B60-83EA-B4B1A3895493} = {D913E613-6FAB-4D9D-8206-7B58C0641295}
		{F4B14397-090C-4EAE-A746-717796D15D98} = {DCD744E4-D218-4B3C-A1E1-4D7C33401CE8}
	EndGlobalSection
	GlobalSection(ExtensibilityGlobals) = postSolution
		SolutionGuid = {F5CFF5DF-D475-4389-8A55-500295E3A426}
	EndGlobalSection
	GlobalSection(TestCaseManagementSettings) = postSolution
		CategoryFile = NoFuture.vsmdi
	EndGlobalSection
EndGlobal
