Microsoft Visual Studio Solution File, Format Version 12.00
# Visual Studio 15
VisualStudioVersion = 15.0.27004.2005
MinimumVisualStudioVersion = 10.0.40219.1
Project("{2150E333-8FDC-42A3-9474-1A3956D46DE8}") = "_Tests", "_Tests", "{DCD744E4-D218-4B3C-A1E1-4D7C33401CE8}"
EndProject
Project("{2150E333-8FDC-42A3-9474-1A3956D46DE8}") = ".nuget", ".nuget", "{A18BF978-7283-4166-84C6-83D489F04169}"
	ProjectSection(SolutionItems) = preProject
		.nuget\NuGet.Config = .nuget\NuGet.Config
		.nuget\NuGet.exe = .nuget\NuGet.exe
		.nuget\NuGet.targets = .nuget\NuGet.targets
	EndProjectSection
EndProject
Project("{2150E333-8FDC-42A3-9474-1A3956D46DE8}") = "Util", "Util", "{77044E09-744B-454C-9C02-E7058ECB2851}"
EndProject
Project("{2150E333-8FDC-42A3-9474-1A3956D46DE8}") = "Shared", "Shared", "{BAF95A25-5D6A-47DF-9B74-0A30D33C073C}"
EndProject
Project("{FAE04EC0-301F-11D3-BF4B-00C04F79EFBC}") = "Shared.Core", "NoFuture\Shared\Core\Shared.Core.csproj", "{6ECA48DC-FDB4-4660-9914-3B74D5975FF9}"
EndProject
Project("{FAE04EC0-301F-11D3-BF4B-00C04F79EFBC}") = "Util.Core", "NoFuture\Util\Core\Util.Core.csproj", "{349A1C91-CA14-4D04-946D-8B257A863CE0}"
EndProject
Project("{FAE04EC0-301F-11D3-BF4B-00C04F79EFBC}") = "Util.Core.Tests", "NoFuture.Tests\Util\Core.Tests\Util.Core.Tests.csproj", "{05EACDC7-C907-4BE5-AE1E-5ACD905DFDCB}"
EndProject
Project("{2150E333-8FDC-42A3-9474-1A3956D46DE8}") = "Timeline", "Timeline", "{79D061B1-D829-4612-81F6-49B94534B739}"
EndProject
Project("{FAE04EC0-301F-11D3-BF4B-00C04F79EFBC}") = "Timeline", "NoFuture\Timeline\Timeline.csproj", "{FBA7203D-CD5C-4C26-BBE8-C09AB4DB9467}"
EndProject
Project("{FAE04EC0-301F-11D3-BF4B-00C04F79EFBC}") = "Util.Core.Math", "NoFuture\Util\Core\Math\Util.Core.Math.csproj", "{5BC9B3AA-96DF-4E29-B5B7-961D28AF76B3}"
EndProject
Project("{FAE04EC0-301F-11D3-BF4B-00C04F79EFBC}") = "Timeline.Tests", "NoFuture.Tests\Timeline\Timeline.Tests.csproj", "{E5AA3216-1655-4074-A7E9-893E58F6845A}"
EndProject
Global
	GlobalSection(SolutionConfigurationPlatforms) = preSolution
		Debug|Any CPU = Debug|Any CPU
		Debug|Mixed Platforms = Debug|Mixed Platforms
		Debug|Win32 = Debug|Win32
		Debug|x64 = Debug|x64
		Debug|x86 = Debug|x86
		Pkg|Any CPU = Pkg|Any CPU
		Pkg|Mixed Platforms = Pkg|Mixed Platforms
		Pkg|Win32 = Pkg|Win32
		Pkg|x64 = Pkg|x64
		Pkg|x86 = Pkg|x86
		Release|Any CPU = Release|Any CPU
		Release|Mixed Platforms = Release|Mixed Platforms
		Release|Win32 = Release|Win32
		Release|x64 = Release|x64
		Release|x86 = Release|x86
	EndGlobalSection
	GlobalSection(ProjectConfigurationPlatforms) = postSolution
		{6ECA48DC-FDB4-4660-9914-3B74D5975FF9}.Debug|Any CPU.ActiveCfg = Debug|Any CPU
		{6ECA48DC-FDB4-4660-9914-3B74D5975FF9}.Debug|Any CPU.Build.0 = Debug|Any CPU
		{6ECA48DC-FDB4-4660-9914-3B74D5975FF9}.Debug|Mixed Platforms.ActiveCfg = Debug|Any CPU
		{6ECA48DC-FDB4-4660-9914-3B74D5975FF9}.Debug|Mixed Platforms.Build.0 = Debug|Any CPU
		{6ECA48DC-FDB4-4660-9914-3B74D5975FF9}.Debug|Win32.ActiveCfg = Debug|Any CPU
		{6ECA48DC-FDB4-4660-9914-3B74D5975FF9}.Debug|Win32.Build.0 = Debug|Any CPU
		{6ECA48DC-FDB4-4660-9914-3B74D5975FF9}.Debug|x64.ActiveCfg = Debug|Any CPU
		{6ECA48DC-FDB4-4660-9914-3B74D5975FF9}.Debug|x64.Build.0 = Debug|Any CPU
		{6ECA48DC-FDB4-4660-9914-3B74D5975FF9}.Debug|x86.ActiveCfg = Debug|Any CPU
		{6ECA48DC-FDB4-4660-9914-3B74D5975FF9}.Debug|x86.Build.0 = Debug|Any CPU
		{6ECA48DC-FDB4-4660-9914-3B74D5975FF9}.Pkg|Any CPU.ActiveCfg = Release|Any CPU
		{6ECA48DC-FDB4-4660-9914-3B74D5975FF9}.Pkg|Any CPU.Build.0 = Release|Any CPU
		{6ECA48DC-FDB4-4660-9914-3B74D5975FF9}.Pkg|Mixed Platforms.ActiveCfg = Release|Any CPU
		{6ECA48DC-FDB4-4660-9914-3B74D5975FF9}.Pkg|Mixed Platforms.Build.0 = Release|Any CPU
		{6ECA48DC-FDB4-4660-9914-3B74D5975FF9}.Pkg|Win32.ActiveCfg = Release|Any CPU
		{6ECA48DC-FDB4-4660-9914-3B74D5975FF9}.Pkg|Win32.Build.0 = Release|Any CPU
		{6ECA48DC-FDB4-4660-9914-3B74D5975FF9}.Pkg|x64.ActiveCfg = Release|Any CPU
		{6ECA48DC-FDB4-4660-9914-3B74D5975FF9}.Pkg|x64.Build.0 = Release|Any CPU
		{6ECA48DC-FDB4-4660-9914-3B74D5975FF9}.Pkg|x86.ActiveCfg = Release|Any CPU
		{6ECA48DC-FDB4-4660-9914-3B74D5975FF9}.Pkg|x86.Build.0 = Release|Any CPU
		{6ECA48DC-FDB4-4660-9914-3B74D5975FF9}.Release|Any CPU.ActiveCfg = Release|Any CPU
		{6ECA48DC-FDB4-4660-9914-3B74D5975FF9}.Release|Any CPU.Build.0 = Release|Any CPU
		{6ECA48DC-FDB4-4660-9914-3B74D5975FF9}.Release|Mixed Platforms.ActiveCfg = Release|Any CPU
		{6ECA48DC-FDB4-4660-9914-3B74D5975FF9}.Release|Mixed Platforms.Build.0 = Release|Any CPU
		{6ECA48DC-FDB4-4660-9914-3B74D5975FF9}.Release|Win32.ActiveCfg = Release|Any CPU
		{6ECA48DC-FDB4-4660-9914-3B74D5975FF9}.Release|Win32.Build.0 = Release|Any CPU
		{6ECA48DC-FDB4-4660-9914-3B74D5975FF9}.Release|x64.ActiveCfg = Release|Any CPU
		{6ECA48DC-FDB4-4660-9914-3B74D5975FF9}.Release|x64.Build.0 = Release|Any CPU
		{6ECA48DC-FDB4-4660-9914-3B74D5975FF9}.Release|x86.ActiveCfg = Release|Any CPU
		{6ECA48DC-FDB4-4660-9914-3B74D5975FF9}.Release|x86.Build.0 = Release|Any CPU
		{349A1C91-CA14-4D04-946D-8B257A863CE0}.Debug|Any CPU.ActiveCfg = Debug|Any CPU
		{349A1C91-CA14-4D04-946D-8B257A863CE0}.Debug|Any CPU.Build.0 = Debug|Any CPU
		{349A1C91-CA14-4D04-946D-8B257A863CE0}.Debug|Mixed Platforms.ActiveCfg = Debug|Any CPU
		{349A1C91-CA14-4D04-946D-8B257A863CE0}.Debug|Mixed Platforms.Build.0 = Debug|Any CPU
		{349A1C91-CA14-4D04-946D-8B257A863CE0}.Debug|Win32.ActiveCfg = Debug|Any CPU
		{349A1C91-CA14-4D04-946D-8B257A863CE0}.Debug|Win32.Build.0 = Debug|Any CPU
		{349A1C91-CA14-4D04-946D-8B257A863CE0}.Debug|x64.ActiveCfg = Debug|Any CPU
		{349A1C91-CA14-4D04-946D-8B257A863CE0}.Debug|x64.Build.0 = Debug|Any CPU
		{349A1C91-CA14-4D04-946D-8B257A863CE0}.Debug|x86.ActiveCfg = Debug|Any CPU
		{349A1C91-CA14-4D04-946D-8B257A863CE0}.Debug|x86.Build.0 = Debug|Any CPU
		{349A1C91-CA14-4D04-946D-8B257A863CE0}.Pkg|Any CPU.ActiveCfg = Release|Any CPU
		{349A1C91-CA14-4D04-946D-8B257A863CE0}.Pkg|Any CPU.Build.0 = Release|Any CPU
		{349A1C91-CA14-4D04-946D-8B257A863CE0}.Pkg|Mixed Platforms.ActiveCfg = Release|Any CPU
		{349A1C91-CA14-4D04-946D-8B257A863CE0}.Pkg|Mixed Platforms.Build.0 = Release|Any CPU
		{349A1C91-CA14-4D04-946D-8B257A863CE0}.Pkg|Win32.ActiveCfg = Release|Any CPU
		{349A1C91-CA14-4D04-946D-8B257A863CE0}.Pkg|Win32.Build.0 = Release|Any CPU
		{349A1C91-CA14-4D04-946D-8B257A863CE0}.Pkg|x64.ActiveCfg = Release|Any CPU
		{349A1C91-CA14-4D04-946D-8B257A863CE0}.Pkg|x64.Build.0 = Release|Any CPU
		{349A1C91-CA14-4D04-946D-8B257A863CE0}.Pkg|x86.ActiveCfg = Release|Any CPU
		{349A1C91-CA14-4D04-946D-8B257A863CE0}.Pkg|x86.Build.0 = Release|Any CPU
		{349A1C91-CA14-4D04-946D-8B257A863CE0}.Release|Any CPU.ActiveCfg = Release|Any CPU
		{349A1C91-CA14-4D04-946D-8B257A863CE0}.Release|Any CPU.Build.0 = Release|Any CPU
		{349A1C91-CA14-4D04-946D-8B257A863CE0}.Release|Mixed Platforms.ActiveCfg = Release|Any CPU
		{349A1C91-CA14-4D04-946D-8B257A863CE0}.Release|Mixed Platforms.Build.0 = Release|Any CPU
		{349A1C91-CA14-4D04-946D-8B257A863CE0}.Release|Win32.ActiveCfg = Release|Any CPU
		{349A1C91-CA14-4D04-946D-8B257A863CE0}.Release|Win32.Build.0 = Release|Any CPU
		{349A1C91-CA14-4D04-946D-8B257A863CE0}.Release|x64.ActiveCfg = Release|Any CPU
		{349A1C91-CA14-4D04-946D-8B257A863CE0}.Release|x64.Build.0 = Release|Any CPU
		{349A1C91-CA14-4D04-946D-8B257A863CE0}.Release|x86.ActiveCfg = Release|Any CPU
		{349A1C91-CA14-4D04-946D-8B257A863CE0}.Release|x86.Build.0 = Release|Any CPU
		{05EACDC7-C907-4BE5-AE1E-5ACD905DFDCB}.Debug|Any CPU.ActiveCfg = Debug|Any CPU
		{05EACDC7-C907-4BE5-AE1E-5ACD905DFDCB}.Debug|Any CPU.Build.0 = Debug|Any CPU
		{05EACDC7-C907-4BE5-AE1E-5ACD905DFDCB}.Debug|Mixed Platforms.ActiveCfg = Debug|Any CPU
		{05EACDC7-C907-4BE5-AE1E-5ACD905DFDCB}.Debug|Mixed Platforms.Build.0 = Debug|Any CPU
		{05EACDC7-C907-4BE5-AE1E-5ACD905DFDCB}.Debug|Win32.ActiveCfg = Debug|Any CPU
		{05EACDC7-C907-4BE5-AE1E-5ACD905DFDCB}.Debug|Win32.Build.0 = Debug|Any CPU
		{05EACDC7-C907-4BE5-AE1E-5ACD905DFDCB}.Debug|x64.ActiveCfg = Debug|Any CPU
		{05EACDC7-C907-4BE5-AE1E-5ACD905DFDCB}.Debug|x64.Build.0 = Debug|Any CPU
		{05EACDC7-C907-4BE5-AE1E-5ACD905DFDCB}.Debug|x86.ActiveCfg = Debug|Any CPU
		{05EACDC7-C907-4BE5-AE1E-5ACD905DFDCB}.Debug|x86.Build.0 = Debug|Any CPU
		{05EACDC7-C907-4BE5-AE1E-5ACD905DFDCB}.Pkg|Any CPU.ActiveCfg = Release|Any CPU
		{05EACDC7-C907-4BE5-AE1E-5ACD905DFDCB}.Pkg|Any CPU.Build.0 = Release|Any CPU
		{05EACDC7-C907-4BE5-AE1E-5ACD905DFDCB}.Pkg|Mixed Platforms.ActiveCfg = Release|Any CPU
		{05EACDC7-C907-4BE5-AE1E-5ACD905DFDCB}.Pkg|Mixed Platforms.Build.0 = Release|Any CPU
		{05EACDC7-C907-4BE5-AE1E-5ACD905DFDCB}.Pkg|Win32.ActiveCfg = Release|Any CPU
		{05EACDC7-C907-4BE5-AE1E-5ACD905DFDCB}.Pkg|Win32.Build.0 = Release|Any CPU
		{05EACDC7-C907-4BE5-AE1E-5ACD905DFDCB}.Pkg|x64.ActiveCfg = Release|Any CPU
		{05EACDC7-C907-4BE5-AE1E-5ACD905DFDCB}.Pkg|x64.Build.0 = Release|Any CPU
		{05EACDC7-C907-4BE5-AE1E-5ACD905DFDCB}.Pkg|x86.ActiveCfg = Release|Any CPU
		{05EACDC7-C907-4BE5-AE1E-5ACD905DFDCB}.Pkg|x86.Build.0 = Release|Any CPU
		{05EACDC7-C907-4BE5-AE1E-5ACD905DFDCB}.Release|Any CPU.ActiveCfg = Release|Any CPU
		{05EACDC7-C907-4BE5-AE1E-5ACD905DFDCB}.Release|Any CPU.Build.0 = Release|Any CPU
		{05EACDC7-C907-4BE5-AE1E-5ACD905DFDCB}.Release|Mixed Platforms.ActiveCfg = Release|Any CPU
		{05EACDC7-C907-4BE5-AE1E-5ACD905DFDCB}.Release|Mixed Platforms.Build.0 = Release|Any CPU
		{05EACDC7-C907-4BE5-AE1E-5ACD905DFDCB}.Release|Win32.ActiveCfg = Release|Any CPU
		{05EACDC7-C907-4BE5-AE1E-5ACD905DFDCB}.Release|Win32.Build.0 = Release|Any CPU
		{05EACDC7-C907-4BE5-AE1E-5ACD905DFDCB}.Release|x64.ActiveCfg = Release|Any CPU
		{05EACDC7-C907-4BE5-AE1E-5ACD905DFDCB}.Release|x64.Build.0 = Release|Any CPU
		{05EACDC7-C907-4BE5-AE1E-5ACD905DFDCB}.Release|x86.ActiveCfg = Release|Any CPU
		{05EACDC7-C907-4BE5-AE1E-5ACD905DFDCB}.Release|x86.Build.0 = Release|Any CPU
		{FBA7203D-CD5C-4C26-BBE8-C09AB4DB9467}.Debug|Any CPU.ActiveCfg = Debug|Any CPU
		{FBA7203D-CD5C-4C26-BBE8-C09AB4DB9467}.Debug|Any CPU.Build.0 = Debug|Any CPU
		{FBA7203D-CD5C-4C26-BBE8-C09AB4DB9467}.Debug|Mixed Platforms.ActiveCfg = Debug|Any CPU
		{FBA7203D-CD5C-4C26-BBE8-C09AB4DB9467}.Debug|Mixed Platforms.Build.0 = Debug|Any CPU
		{FBA7203D-CD5C-4C26-BBE8-C09AB4DB9467}.Debug|Win32.ActiveCfg = Debug|Any CPU
		{FBA7203D-CD5C-4C26-BBE8-C09AB4DB9467}.Debug|Win32.Build.0 = Debug|Any CPU
		{FBA7203D-CD5C-4C26-BBE8-C09AB4DB9467}.Debug|x64.ActiveCfg = Debug|Any CPU
		{FBA7203D-CD5C-4C26-BBE8-C09AB4DB9467}.Debug|x64.Build.0 = Debug|Any CPU
		{FBA7203D-CD5C-4C26-BBE8-C09AB4DB9467}.Debug|x86.ActiveCfg = Debug|Any CPU
		{FBA7203D-CD5C-4C26-BBE8-C09AB4DB9467}.Debug|x86.Build.0 = Debug|Any CPU
		{FBA7203D-CD5C-4C26-BBE8-C09AB4DB9467}.Pkg|Any CPU.ActiveCfg = Pkg|Any CPU
		{FBA7203D-CD5C-4C26-BBE8-C09AB4DB9467}.Pkg|Any CPU.Build.0 = Pkg|Any CPU
		{FBA7203D-CD5C-4C26-BBE8-C09AB4DB9467}.Pkg|Mixed Platforms.ActiveCfg = Pkg|Any CPU
		{FBA7203D-CD5C-4C26-BBE8-C09AB4DB9467}.Pkg|Mixed Platforms.Build.0 = Pkg|Any CPU
		{FBA7203D-CD5C-4C26-BBE8-C09AB4DB9467}.Pkg|Win32.ActiveCfg = Pkg|Any CPU
		{FBA7203D-CD5C-4C26-BBE8-C09AB4DB9467}.Pkg|Win32.Build.0 = Pkg|Any CPU
		{FBA7203D-CD5C-4C26-BBE8-C09AB4DB9467}.Pkg|x64.ActiveCfg = Pkg|Any CPU
		{FBA7203D-CD5C-4C26-BBE8-C09AB4DB9467}.Pkg|x64.Build.0 = Pkg|Any CPU
		{FBA7203D-CD5C-4C26-BBE8-C09AB4DB9467}.Pkg|x86.ActiveCfg = Pkg|Any CPU
		{FBA7203D-CD5C-4C26-BBE8-C09AB4DB9467}.Pkg|x86.Build.0 = Pkg|Any CPU
		{FBA7203D-CD5C-4C26-BBE8-C09AB4DB9467}.Release|Any CPU.ActiveCfg = Release|Any CPU
		{FBA7203D-CD5C-4C26-BBE8-C09AB4DB9467}.Release|Any CPU.Build.0 = Release|Any CPU
		{FBA7203D-CD5C-4C26-BBE8-C09AB4DB9467}.Release|Mixed Platforms.ActiveCfg = Release|Any CPU
		{FBA7203D-CD5C-4C26-BBE8-C09AB4DB9467}.Release|Mixed Platforms.Build.0 = Release|Any CPU
		{FBA7203D-CD5C-4C26-BBE8-C09AB4DB9467}.Release|Win32.ActiveCfg = Release|Any CPU
		{FBA7203D-CD5C-4C26-BBE8-C09AB4DB9467}.Release|Win32.Build.0 = Release|Any CPU
		{FBA7203D-CD5C-4C26-BBE8-C09AB4DB9467}.Release|x64.ActiveCfg = Release|Any CPU
		{FBA7203D-CD5C-4C26-BBE8-C09AB4DB9467}.Release|x64.Build.0 = Release|Any CPU
		{FBA7203D-CD5C-4C26-BBE8-C09AB4DB9467}.Release|x86.ActiveCfg = Release|Any CPU
		{FBA7203D-CD5C-4C26-BBE8-C09AB4DB9467}.Release|x86.Build.0 = Release|Any CPU
		{5BC9B3AA-96DF-4E29-B5B7-961D28AF76B3}.Debug|Any CPU.ActiveCfg = Debug|Any CPU
		{5BC9B3AA-96DF-4E29-B5B7-961D28AF76B3}.Debug|Any CPU.Build.0 = Debug|Any CPU
		{5BC9B3AA-96DF-4E29-B5B7-961D28AF76B3}.Debug|Mixed Platforms.ActiveCfg = Debug|Any CPU
		{5BC9B3AA-96DF-4E29-B5B7-961D28AF76B3}.Debug|Mixed Platforms.Build.0 = Debug|Any CPU
		{5BC9B3AA-96DF-4E29-B5B7-961D28AF76B3}.Debug|Win32.ActiveCfg = Debug|Any CPU
		{5BC9B3AA-96DF-4E29-B5B7-961D28AF76B3}.Debug|Win32.Build.0 = Debug|Any CPU
		{5BC9B3AA-96DF-4E29-B5B7-961D28AF76B3}.Debug|x64.ActiveCfg = Debug|Any CPU
		{5BC9B3AA-96DF-4E29-B5B7-961D28AF76B3}.Debug|x64.Build.0 = Debug|Any CPU
		{5BC9B3AA-96DF-4E29-B5B7-961D28AF76B3}.Debug|x86.ActiveCfg = Debug|Any CPU
		{5BC9B3AA-96DF-4E29-B5B7-961D28AF76B3}.Debug|x86.Build.0 = Debug|Any CPU
		{5BC9B3AA-96DF-4E29-B5B7-961D28AF76B3}.Pkg|Any CPU.ActiveCfg = Release|Any CPU
		{5BC9B3AA-96DF-4E29-B5B7-961D28AF76B3}.Pkg|Any CPU.Build.0 = Release|Any CPU
		{5BC9B3AA-96DF-4E29-B5B7-961D28AF76B3}.Pkg|Mixed Platforms.ActiveCfg = Release|Any CPU
		{5BC9B3AA-96DF-4E29-B5B7-961D28AF76B3}.Pkg|Mixed Platforms.Build.0 = Release|Any CPU
		{5BC9B3AA-96DF-4E29-B5B7-961D28AF76B3}.Pkg|Win32.ActiveCfg = Release|Any CPU
		{5BC9B3AA-96DF-4E29-B5B7-961D28AF76B3}.Pkg|Win32.Build.0 = Release|Any CPU
		{5BC9B3AA-96DF-4E29-B5B7-961D28AF76B3}.Pkg|x64.ActiveCfg = Release|Any CPU
		{5BC9B3AA-96DF-4E29-B5B7-961D28AF76B3}.Pkg|x64.Build.0 = Release|Any CPU
		{5BC9B3AA-96DF-4E29-B5B7-961D28AF76B3}.Pkg|x86.ActiveCfg = Release|Any CPU
		{5BC9B3AA-96DF-4E29-B5B7-961D28AF76B3}.Pkg|x86.Build.0 = Release|Any CPU
		{5BC9B3AA-96DF-4E29-B5B7-961D28AF76B3}.Release|Any CPU.ActiveCfg = Release|Any CPU
		{5BC9B3AA-96DF-4E29-B5B7-961D28AF76B3}.Release|Any CPU.Build.0 = Release|Any CPU
		{5BC9B3AA-96DF-4E29-B5B7-961D28AF76B3}.Release|Mixed Platforms.ActiveCfg = Release|Any CPU
		{5BC9B3AA-96DF-4E29-B5B7-961D28AF76B3}.Release|Mixed Platforms.Build.0 = Release|Any CPU
		{5BC9B3AA-96DF-4E29-B5B7-961D28AF76B3}.Release|Win32.ActiveCfg = Release|Any CPU
		{5BC9B3AA-96DF-4E29-B5B7-961D28AF76B3}.Release|Win32.Build.0 = Release|Any CPU
		{5BC9B3AA-96DF-4E29-B5B7-961D28AF76B3}.Release|x64.ActiveCfg = Release|Any CPU
		{5BC9B3AA-96DF-4E29-B5B7-961D28AF76B3}.Release|x64.Build.0 = Release|Any CPU
		{5BC9B3AA-96DF-4E29-B5B7-961D28AF76B3}.Release|x86.ActiveCfg = Release|Any CPU
		{5BC9B3AA-96DF-4E29-B5B7-961D28AF76B3}.Release|x86.Build.0 = Release|Any CPU
		{E5AA3216-1655-4074-A7E9-893E58F6845A}.Debug|Any CPU.ActiveCfg = Debug|Any CPU
		{E5AA3216-1655-4074-A7E9-893E58F6845A}.Debug|Any CPU.Build.0 = Debug|Any CPU
		{E5AA3216-1655-4074-A7E9-893E58F6845A}.Debug|Mixed Platforms.ActiveCfg = Debug|Any CPU
		{E5AA3216-1655-4074-A7E9-893E58F6845A}.Debug|Mixed Platforms.Build.0 = Debug|Any CPU
		{E5AA3216-1655-4074-A7E9-893E58F6845A}.Debug|Win32.ActiveCfg = Debug|Any CPU
		{E5AA3216-1655-4074-A7E9-893E58F6845A}.Debug|Win32.Build.0 = Debug|Any CPU
		{E5AA3216-1655-4074-A7E9-893E58F6845A}.Debug|x64.ActiveCfg = Debug|Any CPU
		{E5AA3216-1655-4074-A7E9-893E58F6845A}.Debug|x64.Build.0 = Debug|Any CPU
		{E5AA3216-1655-4074-A7E9-893E58F6845A}.Debug|x86.ActiveCfg = Debug|Any CPU
		{E5AA3216-1655-4074-A7E9-893E58F6845A}.Debug|x86.Build.0 = Debug|Any CPU
		{E5AA3216-1655-4074-A7E9-893E58F6845A}.Pkg|Any CPU.ActiveCfg = Release|Any CPU
		{E5AA3216-1655-4074-A7E9-893E58F6845A}.Pkg|Any CPU.Build.0 = Release|Any CPU
		{E5AA3216-1655-4074-A7E9-893E58F6845A}.Pkg|Mixed Platforms.ActiveCfg = Release|Any CPU
		{E5AA3216-1655-4074-A7E9-893E58F6845A}.Pkg|Mixed Platforms.Build.0 = Release|Any CPU
		{E5AA3216-1655-4074-A7E9-893E58F6845A}.Pkg|Win32.ActiveCfg = Release|Any CPU
		{E5AA3216-1655-4074-A7E9-893E58F6845A}.Pkg|Win32.Build.0 = Release|Any CPU
		{E5AA3216-1655-4074-A7E9-893E58F6845A}.Pkg|x64.ActiveCfg = Release|Any CPU
		{E5AA3216-1655-4074-A7E9-893E58F6845A}.Pkg|x64.Build.0 = Release|Any CPU
		{E5AA3216-1655-4074-A7E9-893E58F6845A}.Pkg|x86.ActiveCfg = Release|Any CPU
		{E5AA3216-1655-4074-A7E9-893E58F6845A}.Pkg|x86.Build.0 = Release|Any CPU
		{E5AA3216-1655-4074-A7E9-893E58F6845A}.Release|Any CPU.ActiveCfg = Release|Any CPU
		{E5AA3216-1655-4074-A7E9-893E58F6845A}.Release|Any CPU.Build.0 = Release|Any CPU
		{E5AA3216-1655-4074-A7E9-893E58F6845A}.Release|Mixed Platforms.ActiveCfg = Release|Any CPU
		{E5AA3216-1655-4074-A7E9-893E58F6845A}.Release|Mixed Platforms.Build.0 = Release|Any CPU
		{E5AA3216-1655-4074-A7E9-893E58F6845A}.Release|Win32.ActiveCfg = Release|Any CPU
		{E5AA3216-1655-4074-A7E9-893E58F6845A}.Release|Win32.Build.0 = Release|Any CPU
		{E5AA3216-1655-4074-A7E9-893E58F6845A}.Release|x64.ActiveCfg = Release|Any CPU
		{E5AA3216-1655-4074-A7E9-893E58F6845A}.Release|x64.Build.0 = Release|Any CPU
		{E5AA3216-1655-4074-A7E9-893E58F6845A}.Release|x86.ActiveCfg = Release|Any CPU
		{E5AA3216-1655-4074-A7E9-893E58F6845A}.Release|x86.Build.0 = Release|Any CPU
	EndGlobalSection
	GlobalSection(SolutionProperties) = preSolution
		HideSolutionNode = FALSE
	EndGlobalSection
	GlobalSection(NestedProjects) = preSolution
		{6ECA48DC-FDB4-4660-9914-3B74D5975FF9} = {BAF95A25-5D6A-47DF-9B74-0A30D33C073C}
		{349A1C91-CA14-4D04-946D-8B257A863CE0} = {77044E09-744B-454C-9C02-E7058ECB2851}
		{05EACDC7-C907-4BE5-AE1E-5ACD905DFDCB} = {DCD744E4-D218-4B3C-A1E1-4D7C33401CE8}
		{FBA7203D-CD5C-4C26-BBE8-C09AB4DB9467} = {79D061B1-D829-4612-81F6-49B94534B739}
		{5BC9B3AA-96DF-4E29-B5B7-961D28AF76B3} = {77044E09-744B-454C-9C02-E7058ECB2851}
		{E5AA3216-1655-4074-A7E9-893E58F6845A} = {DCD744E4-D218-4B3C-A1E1-4D7C33401CE8}
	EndGlobalSection
	GlobalSection(ExtensibilityGlobals) = postSolution
		SolutionGuid = {F5CFF5DF-D475-4389-8A55-500295E3A426}
	EndGlobalSection
	GlobalSection(TestCaseManagementSettings) = postSolution
		CategoryFile = NoFuture.vsmdi
	EndGlobalSection
EndGlobal
