Microsoft Visual Studio Solution File, Format Version 12.00
# Visual Studio 15
VisualStudioVersion = 15.0.27004.2005
MinimumVisualStudioVersion = 10.0.40219.1
Project("{2150E333-8FDC-42A3-9474-1A3956D46DE8}") = "_Tests", "_Tests", "{DCD744E4-D218-4B3C-A1E1-4D7C33401CE8}"
	ProjectSection(SolutionItems) = preProject
		Local.testsettings = Local.testsettings
		NoFuture.vsmdi = NoFuture.vsmdi
		TraceAndTestImpact.testsettings = TraceAndTestImpact.testsettings
	EndProjectSection
EndProject
Project("{2150E333-8FDC-42A3-9474-1A3956D46DE8}") = ".nuget", ".nuget", "{A18BF978-7283-4166-84C6-83D489F04169}"
	ProjectSection(SolutionItems) = preProject
		.nuget\NuGet.Config = .nuget\NuGet.Config
		.nuget\NuGet.exe = .nuget\NuGet.exe
		.nuget\NuGet.targets = .nuget\NuGet.targets
	EndProjectSection
EndProject
Project("{2150E333-8FDC-42A3-9474-1A3956D46DE8}") = "Rand", "Rand", "{D913E613-6FAB-4D9D-8206-7B58C0641295}"
EndProject
Project("{2150E333-8FDC-42A3-9474-1A3956D46DE8}") = "Util", "Util", "{77044E09-744B-454C-9C02-E7058ECB2851}"
EndProject
Project("{2150E333-8FDC-42A3-9474-1A3956D46DE8}") = "Shared", "Shared", "{BAF95A25-5D6A-47DF-9B74-0A30D33C073C}"
EndProject
Project("{FAE04EC0-301F-11D3-BF4B-00C04F79EFBC}") = "Rand", "NoFuture\Rand\Rand.csproj", "{71628E18-D27B-4F4E-B034-4B2AD4479E13}"
EndProject
Project("{FAE04EC0-301F-11D3-BF4B-00C04F79EFBC}") = "Rand.Data.Source", "NoFuture\Rand\Data\Source\Rand.Data.Source.csproj", "{4E011849-D274-4F79-96AF-549F67C46D80}"
EndProject
Project("{FAE04EC0-301F-11D3-BF4B-00C04F79EFBC}") = "Rand.Core", "NoFuture\Rand\Core\Rand.Core.csproj", "{3C5DF49D-AE94-431C-85A5-7F5B71AC777F}"
EndProject
Project("{FAE04EC0-301F-11D3-BF4B-00C04F79EFBC}") = "Shared.Core", "NoFuture\Shared\Core\Shared.Core.csproj", "{6ECA48DC-FDB4-4660-9914-3B74D5975FF9}"
EndProject
Project("{FAE04EC0-301F-11D3-BF4B-00C04F79EFBC}") = "Util.Core", "NoFuture\Util\Core\Util.Core.csproj", "{349A1C91-CA14-4D04-946D-8B257A863CE0}"
EndProject
Project("{FAE04EC0-301F-11D3-BF4B-00C04F79EFBC}") = "Rand.Tests", "NoFuture.Tests\Rand\Rand.Tests.csproj", "{820AD70D-2461-42DE-8FD5-9AF7B9B444E4}"
EndProject
Global
	GlobalSection(SolutionConfigurationPlatforms) = preSolution
		Debug|Any CPU = Debug|Any CPU
		Debug|Mixed Platforms = Debug|Mixed Platforms
		Debug|Win32 = Debug|Win32
		Debug|x64 = Debug|x64
		Debug|x86 = Debug|x86
		Pkg|Any CPU = Pkg|Any CPU
		Pkg|Mixed Platforms = Pkg|Mixed Platforms
		Pkg|Win32 = Pkg|Win32
		Pkg|x64 = Pkg|x64
		Pkg|x86 = Pkg|x86
		Release|Any CPU = Release|Any CPU
		Release|Mixed Platforms = Release|Mixed Platforms
		Release|Win32 = Release|Win32
		Release|x64 = Release|x64
		Release|x86 = Release|x86
	EndGlobalSection
	GlobalSection(ProjectConfigurationPlatforms) = postSolution
		{71628E18-D27B-4F4E-B034-4B2AD4479E13}.Debug|Any CPU.ActiveCfg = Debug|Any CPU
		{71628E18-D27B-4F4E-B034-4B2AD4479E13}.Debug|Any CPU.Build.0 = Debug|Any CPU
		{71628E18-D27B-4F4E-B034-4B2AD4479E13}.Debug|Mixed Platforms.ActiveCfg = Debug|Any CPU
		{71628E18-D27B-4F4E-B034-4B2AD4479E13}.Debug|Mixed Platforms.Build.0 = Debug|Any CPU
		{71628E18-D27B-4F4E-B034-4B2AD4479E13}.Debug|Win32.ActiveCfg = Debug|Any CPU
		{71628E18-D27B-4F4E-B034-4B2AD4479E13}.Debug|Win32.Build.0 = Debug|Any CPU
		{71628E18-D27B-4F4E-B034-4B2AD4479E13}.Debug|x64.ActiveCfg = Debug|Any CPU
		{71628E18-D27B-4F4E-B034-4B2AD4479E13}.Debug|x64.Build.0 = Debug|Any CPU
		{71628E18-D27B-4F4E-B034-4B2AD4479E13}.Debug|x86.ActiveCfg = Debug|Any CPU
		{71628E18-D27B-4F4E-B034-4B2AD4479E13}.Debug|x86.Build.0 = Debug|Any CPU
		{71628E18-D27B-4F4E-B034-4B2AD4479E13}.Pkg|Any CPU.ActiveCfg = Pkg|Any CPU
		{71628E18-D27B-4F4E-B034-4B2AD4479E13}.Pkg|Any CPU.Build.0 = Pkg|Any CPU
		{71628E18-D27B-4F4E-B034-4B2AD4479E13}.Pkg|Mixed Platforms.ActiveCfg = Pkg|Any CPU
		{71628E18-D27B-4F4E-B034-4B2AD4479E13}.Pkg|Mixed Platforms.Build.0 = Pkg|Any CPU
		{71628E18-D27B-4F4E-B034-4B2AD4479E13}.Pkg|Win32.ActiveCfg = Pkg|Any CPU
		{71628E18-D27B-4F4E-B034-4B2AD4479E13}.Pkg|Win32.Build.0 = Pkg|Any CPU
		{71628E18-D27B-4F4E-B034-4B2AD4479E13}.Pkg|x64.ActiveCfg = Pkg|Any CPU
		{71628E18-D27B-4F4E-B034-4B2AD4479E13}.Pkg|x64.Build.0 = Pkg|Any CPU
		{71628E18-D27B-4F4E-B034-4B2AD4479E13}.Pkg|x86.ActiveCfg = Pkg|Any CPU
		{71628E18-D27B-4F4E-B034-4B2AD4479E13}.Pkg|x86.Build.0 = Pkg|Any CPU
		{71628E18-D27B-4F4E-B034-4B2AD4479E13}.Release|Any CPU.ActiveCfg = Release|Any CPU
		{71628E18-D27B-4F4E-B034-4B2AD4479E13}.Release|Any CPU.Build.0 = Release|Any CPU
		{71628E18-D27B-4F4E-B034-4B2AD4479E13}.Release|Mixed Platforms.ActiveCfg = Release|Any CPU
		{71628E18-D27B-4F4E-B034-4B2AD4479E13}.Release|Mixed Platforms.Build.0 = Release|Any CPU
		{71628E18-D27B-4F4E-B034-4B2AD4479E13}.Release|Win32.ActiveCfg = Release|Any CPU
		{71628E18-D27B-4F4E-B034-4B2AD4479E13}.Release|Win32.Build.0 = Release|Any CPU
		{71628E18-D27B-4F4E-B034-4B2AD4479E13}.Release|x64.ActiveCfg = Release|Any CPU
		{71628E18-D27B-4F4E-B034-4B2AD4479E13}.Release|x64.Build.0 = Release|Any CPU
		{71628E18-D27B-4F4E-B034-4B2AD4479E13}.Release|x86.ActiveCfg = Release|Any CPU
		{71628E18-D27B-4F4E-B034-4B2AD4479E13}.Release|x86.Build.0 = Release|Any CPU
		{4E011849-D274-4F79-96AF-549F67C46D80}.Debug|Any CPU.ActiveCfg = Debug|Any CPU
		{4E011849-D274-4F79-96AF-549F67C46D80}.Debug|Any CPU.Build.0 = Debug|Any CPU
		{4E011849-D274-4F79-96AF-549F67C46D80}.Debug|Mixed Platforms.ActiveCfg = Debug|Any CPU
		{4E011849-D274-4F79-96AF-549F67C46D80}.Debug|Mixed Platforms.Build.0 = Debug|Any CPU
		{4E011849-D274-4F79-96AF-549F67C46D80}.Debug|Win32.ActiveCfg = Debug|Any CPU
		{4E011849-D274-4F79-96AF-549F67C46D80}.Debug|Win32.Build.0 = Debug|Any CPU
		{4E011849-D274-4F79-96AF-549F67C46D80}.Debug|x64.ActiveCfg = Debug|Any CPU
		{4E011849-D274-4F79-96AF-549F67C46D80}.Debug|x64.Build.0 = Debug|Any CPU
		{4E011849-D274-4F79-96AF-549F67C46D80}.Debug|x86.ActiveCfg = Debug|Any CPU
		{4E011849-D274-4F79-96AF-549F67C46D80}.Debug|x86.Build.0 = Debug|Any CPU
		{4E011849-D274-4F79-96AF-549F67C46D80}.Pkg|Any CPU.ActiveCfg = Pkg|Any CPU
		{4E011849-D274-4F79-96AF-549F67C46D80}.Pkg|Any CPU.Build.0 = Pkg|Any CPU
		{4E011849-D274-4F79-96AF-549F67C46D80}.Pkg|Mixed Platforms.ActiveCfg = Pkg|Any CPU
		{4E011849-D274-4F79-96AF-549F67C46D80}.Pkg|Mixed Platforms.Build.0 = Pkg|Any CPU
		{4E011849-D274-4F79-96AF-549F67C46D80}.Pkg|Win32.ActiveCfg = Pkg|Any CPU
		{4E011849-D274-4F79-96AF-549F67C46D80}.Pkg|Win32.Build.0 = Pkg|Any CPU
		{4E011849-D274-4F79-96AF-549F67C46D80}.Pkg|x64.ActiveCfg = Pkg|Any CPU
		{4E011849-D274-4F79-96AF-549F67C46D80}.Pkg|x64.Build.0 = Pkg|Any CPU
		{4E011849-D274-4F79-96AF-549F67C46D80}.Pkg|x86.ActiveCfg = Pkg|Any CPU
		{4E011849-D274-4F79-96AF-549F67C46D80}.Pkg|x86.Build.0 = Pkg|Any CPU
		{4E011849-D274-4F79-96AF-549F67C46D80}.Release|Any CPU.ActiveCfg = Release|Any CPU
		{4E011849-D274-4F79-96AF-549F67C46D80}.Release|Any CPU.Build.0 = Release|Any CPU
		{4E011849-D274-4F79-96AF-549F67C46D80}.Release|Mixed Platforms.ActiveCfg = Release|Any CPU
		{4E011849-D274-4F79-96AF-549F67C46D80}.Release|Mixed Platforms.Build.0 = Release|Any CPU
		{4E011849-D274-4F79-96AF-549F67C46D80}.Release|Win32.ActiveCfg = Release|Any CPU
		{4E011849-D274-4F79-96AF-549F67C46D80}.Release|Win32.Build.0 = Release|Any CPU
		{4E011849-D274-4F79-96AF-549F67C46D80}.Release|x64.ActiveCfg = Release|Any CPU
		{4E011849-D274-4F79-96AF-549F67C46D80}.Release|x64.Build.0 = Release|Any CPU
		{4E011849-D274-4F79-96AF-549F67C46D80}.Release|x86.ActiveCfg = Release|Any CPU
		{4E011849-D274-4F79-96AF-549F67C46D80}.Release|x86.Build.0 = Release|Any CPU
		{3C5DF49D-AE94-431C-85A5-7F5B71AC777F}.Debug|Any CPU.ActiveCfg = Debug|Any CPU
		{3C5DF49D-AE94-431C-85A5-7F5B71AC777F}.Debug|Any CPU.Build.0 = Debug|Any CPU
		{3C5DF49D-AE94-431C-85A5-7F5B71AC777F}.Debug|Mixed Platforms.ActiveCfg = Debug|Any CPU
		{3C5DF49D-AE94-431C-85A5-7F5B71AC777F}.Debug|Mixed Platforms.Build.0 = Debug|Any CPU
		{3C5DF49D-AE94-431C-85A5-7F5B71AC777F}.Debug|Win32.ActiveCfg = Debug|Any CPU
		{3C5DF49D-AE94-431C-85A5-7F5B71AC777F}.Debug|Win32.Build.0 = Debug|Any CPU
		{3C5DF49D-AE94-431C-85A5-7F5B71AC777F}.Debug|x64.ActiveCfg = Debug|Any CPU
		{3C5DF49D-AE94-431C-85A5-7F5B71AC777F}.Debug|x64.Build.0 = Debug|Any CPU
		{3C5DF49D-AE94-431C-85A5-7F5B71AC777F}.Debug|x86.ActiveCfg = Debug|Any CPU
		{3C5DF49D-AE94-431C-85A5-7F5B71AC777F}.Debug|x86.Build.0 = Debug|Any CPU
		{3C5DF49D-AE94-431C-85A5-7F5B71AC777F}.Pkg|Any CPU.ActiveCfg = Release|Any CPU
		{3C5DF49D-AE94-431C-85A5-7F5B71AC777F}.Pkg|Any CPU.Build.0 = Release|Any CPU
		{3C5DF49D-AE94-431C-85A5-7F5B71AC777F}.Pkg|Mixed Platforms.ActiveCfg = Release|Any CPU
		{3C5DF49D-AE94-431C-85A5-7F5B71AC777F}.Pkg|Mixed Platforms.Build.0 = Release|Any CPU
		{3C5DF49D-AE94-431C-85A5-7F5B71AC777F}.Pkg|Win32.ActiveCfg = Release|Any CPU
		{3C5DF49D-AE94-431C-85A5-7F5B71AC777F}.Pkg|Win32.Build.0 = Release|Any CPU
		{3C5DF49D-AE94-431C-85A5-7F5B71AC777F}.Pkg|x64.ActiveCfg = Release|Any CPU
		{3C5DF49D-AE94-431C-85A5-7F5B71AC777F}.Pkg|x64.Build.0 = Release|Any CPU
		{3C5DF49D-AE94-431C-85A5-7F5B71AC777F}.Pkg|x86.ActiveCfg = Release|Any CPU
		{3C5DF49D-AE94-431C-85A5-7F5B71AC777F}.Pkg|x86.Build.0 = Release|Any CPU
		{3C5DF49D-AE94-431C-85A5-7F5B71AC777F}.Release|Any CPU.ActiveCfg = Release|Any CPU
		{3C5DF49D-AE94-431C-85A5-7F5B71AC777F}.Release|Any CPU.Build.0 = Release|Any CPU
		{3C5DF49D-AE94-431C-85A5-7F5B71AC777F}.Release|Mixed Platforms.ActiveCfg = Release|Any CPU
		{3C5DF49D-AE94-431C-85A5-7F5B71AC777F}.Release|Mixed Platforms.Build.0 = Release|Any CPU
		{3C5DF49D-AE94-431C-85A5-7F5B71AC777F}.Release|Win32.ActiveCfg = Release|Any CPU
		{3C5DF49D-AE94-431C-85A5-7F5B71AC777F}.Release|Win32.Build.0 = Release|Any CPU
		{3C5DF49D-AE94-431C-85A5-7F5B71AC777F}.Release|x64.ActiveCfg = Release|Any CPU
		{3C5DF49D-AE94-431C-85A5-7F5B71AC777F}.Release|x64.Build.0 = Release|Any CPU
		{3C5DF49D-AE94-431C-85A5-7F5B71AC777F}.Release|x86.ActiveCfg = Release|Any CPU
		{3C5DF49D-AE94-431C-85A5-7F5B71AC777F}.Release|x86.Build.0 = Release|Any CPU
		{6ECA48DC-FDB4-4660-9914-3B74D5975FF9}.Debug|Any CPU.ActiveCfg = Debug|Any CPU
		{6ECA48DC-FDB4-4660-9914-3B74D5975FF9}.Debug|Any CPU.Build.0 = Debug|Any CPU
		{6ECA48DC-FDB4-4660-9914-3B74D5975FF9}.Debug|Mixed Platforms.ActiveCfg = Debug|Any CPU
		{6ECA48DC-FDB4-4660-9914-3B74D5975FF9}.Debug|Mixed Platforms.Build.0 = Debug|Any CPU
		{6ECA48DC-FDB4-4660-9914-3B74D5975FF9}.Debug|Win32.ActiveCfg = Debug|Any CPU
		{6ECA48DC-FDB4-4660-9914-3B74D5975FF9}.Debug|Win32.Build.0 = Debug|Any CPU
		{6ECA48DC-FDB4-4660-9914-3B74D5975FF9}.Debug|x64.ActiveCfg = Debug|Any CPU
		{6ECA48DC-FDB4-4660-9914-3B74D5975FF9}.Debug|x64.Build.0 = Debug|Any CPU
		{6ECA48DC-FDB4-4660-9914-3B74D5975FF9}.Debug|x86.ActiveCfg = Debug|Any CPU
		{6ECA48DC-FDB4-4660-9914-3B74D5975FF9}.Debug|x86.Build.0 = Debug|Any CPU
		{6ECA48DC-FDB4-4660-9914-3B74D5975FF9}.Pkg|Any CPU.ActiveCfg = Release|Any CPU
		{6ECA48DC-FDB4-4660-9914-3B74D5975FF9}.Pkg|Any CPU.Build.0 = Release|Any CPU
		{6ECA48DC-FDB4-4660-9914-3B74D5975FF9}.Pkg|Mixed Platforms.ActiveCfg = Release|Any CPU
		{6ECA48DC-FDB4-4660-9914-3B74D5975FF9}.Pkg|Mixed Platforms.Build.0 = Release|Any CPU
		{6ECA48DC-FDB4-4660-9914-3B74D5975FF9}.Pkg|Win32.ActiveCfg = Release|Any CPU
		{6ECA48DC-FDB4-4660-9914-3B74D5975FF9}.Pkg|Win32.Build.0 = Release|Any CPU
		{6ECA48DC-FDB4-4660-9914-3B74D5975FF9}.Pkg|x64.ActiveCfg = Release|Any CPU
		{6ECA48DC-FDB4-4660-9914-3B74D5975FF9}.Pkg|x64.Build.0 = Release|Any CPU
		{6ECA48DC-FDB4-4660-9914-3B74D5975FF9}.Pkg|x86.ActiveCfg = Release|Any CPU
		{6ECA48DC-FDB4-4660-9914-3B74D5975FF9}.Pkg|x86.Build.0 = Release|Any CPU
		{6ECA48DC-FDB4-4660-9914-3B74D5975FF9}.Release|Any CPU.ActiveCfg = Release|Any CPU
		{6ECA48DC-FDB4-4660-9914-3B74D5975FF9}.Release|Any CPU.Build.0 = Release|Any CPU
		{6ECA48DC-FDB4-4660-9914-3B74D5975FF9}.Release|Mixed Platforms.ActiveCfg = Release|Any CPU
		{6ECA48DC-FDB4-4660-9914-3B74D5975FF9}.Release|Mixed Platforms.Build.0 = Release|Any CPU
		{6ECA48DC-FDB4-4660-9914-3B74D5975FF9}.Release|Win32.ActiveCfg = Release|Any CPU
		{6ECA48DC-FDB4-4660-9914-3B74D5975FF9}.Release|Win32.Build.0 = Release|Any CPU
		{6ECA48DC-FDB4-4660-9914-3B74D5975FF9}.Release|x64.ActiveCfg = Release|Any CPU
		{6ECA48DC-FDB4-4660-9914-3B74D5975FF9}.Release|x64.Build.0 = Release|Any CPU
		{6ECA48DC-FDB4-4660-9914-3B74D5975FF9}.Release|x86.ActiveCfg = Release|Any CPU
		{6ECA48DC-FDB4-4660-9914-3B74D5975FF9}.Release|x86.Build.0 = Release|Any CPU
		{349A1C91-CA14-4D04-946D-8B257A863CE0}.Debug|Any CPU.ActiveCfg = Debug|Any CPU
		{349A1C91-CA14-4D04-946D-8B257A863CE0}.Debug|Any CPU.Build.0 = Debug|Any CPU
		{349A1C91-CA14-4D04-946D-8B257A863CE0}.Debug|Mixed Platforms.ActiveCfg = Debug|Any CPU
		{349A1C91-CA14-4D04-946D-8B257A863CE0}.Debug|Mixed Platforms.Build.0 = Debug|Any CPU
		{349A1C91-CA14-4D04-946D-8B257A863CE0}.Debug|Win32.ActiveCfg = Debug|Any CPU
		{349A1C91-CA14-4D04-946D-8B257A863CE0}.Debug|Win32.Build.0 = Debug|Any CPU
		{349A1C91-CA14-4D04-946D-8B257A863CE0}.Debug|x64.ActiveCfg = Debug|Any CPU
		{349A1C91-CA14-4D04-946D-8B257A863CE0}.Debug|x64.Build.0 = Debug|Any CPU
		{349A1C91-CA14-4D04-946D-8B257A863CE0}.Debug|x86.ActiveCfg = Debug|Any CPU
		{349A1C91-CA14-4D04-946D-8B257A863CE0}.Debug|x86.Build.0 = Debug|Any CPU
		{349A1C91-CA14-4D04-946D-8B257A863CE0}.Pkg|Any CPU.ActiveCfg = Release|Any CPU
		{349A1C91-CA14-4D04-946D-8B257A863CE0}.Pkg|Any CPU.Build.0 = Release|Any CPU
		{349A1C91-CA14-4D04-946D-8B257A863CE0}.Pkg|Mixed Platforms.ActiveCfg = Release|Any CPU
		{349A1C91-CA14-4D04-946D-8B257A863CE0}.Pkg|Mixed Platforms.Build.0 = Release|Any CPU
		{349A1C91-CA14-4D04-946D-8B257A863CE0}.Pkg|Win32.ActiveCfg = Release|Any CPU
		{349A1C91-CA14-4D04-946D-8B257A863CE0}.Pkg|Win32.Build.0 = Release|Any CPU
		{349A1C91-CA14-4D04-946D-8B257A863CE0}.Pkg|x64.ActiveCfg = Release|Any CPU
		{349A1C91-CA14-4D04-946D-8B257A863CE0}.Pkg|x64.Build.0 = Release|Any CPU
		{349A1C91-CA14-4D04-946D-8B257A863CE0}.Pkg|x86.ActiveCfg = Release|Any CPU
		{349A1C91-CA14-4D04-946D-8B257A863CE0}.Pkg|x86.Build.0 = Release|Any CPU
		{349A1C91-CA14-4D04-946D-8B257A863CE0}.Release|Any CPU.ActiveCfg = Release|Any CPU
		{349A1C91-CA14-4D04-946D-8B257A863CE0}.Release|Any CPU.Build.0 = Release|Any CPU
		{349A1C91-CA14-4D04-946D-8B257A863CE0}.Release|Mixed Platforms.ActiveCfg = Release|Any CPU
		{349A1C91-CA14-4D04-946D-8B257A863CE0}.Release|Mixed Platforms.Build.0 = Release|Any CPU
		{349A1C91-CA14-4D04-946D-8B257A863CE0}.Release|Win32.ActiveCfg = Release|Any CPU
		{349A1C91-CA14-4D04-946D-8B257A863CE0}.Release|Win32.Build.0 = Release|Any CPU
		{349A1C91-CA14-4D04-946D-8B257A863CE0}.Release|x64.ActiveCfg = Release|Any CPU
		{349A1C91-CA14-4D04-946D-8B257A863CE0}.Release|x64.Build.0 = Release|Any CPU
		{349A1C91-CA14-4D04-946D-8B257A863CE0}.Release|x86.ActiveCfg = Release|Any CPU
		{349A1C91-CA14-4D04-946D-8B257A863CE0}.Release|x86.Build.0 = Release|Any CPU
		{820AD70D-2461-42DE-8FD5-9AF7B9B444E4}.Debug|Any CPU.ActiveCfg = Debug|Any CPU
		{820AD70D-2461-42DE-8FD5-9AF7B9B444E4}.Debug|Any CPU.Build.0 = Debug|Any CPU
		{820AD70D-2461-42DE-8FD5-9AF7B9B444E4}.Debug|Mixed Platforms.ActiveCfg = Debug|Any CPU
		{820AD70D-2461-42DE-8FD5-9AF7B9B444E4}.Debug|Mixed Platforms.Build.0 = Debug|Any CPU
		{820AD70D-2461-42DE-8FD5-9AF7B9B444E4}.Debug|Win32.ActiveCfg = Debug|Any CPU
		{820AD70D-2461-42DE-8FD5-9AF7B9B444E4}.Debug|Win32.Build.0 = Debug|Any CPU
		{820AD70D-2461-42DE-8FD5-9AF7B9B444E4}.Debug|x64.ActiveCfg = Debug|Any CPU
		{820AD70D-2461-42DE-8FD5-9AF7B9B444E4}.Debug|x64.Build.0 = Debug|Any CPU
		{820AD70D-2461-42DE-8FD5-9AF7B9B444E4}.Debug|x86.ActiveCfg = Debug|Any CPU
		{820AD70D-2461-42DE-8FD5-9AF7B9B444E4}.Debug|x86.Build.0 = Debug|Any CPU
		{820AD70D-2461-42DE-8FD5-9AF7B9B444E4}.Pkg|Any CPU.ActiveCfg = Release|Any CPU
		{820AD70D-2461-42DE-8FD5-9AF7B9B444E4}.Pkg|Any CPU.Build.0 = Release|Any CPU
		{820AD70D-2461-42DE-8FD5-9AF7B9B444E4}.Pkg|Mixed Platforms.ActiveCfg = Release|Any CPU
		{820AD70D-2461-42DE-8FD5-9AF7B9B444E4}.Pkg|Mixed Platforms.Build.0 = Release|Any CPU
		{820AD70D-2461-42DE-8FD5-9AF7B9B444E4}.Pkg|Win32.ActiveCfg = Release|Any CPU
		{820AD70D-2461-42DE-8FD5-9AF7B9B444E4}.Pkg|Win32.Build.0 = Release|Any CPU
		{820AD70D-2461-42DE-8FD5-9AF7B9B444E4}.Pkg|x64.ActiveCfg = Release|Any CPU
		{820AD70D-2461-42DE-8FD5-9AF7B9B444E4}.Pkg|x64.Build.0 = Release|Any CPU
		{820AD70D-2461-42DE-8FD5-9AF7B9B444E4}.Pkg|x86.ActiveCfg = Release|Any CPU
		{820AD70D-2461-42DE-8FD5-9AF7B9B444E4}.Pkg|x86.Build.0 = Release|Any CPU
		{820AD70D-2461-42DE-8FD5-9AF7B9B444E4}.Release|Any CPU.ActiveCfg = Release|Any CPU
		{820AD70D-2461-42DE-8FD5-9AF7B9B444E4}.Release|Any CPU.Build.0 = Release|Any CPU
		{820AD70D-2461-42DE-8FD5-9AF7B9B444E4}.Release|Mixed Platforms.ActiveCfg = Release|Any CPU
		{820AD70D-2461-42DE-8FD5-9AF7B9B444E4}.Release|Mixed Platforms.Build.0 = Release|Any CPU
		{820AD70D-2461-42DE-8FD5-9AF7B9B444E4}.Release|Win32.ActiveCfg = Release|Any CPU
		{820AD70D-2461-42DE-8FD5-9AF7B9B444E4}.Release|Win32.Build.0 = Release|Any CPU
		{820AD70D-2461-42DE-8FD5-9AF7B9B444E4}.Release|x64.ActiveCfg = Release|Any CPU
		{820AD70D-2461-42DE-8FD5-9AF7B9B444E4}.Release|x64.Build.0 = Release|Any CPU
		{820AD70D-2461-42DE-8FD5-9AF7B9B444E4}.Release|x86.ActiveCfg = Release|Any CPU
		{820AD70D-2461-42DE-8FD5-9AF7B9B444E4}.Release|x86.Build.0 = Release|Any CPU
	EndGlobalSection
	GlobalSection(SolutionProperties) = preSolution
		HideSolutionNode = FALSE
	EndGlobalSection
	GlobalSection(NestedProjects) = preSolution
		{71628E18-D27B-4F4E-B034-4B2AD4479E13} = {D913E613-6FAB-4D9D-8206-7B58C0641295}
		{4E011849-D274-4F79-96AF-549F67C46D80} = {D913E613-6FAB-4D9D-8206-7B58C0641295}
		{3C5DF49D-AE94-431C-85A5-7F5B71AC777F} = {D913E613-6FAB-4D9D-8206-7B58C0641295}
		{6ECA48DC-FDB4-4660-9914-3B74D5975FF9} = {BAF95A25-5D6A-47DF-9B74-0A30D33C073C}
		{349A1C91-CA14-4D04-946D-8B257A863CE0} = {77044E09-744B-454C-9C02-E7058ECB2851}
		{820AD70D-2461-42DE-8FD5-9AF7B9B444E4} = {DCD744E4-D218-4B3C-A1E1-4D7C33401CE8}
	EndGlobalSection
	GlobalSection(ExtensibilityGlobals) = postSolution
		SolutionGuid = {F5CFF5DF-D475-4389-8A55-500295E3A426}
	EndGlobalSection
	GlobalSection(TestCaseManagementSettings) = postSolution
		CategoryFile = NoFuture.vsmdi
	EndGlobalSection
EndGlobal
