Microsoft Visual Studio Solution File, Format Version 12.00
# Visual Studio 15
VisualStudioVersion = 15.0.27004.2005
MinimumVisualStudioVersion = 10.0.40219.1
Project("{2150E333-8FDC-42A3-9474-1A3956D46DE8}") = "_Tests", "_Tests", "{DCD744E4-D218-4B3C-A1E1-4D7C33401CE8}"
	ProjectSection(SolutionItems) = preProject
		Local.testsettings = Local.testsettings
		NoFuture.vsmdi = NoFuture.vsmdi
		TraceAndTestImpact.testsettings = TraceAndTestImpact.testsettings
	EndProjectSection
EndProject
Project("{2150E333-8FDC-42A3-9474-1A3956D46DE8}") = ".nuget", ".nuget", "{A18BF978-7283-4166-84C6-83D489F04169}"
	ProjectSection(SolutionItems) = preProject
		.nuget\NuGet.Config = .nuget\NuGet.Config
		.nuget\NuGet.exe = .nuget\NuGet.exe
		.nuget\NuGet.targets = .nuget\NuGet.targets
	EndProjectSection
EndProject
Project("{2150E333-8FDC-42A3-9474-1A3956D46DE8}") = "Hbm", "Hbm", "{18149E32-A530-466F-A449-2FE04711A93F}"
EndProject
Project("{2150E333-8FDC-42A3-9474-1A3956D46DE8}") = "Domain", "Domain", "{EE5EFDA9-4EEC-4C9C-B2A5-CC70DE8E7A8E}"
EndProject
Project("{2150E333-8FDC-42A3-9474-1A3956D46DE8}") = "Gen", "Gen", "{87A23DE3-3506-484E-BE30-8BCE86D958FB}"
EndProject
Project("{2150E333-8FDC-42A3-9474-1A3956D46DE8}") = "Host", "Host", "{CC7DB63D-A675-4ACD-BDD2-6D184225EA33}"
EndProject
Project("{2150E333-8FDC-42A3-9474-1A3956D46DE8}") = "Rand", "Rand", "{D913E613-6FAB-4D9D-8206-7B58C0641295}"
EndProject
Project("{2150E333-8FDC-42A3-9474-1A3956D46DE8}") = "Util", "Util", "{77044E09-744B-454C-9C02-E7058ECB2851}"
EndProject
Project("{2150E333-8FDC-42A3-9474-1A3956D46DE8}") = "Shared", "Shared", "{BAF95A25-5D6A-47DF-9B74-0A30D33C073C}"
EndProject
Project("{2150E333-8FDC-42A3-9474-1A3956D46DE8}") = "Timeline", "Timeline", "{7171A716-AA76-4336-981C-C6D2F6CF52F7}"
EndProject
Project("{2150E333-8FDC-42A3-9474-1A3956D46DE8}") = "Tokens", "Tokens", "{DBFE0A62-EC23-4E10-9A6A-9CD524EEAC75}"
EndProject
Project("{2150E333-8FDC-42A3-9474-1A3956D46DE8}") = "Sql", "Sql", "{2282CC71-824F-461C-95E4-D8FFCFAC34E1}"
EndProject
Project("{FAE04EC0-301F-11D3-BF4B-00C04F79EFBC}") = "Read", "NoFuture\Read\Ini\Read.csproj", "{335212C4-7F96-4647-8D9B-F1A4E61B735B}"
EndProject
Project("{FAE04EC0-301F-11D3-BF4B-00C04F79EFBC}") = "NoFuture.Tests", "NoFuture.Tests\NoFuture.Tests.csproj", "{798FE4C9-8323-4370-BE74-68681C4A2041}"
EndProject
Project("{FAE04EC0-301F-11D3-BF4B-00C04F79EFBC}") = "Encryption", "NoFuture\Encryption\Encryption.csproj", "{E7AD99CE-F93A-4844-92D1-1D544D83364F}"
EndProject
Project("{FAE04EC0-301F-11D3-BF4B-00C04F79EFBC}") = "Hbm", "NoFuture\Hbm\Hbm.csproj", "{B48811E5-CCB2-4AAE-B4E8-A711FA018460}"
EndProject
Project("{FAE04EC0-301F-11D3-BF4B-00C04F79EFBC}") = "Hbm.Command", "NoFuture\Hbm\Hbm.Command\Hbm.Command.csproj", "{DEF64325-02A2-4208-B250-9446E8BF73AC}"
EndProject
Project("{FAE04EC0-301F-11D3-BF4B-00C04F79EFBC}") = "Hbm.InvokeStoredProc", "NoFuture\Hbm\InvokeStoredProc\Hbm.InvokeStoredProc.csproj", "{CC26246E-1809-4BC4-8AD7-0237E76F8968}"
EndProject
Project("{FAE04EC0-301F-11D3-BF4B-00C04F79EFBC}") = "Hbm.Sid", "NoFuture\Hbm\Sid\Hbm.Sid.csproj", "{B543F5F2-CF3C-411E-96E6-486D9C790355}"
EndProject
Project("{FAE04EC0-301F-11D3-BF4B-00C04F79EFBC}") = "Domain.Carriage", "NoFuture\Domain\Carriage\Domain.Carriage.csproj", "{E48B5E3D-7E4E-4F3F-81ED-A36E9CA90C20}"
EndProject
Project("{FAE04EC0-301F-11D3-BF4B-00C04F79EFBC}") = "Domain.Engine", "NoFuture\Domain\Engine\Domain.Engine.csproj", "{9DAC506B-CC22-43D2-9E72-A463E0015A03}"
EndProject
Project("{FAE04EC0-301F-11D3-BF4B-00C04F79EFBC}") = "Gen", "NoFuture\Gen\Gen.csproj", "{96EB903D-A8B1-4A4A-8E68-1E64CD8467EC}"
EndProject
Project("{FAE04EC0-301F-11D3-BF4B-00C04F79EFBC}") = "Gen.InvokeGraphViz", "NoFuture\Gen\Gen.InvokeGraphViz\Gen.InvokeGraphViz.csproj", "{94C8ED36-9FA8-486D-984B-A95076D73463}"
EndProject
Project("{FAE04EC0-301F-11D3-BF4B-00C04F79EFBC}") = "Gen.InvokeGetCgOfType", "NoFuture\Gen\Gen.InvokeGetCgOfType\Gen.InvokeGetCgOfType.csproj", "{BC40C9AE-0B0B-400E-AC91-F59478598DE1}"
EndProject
Project("{FAE04EC0-301F-11D3-BF4B-00C04F79EFBC}") = "Gen.InvokeDia2Dump", "NoFuture\Gen\Gen.InvokeDia2Dump\Gen.InvokeDia2Dump.csproj", "{B10C4D03-5F40-4362-B43A-ADA8E1F690D5}"
EndProject
Project("{FAE04EC0-301F-11D3-BF4B-00C04F79EFBC}") = "Host.Encryption", "NoFuture\Host\Encryption\Host.Encryption.csproj", "{CA799F4D-800A-48B9-92A4-69C728135EB5}"
EndProject
Project("{FAE04EC0-301F-11D3-BF4B-00C04F79EFBC}") = "Rand", "NoFuture\Rand\Rand.csproj", "{71628E18-D27B-4F4E-B034-4B2AD4479E13}"
EndProject
Project("{F2A71F9B-5D33-465A-A702-920D77279786}") = "Rand.Src", "NoFuture\Rand\Src\Rand.Src.fsproj", "{E98E53E8-DB34-4BC7-841D-24E79AE073A9}"
EndProject
Project("{FAE04EC0-301F-11D3-BF4B-00C04F79EFBC}") = "Util", "NoFuture\Util\Util.csproj", "{D7F28538-BA6A-46B4-A080-65124E899317}"
EndProject
Project("{FAE04EC0-301F-11D3-BF4B-00C04F79EFBC}") = "Util.Binary.InvokeDpx", "NoFuture\Util\Binary\InvokeDpx\Util.Binary.InvokeDpx.csproj", "{EEB8AF89-3195-499C-8F17-DAECEF94FEC2}"
EndProject
Project("{FAE04EC0-301F-11D3-BF4B-00C04F79EFBC}") = "Util.Gia.InvokeAssemblyAnalysis", "NoFuture\Util\Gia\InvokeAssemblyAnalysis\Util.Gia.InvokeAssemblyAnalysis.csproj", "{F2B8CA61-2257-44F4-B921-FF35B5F10146}"
EndProject
Project("{FAE04EC0-301F-11D3-BF4B-00C04F79EFBC}") = "Util.Gia.InvokeFlatten", "NoFuture\Util\Gia\InvokeFlatten\Util.Gia.InvokeFlatten.csproj", "{F6ABA325-A116-4649-AC88-E372477779C9}"
EndProject
Project("{FAE04EC0-301F-11D3-BF4B-00C04F79EFBC}") = "Util.Pos", "NoFuture\Util\Util.Pos\Util.Pos.csproj", "{39627590-0D97-4DE2-B598-172B04587550}"
EndProject
Project("{FAE04EC0-301F-11D3-BF4B-00C04F79EFBC}") = "Util.Re", "NoFuture\Util\Util.Re\Util.Re.csproj", "{D572D6A3-0B77-451F-A1FE-EFEE1767BF9C}"
EndProject
Project("{FAE04EC0-301F-11D3-BF4B-00C04F79EFBC}") = "Shared", "NoFuture\Shared\Shared.csproj", "{4B77029A-6F3E-48AE-B8E2-C4DD06DCE627}"
EndProject
Project("{FAE04EC0-301F-11D3-BF4B-00C04F79EFBC}") = "Shared.WcfClient", "NoFuture\Shared\Shared.WcfClient\Shared.WcfClient.csproj", "{60950656-8311-44EA-A075-4DD70D3D00FF}"
EndProject
Project("{FAE04EC0-301F-11D3-BF4B-00C04F79EFBC}") = "Rand.Data.Source", "NoFuture\Rand\Data\Source\Rand.Data.Source.csproj", "{4E011849-D274-4F79-96AF-549F67C46D80}"
EndProject
Project("{FAE04EC0-301F-11D3-BF4B-00C04F79EFBC}") = "Timeline", "NoFuture\Timeline\Timeline.csproj", "{FBA7203D-CD5C-4C26-BBE8-C09AB4DB9467}"
EndProject
Project("{FAE04EC0-301F-11D3-BF4B-00C04F79EFBC}") = "Tokens", "NoFuture\Tokens\Tokens.csproj", "{4E81340F-409B-4ADA-B038-BF3F76FFA81E}"
EndProject
Project("{FAE04EC0-301F-11D3-BF4B-00C04F79EFBC}") = "Tokens.InvokeNfTypeName", "NoFuture\Tokens\InvokeNfTypeName\Tokens.InvokeNfTypeName.csproj", "{B4BFF295-60D8-4BE3-9B48-4C8E595E1E3F}"
EndProject
Project("{888888A0-9F3D-457C-B088-3A5042F75D52}") = "testNoFuturePy", "NoFuture.Tests\testNoFuturePy\testNoFuturePy.pyproj", "{F8B3C344-7F6C-4C84-AF9A-77A180FD3F63}"
EndProject
Project("{888888A0-9F3D-457C-B088-3A5042F75D52}") = "util_py", "NoFuture\Util\util_py.pyproj", "{A6248D90-AED9-42A1-AC13-499693446336}"
EndProject
Project("{888888A0-9F3D-457C-B088-3A5042F75D52}") = "shared_py", "NoFuture\Shared\shared_py.pyproj", "{2F0F4E03-FD54-4D37-9AE3-18A79BF2F13B}"
EndProject
Project("{FAE04EC0-301F-11D3-BF4B-00C04F79EFBC}") = "Sql", "NoFuture\Sql\Sql.csproj", "{4BF4D796-D9B0-4BFC-9EBA-5369F45BC498}"
EndProject
Project("{FAE04EC0-301F-11D3-BF4B-00C04F79EFBC}") = "Antlr", "NoFuture\Antlr\Antlr.csproj", "{ECC8C5B3-A36F-40D5-9DDF-7A286B92C998}"
EndProject
Global
	GlobalSection(SolutionConfigurationPlatforms) = preSolution
		Debug|Any CPU = Debug|Any CPU
		Debug|Mixed Platforms = Debug|Mixed Platforms
		Debug|Win32 = Debug|Win32
		Debug|x64 = Debug|x64
		Debug|x86 = Debug|x86
		Release|Any CPU = Release|Any CPU
		Release|Mixed Platforms = Release|Mixed Platforms
		Release|Win32 = Release|Win32
		Release|x64 = Release|x64
		Release|x86 = Release|x86
	EndGlobalSection
	GlobalSection(ProjectConfigurationPlatforms) = postSolution
		{335212C4-7F96-4647-8D9B-F1A4E61B735B}.Debug|Any CPU.ActiveCfg = Debug|Any CPU
		{335212C4-7F96-4647-8D9B-F1A4E61B735B}.Debug|Any CPU.Build.0 = Debug|Any CPU
		{335212C4-7F96-4647-8D9B-F1A4E61B735B}.Debug|Mixed Platforms.ActiveCfg = Debug|Any CPU
		{335212C4-7F96-4647-8D9B-F1A4E61B735B}.Debug|Mixed Platforms.Build.0 = Debug|Any CPU
		{335212C4-7F96-4647-8D9B-F1A4E61B735B}.Debug|Win32.ActiveCfg = Debug|Any CPU
		{335212C4-7F96-4647-8D9B-F1A4E61B735B}.Debug|x64.ActiveCfg = Debug|x64
		{335212C4-7F96-4647-8D9B-F1A4E61B735B}.Debug|x64.Build.0 = Debug|x64
		{335212C4-7F96-4647-8D9B-F1A4E61B735B}.Debug|x86.ActiveCfg = Debug|Any CPU
		{335212C4-7F96-4647-8D9B-F1A4E61B735B}.Release|Any CPU.ActiveCfg = Release|Any CPU
		{335212C4-7F96-4647-8D9B-F1A4E61B735B}.Release|Any CPU.Build.0 = Release|Any CPU
		{335212C4-7F96-4647-8D9B-F1A4E61B735B}.Release|Mixed Platforms.ActiveCfg = Release|Any CPU
		{335212C4-7F96-4647-8D9B-F1A4E61B735B}.Release|Mixed Platforms.Build.0 = Release|Any CPU
		{335212C4-7F96-4647-8D9B-F1A4E61B735B}.Release|Win32.ActiveCfg = Release|Any CPU
		{335212C4-7F96-4647-8D9B-F1A4E61B735B}.Release|x64.ActiveCfg = Release|x64
		{335212C4-7F96-4647-8D9B-F1A4E61B735B}.Release|x64.Build.0 = Release|x64
		{335212C4-7F96-4647-8D9B-F1A4E61B735B}.Release|x86.ActiveCfg = Release|Any CPU
		{798FE4C9-8323-4370-BE74-68681C4A2041}.Debug|Any CPU.ActiveCfg = Debug|Any CPU
		{798FE4C9-8323-4370-BE74-68681C4A2041}.Debug|Any CPU.Build.0 = Debug|Any CPU
		{798FE4C9-8323-4370-BE74-68681C4A2041}.Debug|Mixed Platforms.ActiveCfg = Debug|Any CPU
		{798FE4C9-8323-4370-BE74-68681C4A2041}.Debug|Mixed Platforms.Build.0 = Debug|Any CPU
		{798FE4C9-8323-4370-BE74-68681C4A2041}.Debug|Win32.ActiveCfg = Debug|Any CPU
		{798FE4C9-8323-4370-BE74-68681C4A2041}.Debug|x64.ActiveCfg = Debug|Any CPU
		{798FE4C9-8323-4370-BE74-68681C4A2041}.Debug|x86.ActiveCfg = Debug|Any CPU
		{798FE4C9-8323-4370-BE74-68681C4A2041}.Release|Any CPU.ActiveCfg = Release|Any CPU
		{798FE4C9-8323-4370-BE74-68681C4A2041}.Release|Any CPU.Build.0 = Release|Any CPU
		{798FE4C9-8323-4370-BE74-68681C4A2041}.Release|Mixed Platforms.ActiveCfg = Release|Any CPU
		{798FE4C9-8323-4370-BE74-68681C4A2041}.Release|Mixed Platforms.Build.0 = Release|Any CPU
		{798FE4C9-8323-4370-BE74-68681C4A2041}.Release|Win32.ActiveCfg = Release|Any CPU
		{798FE4C9-8323-4370-BE74-68681C4A2041}.Release|x64.ActiveCfg = Release|Any CPU
		{798FE4C9-8323-4370-BE74-68681C4A2041}.Release|x86.ActiveCfg = Release|Any CPU
		{E7AD99CE-F93A-4844-92D1-1D544D83364F}.Debug|Any CPU.ActiveCfg = Debug|Any CPU
		{E7AD99CE-F93A-4844-92D1-1D544D83364F}.Debug|Any CPU.Build.0 = Debug|Any CPU
		{E7AD99CE-F93A-4844-92D1-1D544D83364F}.Debug|Mixed Platforms.ActiveCfg = Debug|Any CPU
		{E7AD99CE-F93A-4844-92D1-1D544D83364F}.Debug|Mixed Platforms.Build.0 = Debug|Any CPU
		{E7AD99CE-F93A-4844-92D1-1D544D83364F}.Debug|Win32.ActiveCfg = Debug|Any CPU
		{E7AD99CE-F93A-4844-92D1-1D544D83364F}.Debug|x64.ActiveCfg = Debug|Any CPU
		{E7AD99CE-F93A-4844-92D1-1D544D83364F}.Debug|x86.ActiveCfg = Debug|Any CPU
		{E7AD99CE-F93A-4844-92D1-1D544D83364F}.Release|Any CPU.ActiveCfg = Release|Any CPU
		{E7AD99CE-F93A-4844-92D1-1D544D83364F}.Release|Any CPU.Build.0 = Release|Any CPU
		{E7AD99CE-F93A-4844-92D1-1D544D83364F}.Release|Mixed Platforms.ActiveCfg = Release|Any CPU
		{E7AD99CE-F93A-4844-92D1-1D544D83364F}.Release|Mixed Platforms.Build.0 = Release|Any CPU
		{E7AD99CE-F93A-4844-92D1-1D544D83364F}.Release|Win32.ActiveCfg = Release|Any CPU
		{E7AD99CE-F93A-4844-92D1-1D544D83364F}.Release|x64.ActiveCfg = Release|Any CPU
		{E7AD99CE-F93A-4844-92D1-1D544D83364F}.Release|x86.ActiveCfg = Release|Any CPU
		{B48811E5-CCB2-4AAE-B4E8-A711FA018460}.Debug|Any CPU.ActiveCfg = Debug|Any CPU
		{B48811E5-CCB2-4AAE-B4E8-A711FA018460}.Debug|Any CPU.Build.0 = Debug|Any CPU
		{B48811E5-CCB2-4AAE-B4E8-A711FA018460}.Debug|Mixed Platforms.ActiveCfg = Debug|Any CPU
		{B48811E5-CCB2-4AAE-B4E8-A711FA018460}.Debug|Mixed Platforms.Build.0 = Debug|Any CPU
		{B48811E5-CCB2-4AAE-B4E8-A711FA018460}.Debug|Win32.ActiveCfg = Debug|Any CPU
		{B48811E5-CCB2-4AAE-B4E8-A711FA018460}.Debug|Win32.Build.0 = Debug|Any CPU
		{B48811E5-CCB2-4AAE-B4E8-A711FA018460}.Debug|x64.ActiveCfg = Debug|Any CPU
		{B48811E5-CCB2-4AAE-B4E8-A711FA018460}.Debug|x64.Build.0 = Debug|Any CPU
		{B48811E5-CCB2-4AAE-B4E8-A711FA018460}.Debug|x86.ActiveCfg = Debug|Any CPU
		{B48811E5-CCB2-4AAE-B4E8-A711FA018460}.Debug|x86.Build.0 = Debug|Any CPU
		{B48811E5-CCB2-4AAE-B4E8-A711FA018460}.Release|Any CPU.ActiveCfg = Release|Any CPU
		{B48811E5-CCB2-4AAE-B4E8-A711FA018460}.Release|Any CPU.Build.0 = Release|Any CPU
		{B48811E5-CCB2-4AAE-B4E8-A711FA018460}.Release|Mixed Platforms.ActiveCfg = Release|Any CPU
		{B48811E5-CCB2-4AAE-B4E8-A711FA018460}.Release|Mixed Platforms.Build.0 = Release|Any CPU
		{B48811E5-CCB2-4AAE-B4E8-A711FA018460}.Release|Win32.ActiveCfg = Release|Any CPU
		{B48811E5-CCB2-4AAE-B4E8-A711FA018460}.Release|Win32.Build.0 = Release|Any CPU
		{B48811E5-CCB2-4AAE-B4E8-A711FA018460}.Release|x64.ActiveCfg = Release|Any CPU
		{B48811E5-CCB2-4AAE-B4E8-A711FA018460}.Release|x64.Build.0 = Release|Any CPU
		{B48811E5-CCB2-4AAE-B4E8-A711FA018460}.Release|x86.ActiveCfg = Release|Any CPU
		{B48811E5-CCB2-4AAE-B4E8-A711FA018460}.Release|x86.Build.0 = Release|Any CPU
		{DEF64325-02A2-4208-B250-9446E8BF73AC}.Debug|Any CPU.ActiveCfg = Debug|Any CPU
		{DEF64325-02A2-4208-B250-9446E8BF73AC}.Debug|Any CPU.Build.0 = Debug|Any CPU
		{DEF64325-02A2-4208-B250-9446E8BF73AC}.Debug|Mixed Platforms.ActiveCfg = Debug|Any CPU
		{DEF64325-02A2-4208-B250-9446E8BF73AC}.Debug|Mixed Platforms.Build.0 = Debug|Any CPU
		{DEF64325-02A2-4208-B250-9446E8BF73AC}.Debug|Win32.ActiveCfg = Debug|Any CPU
		{DEF64325-02A2-4208-B250-9446E8BF73AC}.Debug|Win32.Build.0 = Debug|Any CPU
		{DEF64325-02A2-4208-B250-9446E8BF73AC}.Debug|x64.ActiveCfg = Debug|Any CPU
		{DEF64325-02A2-4208-B250-9446E8BF73AC}.Debug|x64.Build.0 = Debug|Any CPU
		{DEF64325-02A2-4208-B250-9446E8BF73AC}.Debug|x86.ActiveCfg = Debug|Any CPU
		{DEF64325-02A2-4208-B250-9446E8BF73AC}.Debug|x86.Build.0 = Debug|Any CPU
		{DEF64325-02A2-4208-B250-9446E8BF73AC}.Release|Any CPU.ActiveCfg = Release|Any CPU
		{DEF64325-02A2-4208-B250-9446E8BF73AC}.Release|Any CPU.Build.0 = Release|Any CPU
		{DEF64325-02A2-4208-B250-9446E8BF73AC}.Release|Mixed Platforms.ActiveCfg = Release|Any CPU
		{DEF64325-02A2-4208-B250-9446E8BF73AC}.Release|Mixed Platforms.Build.0 = Release|Any CPU
		{DEF64325-02A2-4208-B250-9446E8BF73AC}.Release|Win32.ActiveCfg = Release|Any CPU
		{DEF64325-02A2-4208-B250-9446E8BF73AC}.Release|Win32.Build.0 = Release|Any CPU
		{DEF64325-02A2-4208-B250-9446E8BF73AC}.Release|x64.ActiveCfg = Release|Any CPU
		{DEF64325-02A2-4208-B250-9446E8BF73AC}.Release|x64.Build.0 = Release|Any CPU
		{DEF64325-02A2-4208-B250-9446E8BF73AC}.Release|x86.ActiveCfg = Release|Any CPU
		{DEF64325-02A2-4208-B250-9446E8BF73AC}.Release|x86.Build.0 = Release|Any CPU
		{CC26246E-1809-4BC4-8AD7-0237E76F8968}.Debug|Any CPU.ActiveCfg = Debug|Any CPU
		{CC26246E-1809-4BC4-8AD7-0237E76F8968}.Debug|Any CPU.Build.0 = Debug|Any CPU
		{CC26246E-1809-4BC4-8AD7-0237E76F8968}.Debug|Mixed Platforms.ActiveCfg = Debug|Any CPU
		{CC26246E-1809-4BC4-8AD7-0237E76F8968}.Debug|Mixed Platforms.Build.0 = Debug|Any CPU
		{CC26246E-1809-4BC4-8AD7-0237E76F8968}.Debug|Win32.ActiveCfg = Debug|Any CPU
		{CC26246E-1809-4BC4-8AD7-0237E76F8968}.Debug|Win32.Build.0 = Debug|Any CPU
		{CC26246E-1809-4BC4-8AD7-0237E76F8968}.Debug|x64.ActiveCfg = Debug|Any CPU
		{CC26246E-1809-4BC4-8AD7-0237E76F8968}.Debug|x64.Build.0 = Debug|Any CPU
		{CC26246E-1809-4BC4-8AD7-0237E76F8968}.Debug|x86.ActiveCfg = Debug|Any CPU
		{CC26246E-1809-4BC4-8AD7-0237E76F8968}.Debug|x86.Build.0 = Debug|Any CPU
		{CC26246E-1809-4BC4-8AD7-0237E76F8968}.Release|Any CPU.ActiveCfg = Release|Any CPU
		{CC26246E-1809-4BC4-8AD7-0237E76F8968}.Release|Any CPU.Build.0 = Release|Any CPU
		{CC26246E-1809-4BC4-8AD7-0237E76F8968}.Release|Mixed Platforms.ActiveCfg = Release|Any CPU
		{CC26246E-1809-4BC4-8AD7-0237E76F8968}.Release|Mixed Platforms.Build.0 = Release|Any CPU
		{CC26246E-1809-4BC4-8AD7-0237E76F8968}.Release|Win32.ActiveCfg = Release|Any CPU
		{CC26246E-1809-4BC4-8AD7-0237E76F8968}.Release|Win32.Build.0 = Release|Any CPU
		{CC26246E-1809-4BC4-8AD7-0237E76F8968}.Release|x64.ActiveCfg = Release|Any CPU
		{CC26246E-1809-4BC4-8AD7-0237E76F8968}.Release|x64.Build.0 = Release|Any CPU
		{CC26246E-1809-4BC4-8AD7-0237E76F8968}.Release|x86.ActiveCfg = Release|Any CPU
		{CC26246E-1809-4BC4-8AD7-0237E76F8968}.Release|x86.Build.0 = Release|Any CPU
		{B543F5F2-CF3C-411E-96E6-486D9C790355}.Debug|Any CPU.ActiveCfg = Debug|Any CPU
		{B543F5F2-CF3C-411E-96E6-486D9C790355}.Debug|Any CPU.Build.0 = Debug|Any CPU
		{B543F5F2-CF3C-411E-96E6-486D9C790355}.Debug|Mixed Platforms.ActiveCfg = Debug|Any CPU
		{B543F5F2-CF3C-411E-96E6-486D9C790355}.Debug|Mixed Platforms.Build.0 = Debug|Any CPU
		{B543F5F2-CF3C-411E-96E6-486D9C790355}.Debug|Win32.ActiveCfg = Debug|Any CPU
		{B543F5F2-CF3C-411E-96E6-486D9C790355}.Debug|Win32.Build.0 = Debug|Any CPU
		{B543F5F2-CF3C-411E-96E6-486D9C790355}.Debug|x64.ActiveCfg = Debug|Any CPU
		{B543F5F2-CF3C-411E-96E6-486D9C790355}.Debug|x64.Build.0 = Debug|Any CPU
		{B543F5F2-CF3C-411E-96E6-486D9C790355}.Debug|x86.ActiveCfg = Debug|Any CPU
		{B543F5F2-CF3C-411E-96E6-486D9C790355}.Debug|x86.Build.0 = Debug|Any CPU
		{B543F5F2-CF3C-411E-96E6-486D9C790355}.Release|Any CPU.ActiveCfg = Release|Any CPU
		{B543F5F2-CF3C-411E-96E6-486D9C790355}.Release|Any CPU.Build.0 = Release|Any CPU
		{B543F5F2-CF3C-411E-96E6-486D9C790355}.Release|Mixed Platforms.ActiveCfg = Release|Any CPU
		{B543F5F2-CF3C-411E-96E6-486D9C790355}.Release|Mixed Platforms.Build.0 = Release|Any CPU
		{B543F5F2-CF3C-411E-96E6-486D9C790355}.Release|Win32.ActiveCfg = Release|Any CPU
		{B543F5F2-CF3C-411E-96E6-486D9C790355}.Release|Win32.Build.0 = Release|Any CPU
		{B543F5F2-CF3C-411E-96E6-486D9C790355}.Release|x64.ActiveCfg = Release|Any CPU
		{B543F5F2-CF3C-411E-96E6-486D9C790355}.Release|x64.Build.0 = Release|Any CPU
		{B543F5F2-CF3C-411E-96E6-486D9C790355}.Release|x86.ActiveCfg = Release|Any CPU
		{B543F5F2-CF3C-411E-96E6-486D9C790355}.Release|x86.Build.0 = Release|Any CPU
		{E48B5E3D-7E4E-4F3F-81ED-A36E9CA90C20}.Debug|Any CPU.ActiveCfg = Debug|Any CPU
		{E48B5E3D-7E4E-4F3F-81ED-A36E9CA90C20}.Debug|Any CPU.Build.0 = Debug|Any CPU
		{E48B5E3D-7E4E-4F3F-81ED-A36E9CA90C20}.Debug|Mixed Platforms.ActiveCfg = Debug|x86
		{E48B5E3D-7E4E-4F3F-81ED-A36E9CA90C20}.Debug|Mixed Platforms.Build.0 = Debug|x86
		{E48B5E3D-7E4E-4F3F-81ED-A36E9CA90C20}.Debug|Win32.ActiveCfg = Debug|x86
		{E48B5E3D-7E4E-4F3F-81ED-A36E9CA90C20}.Debug|Win32.Build.0 = Debug|x86
		{E48B5E3D-7E4E-4F3F-81ED-A36E9CA90C20}.Debug|x64.ActiveCfg = Debug|x64
		{E48B5E3D-7E4E-4F3F-81ED-A36E9CA90C20}.Debug|x64.Build.0 = Debug|x64
		{E48B5E3D-7E4E-4F3F-81ED-A36E9CA90C20}.Debug|x86.ActiveCfg = Debug|x86
		{E48B5E3D-7E4E-4F3F-81ED-A36E9CA90C20}.Debug|x86.Build.0 = Debug|x86
		{E48B5E3D-7E4E-4F3F-81ED-A36E9CA90C20}.Release|Any CPU.ActiveCfg = Release|Any CPU
		{E48B5E3D-7E4E-4F3F-81ED-A36E9CA90C20}.Release|Mixed Platforms.ActiveCfg = Release|x86
		{E48B5E3D-7E4E-4F3F-81ED-A36E9CA90C20}.Release|Mixed Platforms.Build.0 = Release|x86
		{E48B5E3D-7E4E-4F3F-81ED-A36E9CA90C20}.Release|Win32.ActiveCfg = Release|x86
		{E48B5E3D-7E4E-4F3F-81ED-A36E9CA90C20}.Release|Win32.Build.0 = Release|x86
		{E48B5E3D-7E4E-4F3F-81ED-A36E9CA90C20}.Release|x64.ActiveCfg = Release|x64
		{E48B5E3D-7E4E-4F3F-81ED-A36E9CA90C20}.Release|x64.Build.0 = Release|x64
		{E48B5E3D-7E4E-4F3F-81ED-A36E9CA90C20}.Release|x86.ActiveCfg = Release|x86
		{E48B5E3D-7E4E-4F3F-81ED-A36E9CA90C20}.Release|x86.Build.0 = Release|x86
		{9DAC506B-CC22-43D2-9E72-A463E0015A03}.Debug|Any CPU.ActiveCfg = Debug|Any CPU
		{9DAC506B-CC22-43D2-9E72-A463E0015A03}.Debug|Any CPU.Build.0 = Debug|Any CPU
		{9DAC506B-CC22-43D2-9E72-A463E0015A03}.Debug|Mixed Platforms.ActiveCfg = Debug|Any CPU
		{9DAC506B-CC22-43D2-9E72-A463E0015A03}.Debug|Mixed Platforms.Build.0 = Debug|Any CPU
		{9DAC506B-CC22-43D2-9E72-A463E0015A03}.Debug|Win32.ActiveCfg = Debug|Any CPU
		{9DAC506B-CC22-43D2-9E72-A463E0015A03}.Debug|Win32.Build.0 = Debug|Any CPU
		{9DAC506B-CC22-43D2-9E72-A463E0015A03}.Debug|x64.ActiveCfg = Debug|x64
		{9DAC506B-CC22-43D2-9E72-A463E0015A03}.Debug|x64.Build.0 = Debug|x64
		{9DAC506B-CC22-43D2-9E72-A463E0015A03}.Debug|x86.ActiveCfg = Debug|Any CPU
		{9DAC506B-CC22-43D2-9E72-A463E0015A03}.Debug|x86.Build.0 = Debug|Any CPU
		{9DAC506B-CC22-43D2-9E72-A463E0015A03}.Release|Any CPU.ActiveCfg = Release|Any CPU
		{9DAC506B-CC22-43D2-9E72-A463E0015A03}.Release|Any CPU.Build.0 = Release|Any CPU
		{9DAC506B-CC22-43D2-9E72-A463E0015A03}.Release|Mixed Platforms.ActiveCfg = Release|Any CPU
		{9DAC506B-CC22-43D2-9E72-A463E0015A03}.Release|Mixed Platforms.Build.0 = Release|Any CPU
		{9DAC506B-CC22-43D2-9E72-A463E0015A03}.Release|Win32.ActiveCfg = Release|Any CPU
		{9DAC506B-CC22-43D2-9E72-A463E0015A03}.Release|Win32.Build.0 = Release|Any CPU
		{9DAC506B-CC22-43D2-9E72-A463E0015A03}.Release|x64.ActiveCfg = Release|x64
		{9DAC506B-CC22-43D2-9E72-A463E0015A03}.Release|x64.Build.0 = Release|x64
		{9DAC506B-CC22-43D2-9E72-A463E0015A03}.Release|x86.ActiveCfg = Release|Any CPU
		{9DAC506B-CC22-43D2-9E72-A463E0015A03}.Release|x86.Build.0 = Release|Any CPU
		{96EB903D-A8B1-4A4A-8E68-1E64CD8467EC}.Debug|Any CPU.ActiveCfg = Debug|Any CPU
		{96EB903D-A8B1-4A4A-8E68-1E64CD8467EC}.Debug|Any CPU.Build.0 = Debug|Any CPU
		{96EB903D-A8B1-4A4A-8E68-1E64CD8467EC}.Debug|Mixed Platforms.ActiveCfg = Debug|Any CPU
		{96EB903D-A8B1-4A4A-8E68-1E64CD8467EC}.Debug|Mixed Platforms.Build.0 = Debug|Any CPU
		{96EB903D-A8B1-4A4A-8E68-1E64CD8467EC}.Debug|Win32.ActiveCfg = Debug|Any CPU
		{96EB903D-A8B1-4A4A-8E68-1E64CD8467EC}.Debug|Win32.Build.0 = Debug|Any CPU
		{96EB903D-A8B1-4A4A-8E68-1E64CD8467EC}.Debug|x64.ActiveCfg = Debug|Any CPU
		{96EB903D-A8B1-4A4A-8E68-1E64CD8467EC}.Debug|x64.Build.0 = Debug|Any CPU
		{96EB903D-A8B1-4A4A-8E68-1E64CD8467EC}.Debug|x86.ActiveCfg = Debug|Any CPU
		{96EB903D-A8B1-4A4A-8E68-1E64CD8467EC}.Debug|x86.Build.0 = Debug|Any CPU
		{96EB903D-A8B1-4A4A-8E68-1E64CD8467EC}.Release|Any CPU.ActiveCfg = Release|Any CPU
		{96EB903D-A8B1-4A4A-8E68-1E64CD8467EC}.Release|Any CPU.Build.0 = Release|Any CPU
		{96EB903D-A8B1-4A4A-8E68-1E64CD8467EC}.Release|Mixed Platforms.ActiveCfg = Release|Any CPU
		{96EB903D-A8B1-4A4A-8E68-1E64CD8467EC}.Release|Mixed Platforms.Build.0 = Release|Any CPU
		{96EB903D-A8B1-4A4A-8E68-1E64CD8467EC}.Release|Win32.ActiveCfg = Release|Any CPU
		{96EB903D-A8B1-4A4A-8E68-1E64CD8467EC}.Release|Win32.Build.0 = Release|Any CPU
		{96EB903D-A8B1-4A4A-8E68-1E64CD8467EC}.Release|x64.ActiveCfg = Release|Any CPU
		{96EB903D-A8B1-4A4A-8E68-1E64CD8467EC}.Release|x64.Build.0 = Release|Any CPU
		{96EB903D-A8B1-4A4A-8E68-1E64CD8467EC}.Release|x86.ActiveCfg = Release|Any CPU
		{96EB903D-A8B1-4A4A-8E68-1E64CD8467EC}.Release|x86.Build.0 = Release|Any CPU
		{94C8ED36-9FA8-486D-984B-A95076D73463}.Debug|Any CPU.ActiveCfg = Debug|Any CPU
		{94C8ED36-9FA8-486D-984B-A95076D73463}.Debug|Any CPU.Build.0 = Debug|Any CPU
		{94C8ED36-9FA8-486D-984B-A95076D73463}.Debug|Mixed Platforms.ActiveCfg = Debug|Any CPU
		{94C8ED36-9FA8-486D-984B-A95076D73463}.Debug|Mixed Platforms.Build.0 = Debug|Any CPU
		{94C8ED36-9FA8-486D-984B-A95076D73463}.Debug|Win32.ActiveCfg = Debug|Any CPU
		{94C8ED36-9FA8-486D-984B-A95076D73463}.Debug|Win32.Build.0 = Debug|Any CPU
		{94C8ED36-9FA8-486D-984B-A95076D73463}.Debug|x64.ActiveCfg = Debug|Any CPU
		{94C8ED36-9FA8-486D-984B-A95076D73463}.Debug|x64.Build.0 = Debug|Any CPU
		{94C8ED36-9FA8-486D-984B-A95076D73463}.Debug|x86.ActiveCfg = Debug|Any CPU
		{94C8ED36-9FA8-486D-984B-A95076D73463}.Debug|x86.Build.0 = Debug|Any CPU
		{94C8ED36-9FA8-486D-984B-A95076D73463}.Release|Any CPU.ActiveCfg = Release|Any CPU
		{94C8ED36-9FA8-486D-984B-A95076D73463}.Release|Any CPU.Build.0 = Release|Any CPU
		{94C8ED36-9FA8-486D-984B-A95076D73463}.Release|Mixed Platforms.ActiveCfg = Release|Any CPU
		{94C8ED36-9FA8-486D-984B-A95076D73463}.Release|Mixed Platforms.Build.0 = Release|Any CPU
		{94C8ED36-9FA8-486D-984B-A95076D73463}.Release|Win32.ActiveCfg = Release|Any CPU
		{94C8ED36-9FA8-486D-984B-A95076D73463}.Release|Win32.Build.0 = Release|Any CPU
		{94C8ED36-9FA8-486D-984B-A95076D73463}.Release|x64.ActiveCfg = Release|Any CPU
		{94C8ED36-9FA8-486D-984B-A95076D73463}.Release|x64.Build.0 = Release|Any CPU
		{94C8ED36-9FA8-486D-984B-A95076D73463}.Release|x86.ActiveCfg = Release|Any CPU
		{94C8ED36-9FA8-486D-984B-A95076D73463}.Release|x86.Build.0 = Release|Any CPU
		{BC40C9AE-0B0B-400E-AC91-F59478598DE1}.Debug|Any CPU.ActiveCfg = Debug|Any CPU
		{BC40C9AE-0B0B-400E-AC91-F59478598DE1}.Debug|Any CPU.Build.0 = Debug|Any CPU
		{BC40C9AE-0B0B-400E-AC91-F59478598DE1}.Debug|Mixed Platforms.ActiveCfg = Debug|Any CPU
		{BC40C9AE-0B0B-400E-AC91-F59478598DE1}.Debug|Mixed Platforms.Build.0 = Debug|Any CPU
		{BC40C9AE-0B0B-400E-AC91-F59478598DE1}.Debug|Win32.ActiveCfg = Debug|Any CPU
		{BC40C9AE-0B0B-400E-AC91-F59478598DE1}.Debug|Win32.Build.0 = Debug|Any CPU
		{BC40C9AE-0B0B-400E-AC91-F59478598DE1}.Debug|x64.ActiveCfg = Debug|Any CPU
		{BC40C9AE-0B0B-400E-AC91-F59478598DE1}.Debug|x64.Build.0 = Debug|Any CPU
		{BC40C9AE-0B0B-400E-AC91-F59478598DE1}.Debug|x86.ActiveCfg = Debug|Any CPU
		{BC40C9AE-0B0B-400E-AC91-F59478598DE1}.Debug|x86.Build.0 = Debug|Any CPU
		{BC40C9AE-0B0B-400E-AC91-F59478598DE1}.Release|Any CPU.ActiveCfg = Release|Any CPU
		{BC40C9AE-0B0B-400E-AC91-F59478598DE1}.Release|Any CPU.Build.0 = Release|Any CPU
		{BC40C9AE-0B0B-400E-AC91-F59478598DE1}.Release|Mixed Platforms.ActiveCfg = Release|Any CPU
		{BC40C9AE-0B0B-400E-AC91-F59478598DE1}.Release|Mixed Platforms.Build.0 = Release|Any CPU
		{BC40C9AE-0B0B-400E-AC91-F59478598DE1}.Release|Win32.ActiveCfg = Release|Any CPU
		{BC40C9AE-0B0B-400E-AC91-F59478598DE1}.Release|Win32.Build.0 = Release|Any CPU
		{BC40C9AE-0B0B-400E-AC91-F59478598DE1}.Release|x64.ActiveCfg = Release|Any CPU
		{BC40C9AE-0B0B-400E-AC91-F59478598DE1}.Release|x64.Build.0 = Release|Any CPU
		{BC40C9AE-0B0B-400E-AC91-F59478598DE1}.Release|x86.ActiveCfg = Release|Any CPU
		{BC40C9AE-0B0B-400E-AC91-F59478598DE1}.Release|x86.Build.0 = Release|Any CPU
		{B10C4D03-5F40-4362-B43A-ADA8E1F690D5}.Debug|Any CPU.ActiveCfg = Debug|Any CPU
		{B10C4D03-5F40-4362-B43A-ADA8E1F690D5}.Debug|Any CPU.Build.0 = Debug|Any CPU
		{B10C4D03-5F40-4362-B43A-ADA8E1F690D5}.Debug|Mixed Platforms.ActiveCfg = Debug|Any CPU
		{B10C4D03-5F40-4362-B43A-ADA8E1F690D5}.Debug|Mixed Platforms.Build.0 = Debug|Any CPU
		{B10C4D03-5F40-4362-B43A-ADA8E1F690D5}.Debug|Win32.ActiveCfg = Debug|Any CPU
		{B10C4D03-5F40-4362-B43A-ADA8E1F690D5}.Debug|Win32.Build.0 = Debug|Any CPU
		{B10C4D03-5F40-4362-B43A-ADA8E1F690D5}.Debug|x64.ActiveCfg = Debug|Any CPU
		{B10C4D03-5F40-4362-B43A-ADA8E1F690D5}.Debug|x64.Build.0 = Debug|Any CPU
		{B10C4D03-5F40-4362-B43A-ADA8E1F690D5}.Debug|x86.ActiveCfg = Debug|Any CPU
		{B10C4D03-5F40-4362-B43A-ADA8E1F690D5}.Debug|x86.Build.0 = Debug|Any CPU
		{B10C4D03-5F40-4362-B43A-ADA8E1F690D5}.Release|Any CPU.ActiveCfg = Release|Any CPU
		{B10C4D03-5F40-4362-B43A-ADA8E1F690D5}.Release|Any CPU.Build.0 = Release|Any CPU
		{B10C4D03-5F40-4362-B43A-ADA8E1F690D5}.Release|Mixed Platforms.ActiveCfg = Release|Any CPU
		{B10C4D03-5F40-4362-B43A-ADA8E1F690D5}.Release|Mixed Platforms.Build.0 = Release|Any CPU
		{B10C4D03-5F40-4362-B43A-ADA8E1F690D5}.Release|Win32.ActiveCfg = Release|Any CPU
		{B10C4D03-5F40-4362-B43A-ADA8E1F690D5}.Release|Win32.Build.0 = Release|Any CPU
		{B10C4D03-5F40-4362-B43A-ADA8E1F690D5}.Release|x64.ActiveCfg = Release|Any CPU
		{B10C4D03-5F40-4362-B43A-ADA8E1F690D5}.Release|x64.Build.0 = Release|Any CPU
		{B10C4D03-5F40-4362-B43A-ADA8E1F690D5}.Release|x86.ActiveCfg = Release|Any CPU
		{B10C4D03-5F40-4362-B43A-ADA8E1F690D5}.Release|x86.Build.0 = Release|Any CPU
		{CA799F4D-800A-48B9-92A4-69C728135EB5}.Debug|Any CPU.ActiveCfg = Debug|Any CPU
		{CA799F4D-800A-48B9-92A4-69C728135EB5}.Debug|Any CPU.Build.0 = Debug|Any CPU
		{CA799F4D-800A-48B9-92A4-69C728135EB5}.Debug|Mixed Platforms.ActiveCfg = Debug|x86
		{CA799F4D-800A-48B9-92A4-69C728135EB5}.Debug|Mixed Platforms.Build.0 = Debug|x86
		{CA799F4D-800A-48B9-92A4-69C728135EB5}.Debug|Win32.ActiveCfg = Debug|x86
		{CA799F4D-800A-48B9-92A4-69C728135EB5}.Debug|Win32.Build.0 = Debug|x86
		{CA799F4D-800A-48B9-92A4-69C728135EB5}.Debug|x64.ActiveCfg = Debug|x86
		{CA799F4D-800A-48B9-92A4-69C728135EB5}.Debug|x86.ActiveCfg = Debug|x86
		{CA799F4D-800A-48B9-92A4-69C728135EB5}.Debug|x86.Build.0 = Debug|x86
		{CA799F4D-800A-48B9-92A4-69C728135EB5}.Release|Any CPU.ActiveCfg = Release|Any CPU
		{CA799F4D-800A-48B9-92A4-69C728135EB5}.Release|Any CPU.Build.0 = Release|Any CPU
		{CA799F4D-800A-48B9-92A4-69C728135EB5}.Release|Mixed Platforms.ActiveCfg = Release|x86
		{CA799F4D-800A-48B9-92A4-69C728135EB5}.Release|Mixed Platforms.Build.0 = Release|x86
		{CA799F4D-800A-48B9-92A4-69C728135EB5}.Release|Win32.ActiveCfg = Release|x86
		{CA799F4D-800A-48B9-92A4-69C728135EB5}.Release|Win32.Build.0 = Release|x86
		{CA799F4D-800A-48B9-92A4-69C728135EB5}.Release|x64.ActiveCfg = Release|x86
		{CA799F4D-800A-48B9-92A4-69C728135EB5}.Release|x86.ActiveCfg = Release|x86
		{CA799F4D-800A-48B9-92A4-69C728135EB5}.Release|x86.Build.0 = Release|x86
		{71628E18-D27B-4F4E-B034-4B2AD4479E13}.Debug|Any CPU.ActiveCfg = Debug|Any CPU
		{71628E18-D27B-4F4E-B034-4B2AD4479E13}.Debug|Any CPU.Build.0 = Debug|Any CPU
		{71628E18-D27B-4F4E-B034-4B2AD4479E13}.Debug|Mixed Platforms.ActiveCfg = Debug|Any CPU
		{71628E18-D27B-4F4E-B034-4B2AD4479E13}.Debug|Mixed Platforms.Build.0 = Debug|Any CPU
		{71628E18-D27B-4F4E-B034-4B2AD4479E13}.Debug|Win32.ActiveCfg = Debug|Any CPU
		{71628E18-D27B-4F4E-B034-4B2AD4479E13}.Debug|Win32.Build.0 = Debug|Any CPU
		{71628E18-D27B-4F4E-B034-4B2AD4479E13}.Debug|x64.ActiveCfg = Debug|Any CPU
		{71628E18-D27B-4F4E-B034-4B2AD4479E13}.Debug|x64.Build.0 = Debug|Any CPU
		{71628E18-D27B-4F4E-B034-4B2AD4479E13}.Debug|x86.ActiveCfg = Debug|Any CPU
		{71628E18-D27B-4F4E-B034-4B2AD4479E13}.Debug|x86.Build.0 = Debug|Any CPU
		{71628E18-D27B-4F4E-B034-4B2AD4479E13}.Release|Any CPU.ActiveCfg = Release|Any CPU
		{71628E18-D27B-4F4E-B034-4B2AD4479E13}.Release|Any CPU.Build.0 = Release|Any CPU
		{71628E18-D27B-4F4E-B034-4B2AD4479E13}.Release|Mixed Platforms.ActiveCfg = Release|Any CPU
		{71628E18-D27B-4F4E-B034-4B2AD4479E13}.Release|Mixed Platforms.Build.0 = Release|Any CPU
		{71628E18-D27B-4F4E-B034-4B2AD4479E13}.Release|Win32.ActiveCfg = Release|Any CPU
		{71628E18-D27B-4F4E-B034-4B2AD4479E13}.Release|Win32.Build.0 = Release|Any CPU
		{71628E18-D27B-4F4E-B034-4B2AD4479E13}.Release|x64.ActiveCfg = Release|Any CPU
		{71628E18-D27B-4F4E-B034-4B2AD4479E13}.Release|x64.Build.0 = Release|Any CPU
		{71628E18-D27B-4F4E-B034-4B2AD4479E13}.Release|x86.ActiveCfg = Release|Any CPU
		{71628E18-D27B-4F4E-B034-4B2AD4479E13}.Release|x86.Build.0 = Release|Any CPU
		{E98E53E8-DB34-4BC7-841D-24E79AE073A9}.Debug|Any CPU.ActiveCfg = Debug|Any CPU
		{E98E53E8-DB34-4BC7-841D-24E79AE073A9}.Debug|Any CPU.Build.0 = Debug|Any CPU
		{E98E53E8-DB34-4BC7-841D-24E79AE073A9}.Debug|Mixed Platforms.ActiveCfg = Debug|Any CPU
		{E98E53E8-DB34-4BC7-841D-24E79AE073A9}.Debug|Mixed Platforms.Build.0 = Debug|Any CPU
		{E98E53E8-DB34-4BC7-841D-24E79AE073A9}.Debug|Win32.ActiveCfg = Debug|Any CPU
		{E98E53E8-DB34-4BC7-841D-24E79AE073A9}.Debug|Win32.Build.0 = Debug|Any CPU
		{E98E53E8-DB34-4BC7-841D-24E79AE073A9}.Debug|x64.ActiveCfg = Debug|Any CPU
		{E98E53E8-DB34-4BC7-841D-24E79AE073A9}.Debug|x64.Build.0 = Debug|Any CPU
		{E98E53E8-DB34-4BC7-841D-24E79AE073A9}.Debug|x86.ActiveCfg = Debug|Any CPU
		{E98E53E8-DB34-4BC7-841D-24E79AE073A9}.Debug|x86.Build.0 = Debug|Any CPU
		{E98E53E8-DB34-4BC7-841D-24E79AE073A9}.Release|Any CPU.ActiveCfg = Release|Any CPU
		{E98E53E8-DB34-4BC7-841D-24E79AE073A9}.Release|Any CPU.Build.0 = Release|Any CPU
		{E98E53E8-DB34-4BC7-841D-24E79AE073A9}.Release|Mixed Platforms.ActiveCfg = Release|Any CPU
		{E98E53E8-DB34-4BC7-841D-24E79AE073A9}.Release|Mixed Platforms.Build.0 = Release|Any CPU
		{E98E53E8-DB34-4BC7-841D-24E79AE073A9}.Release|Win32.ActiveCfg = Release|Any CPU
		{E98E53E8-DB34-4BC7-841D-24E79AE073A9}.Release|Win32.Build.0 = Release|Any CPU
		{E98E53E8-DB34-4BC7-841D-24E79AE073A9}.Release|x64.ActiveCfg = Release|Any CPU
		{E98E53E8-DB34-4BC7-841D-24E79AE073A9}.Release|x64.Build.0 = Release|Any CPU
		{E98E53E8-DB34-4BC7-841D-24E79AE073A9}.Release|x86.ActiveCfg = Release|Any CPU
		{E98E53E8-DB34-4BC7-841D-24E79AE073A9}.Release|x86.Build.0 = Release|Any CPU
		{D7F28538-BA6A-46B4-A080-65124E899317}.Debug|Any CPU.ActiveCfg = Debug|Any CPU
		{D7F28538-BA6A-46B4-A080-65124E899317}.Debug|Any CPU.Build.0 = Debug|Any CPU
		{D7F28538-BA6A-46B4-A080-65124E899317}.Debug|Mixed Platforms.ActiveCfg = Debug|Any CPU
		{D7F28538-BA6A-46B4-A080-65124E899317}.Debug|Mixed Platforms.Build.0 = Debug|Any CPU
		{D7F28538-BA6A-46B4-A080-65124E899317}.Debug|Win32.ActiveCfg = Debug|Any CPU
		{D7F28538-BA6A-46B4-A080-65124E899317}.Debug|Win32.Build.0 = Debug|Any CPU
		{D7F28538-BA6A-46B4-A080-65124E899317}.Debug|x64.ActiveCfg = Debug|x64
		{D7F28538-BA6A-46B4-A080-65124E899317}.Debug|x64.Build.0 = Debug|x64
		{D7F28538-BA6A-46B4-A080-65124E899317}.Debug|x86.ActiveCfg = Debug|Any CPU
		{D7F28538-BA6A-46B4-A080-65124E899317}.Debug|x86.Build.0 = Debug|Any CPU
		{D7F28538-BA6A-46B4-A080-65124E899317}.Release|Any CPU.ActiveCfg = Release|Any CPU
		{D7F28538-BA6A-46B4-A080-65124E899317}.Release|Any CPU.Build.0 = Release|Any CPU
		{D7F28538-BA6A-46B4-A080-65124E899317}.Release|Mixed Platforms.ActiveCfg = Release|Any CPU
		{D7F28538-BA6A-46B4-A080-65124E899317}.Release|Mixed Platforms.Build.0 = Release|Any CPU
		{D7F28538-BA6A-46B4-A080-65124E899317}.Release|Win32.ActiveCfg = Release|Any CPU
		{D7F28538-BA6A-46B4-A080-65124E899317}.Release|Win32.Build.0 = Release|Any CPU
		{D7F28538-BA6A-46B4-A080-65124E899317}.Release|x64.ActiveCfg = Release|x64
		{D7F28538-BA6A-46B4-A080-65124E899317}.Release|x64.Build.0 = Release|x64
		{D7F28538-BA6A-46B4-A080-65124E899317}.Release|x86.ActiveCfg = Release|Any CPU
		{D7F28538-BA6A-46B4-A080-65124E899317}.Release|x86.Build.0 = Release|Any CPU
		{EEB8AF89-3195-499C-8F17-DAECEF94FEC2}.Debug|Any CPU.ActiveCfg = Debug|Any CPU
		{EEB8AF89-3195-499C-8F17-DAECEF94FEC2}.Debug|Any CPU.Build.0 = Debug|Any CPU
		{EEB8AF89-3195-499C-8F17-DAECEF94FEC2}.Debug|Mixed Platforms.ActiveCfg = Debug|Any CPU
		{EEB8AF89-3195-499C-8F17-DAECEF94FEC2}.Debug|Mixed Platforms.Build.0 = Debug|Any CPU
		{EEB8AF89-3195-499C-8F17-DAECEF94FEC2}.Debug|Win32.ActiveCfg = Debug|Any CPU
		{EEB8AF89-3195-499C-8F17-DAECEF94FEC2}.Debug|Win32.Build.0 = Debug|Any CPU
		{EEB8AF89-3195-499C-8F17-DAECEF94FEC2}.Debug|x64.ActiveCfg = Debug|Any CPU
		{EEB8AF89-3195-499C-8F17-DAECEF94FEC2}.Debug|x64.Build.0 = Debug|Any CPU
		{EEB8AF89-3195-499C-8F17-DAECEF94FEC2}.Debug|x86.ActiveCfg = Debug|Any CPU
		{EEB8AF89-3195-499C-8F17-DAECEF94FEC2}.Debug|x86.Build.0 = Debug|Any CPU
		{EEB8AF89-3195-499C-8F17-DAECEF94FEC2}.Release|Any CPU.ActiveCfg = Release|Any CPU
		{EEB8AF89-3195-499C-8F17-DAECEF94FEC2}.Release|Any CPU.Build.0 = Release|Any CPU
		{EEB8AF89-3195-499C-8F17-DAECEF94FEC2}.Release|Mixed Platforms.ActiveCfg = Release|Any CPU
		{EEB8AF89-3195-499C-8F17-DAECEF94FEC2}.Release|Mixed Platforms.Build.0 = Release|Any CPU
		{EEB8AF89-3195-499C-8F17-DAECEF94FEC2}.Release|Win32.ActiveCfg = Release|Any CPU
		{EEB8AF89-3195-499C-8F17-DAECEF94FEC2}.Release|Win32.Build.0 = Release|Any CPU
		{EEB8AF89-3195-499C-8F17-DAECEF94FEC2}.Release|x64.ActiveCfg = Release|Any CPU
		{EEB8AF89-3195-499C-8F17-DAECEF94FEC2}.Release|x64.Build.0 = Release|Any CPU
		{EEB8AF89-3195-499C-8F17-DAECEF94FEC2}.Release|x86.ActiveCfg = Release|Any CPU
		{EEB8AF89-3195-499C-8F17-DAECEF94FEC2}.Release|x86.Build.0 = Release|Any CPU
		{F2B8CA61-2257-44F4-B921-FF35B5F10146}.Debug|Any CPU.ActiveCfg = Debug|Any CPU
		{F2B8CA61-2257-44F4-B921-FF35B5F10146}.Debug|Any CPU.Build.0 = Debug|Any CPU
		{F2B8CA61-2257-44F4-B921-FF35B5F10146}.Debug|Mixed Platforms.ActiveCfg = Debug|Any CPU
		{F2B8CA61-2257-44F4-B921-FF35B5F10146}.Debug|Mixed Platforms.Build.0 = Debug|Any CPU
		{F2B8CA61-2257-44F4-B921-FF35B5F10146}.Debug|Win32.ActiveCfg = Debug|Any CPU
		{F2B8CA61-2257-44F4-B921-FF35B5F10146}.Debug|Win32.Build.0 = Debug|Any CPU
		{F2B8CA61-2257-44F4-B921-FF35B5F10146}.Debug|x64.ActiveCfg = Debug|Any CPU
		{F2B8CA61-2257-44F4-B921-FF35B5F10146}.Debug|x64.Build.0 = Debug|Any CPU
		{F2B8CA61-2257-44F4-B921-FF35B5F10146}.Debug|x86.ActiveCfg = Debug|Any CPU
		{F2B8CA61-2257-44F4-B921-FF35B5F10146}.Debug|x86.Build.0 = Debug|Any CPU
		{F2B8CA61-2257-44F4-B921-FF35B5F10146}.Release|Any CPU.ActiveCfg = Release|Any CPU
		{F2B8CA61-2257-44F4-B921-FF35B5F10146}.Release|Any CPU.Build.0 = Release|Any CPU
		{F2B8CA61-2257-44F4-B921-FF35B5F10146}.Release|Mixed Platforms.ActiveCfg = Release|Any CPU
		{F2B8CA61-2257-44F4-B921-FF35B5F10146}.Release|Mixed Platforms.Build.0 = Release|Any CPU
		{F2B8CA61-2257-44F4-B921-FF35B5F10146}.Release|Win32.ActiveCfg = Release|Any CPU
		{F2B8CA61-2257-44F4-B921-FF35B5F10146}.Release|Win32.Build.0 = Release|Any CPU
		{F2B8CA61-2257-44F4-B921-FF35B5F10146}.Release|x64.ActiveCfg = Release|Any CPU
		{F2B8CA61-2257-44F4-B921-FF35B5F10146}.Release|x64.Build.0 = Release|Any CPU
		{F2B8CA61-2257-44F4-B921-FF35B5F10146}.Release|x86.ActiveCfg = Release|Any CPU
		{F2B8CA61-2257-44F4-B921-FF35B5F10146}.Release|x86.Build.0 = Release|Any CPU
		{F6ABA325-A116-4649-AC88-E372477779C9}.Debug|Any CPU.ActiveCfg = Debug|Any CPU
		{F6ABA325-A116-4649-AC88-E372477779C9}.Debug|Any CPU.Build.0 = Debug|Any CPU
		{F6ABA325-A116-4649-AC88-E372477779C9}.Debug|Mixed Platforms.ActiveCfg = Debug|Any CPU
		{F6ABA325-A116-4649-AC88-E372477779C9}.Debug|Mixed Platforms.Build.0 = Debug|Any CPU
		{F6ABA325-A116-4649-AC88-E372477779C9}.Debug|Win32.ActiveCfg = Debug|Any CPU
		{F6ABA325-A116-4649-AC88-E372477779C9}.Debug|Win32.Build.0 = Debug|Any CPU
		{F6ABA325-A116-4649-AC88-E372477779C9}.Debug|x64.ActiveCfg = Debug|Any CPU
		{F6ABA325-A116-4649-AC88-E372477779C9}.Debug|x64.Build.0 = Debug|Any CPU
		{F6ABA325-A116-4649-AC88-E372477779C9}.Debug|x86.ActiveCfg = Debug|Any CPU
		{F6ABA325-A116-4649-AC88-E372477779C9}.Debug|x86.Build.0 = Debug|Any CPU
		{F6ABA325-A116-4649-AC88-E372477779C9}.Release|Any CPU.ActiveCfg = Release|Any CPU
		{F6ABA325-A116-4649-AC88-E372477779C9}.Release|Any CPU.Build.0 = Release|Any CPU
		{F6ABA325-A116-4649-AC88-E372477779C9}.Release|Mixed Platforms.ActiveCfg = Release|Any CPU
		{F6ABA325-A116-4649-AC88-E372477779C9}.Release|Mixed Platforms.Build.0 = Release|Any CPU
		{F6ABA325-A116-4649-AC88-E372477779C9}.Release|Win32.ActiveCfg = Release|Any CPU
		{F6ABA325-A116-4649-AC88-E372477779C9}.Release|Win32.Build.0 = Release|Any CPU
		{F6ABA325-A116-4649-AC88-E372477779C9}.Release|x64.ActiveCfg = Release|Any CPU
		{F6ABA325-A116-4649-AC88-E372477779C9}.Release|x64.Build.0 = Release|Any CPU
		{F6ABA325-A116-4649-AC88-E372477779C9}.Release|x86.ActiveCfg = Release|Any CPU
		{F6ABA325-A116-4649-AC88-E372477779C9}.Release|x86.Build.0 = Release|Any CPU
		{39627590-0D97-4DE2-B598-172B04587550}.Debug|Any CPU.ActiveCfg = Debug|Any CPU
		{39627590-0D97-4DE2-B598-172B04587550}.Debug|Any CPU.Build.0 = Debug|Any CPU
		{39627590-0D97-4DE2-B598-172B04587550}.Debug|Mixed Platforms.ActiveCfg = Debug|Any CPU
		{39627590-0D97-4DE2-B598-172B04587550}.Debug|Mixed Platforms.Build.0 = Debug|Any CPU
		{39627590-0D97-4DE2-B598-172B04587550}.Debug|Win32.ActiveCfg = Debug|Any CPU
		{39627590-0D97-4DE2-B598-172B04587550}.Debug|Win32.Build.0 = Debug|Any CPU
		{39627590-0D97-4DE2-B598-172B04587550}.Debug|x64.ActiveCfg = Debug|Any CPU
		{39627590-0D97-4DE2-B598-172B04587550}.Debug|x64.Build.0 = Debug|Any CPU
		{39627590-0D97-4DE2-B598-172B04587550}.Debug|x86.ActiveCfg = Debug|Any CPU
		{39627590-0D97-4DE2-B598-172B04587550}.Debug|x86.Build.0 = Debug|Any CPU
		{39627590-0D97-4DE2-B598-172B04587550}.Release|Any CPU.ActiveCfg = Release|Any CPU
		{39627590-0D97-4DE2-B598-172B04587550}.Release|Any CPU.Build.0 = Release|Any CPU
		{39627590-0D97-4DE2-B598-172B04587550}.Release|Mixed Platforms.ActiveCfg = Release|Any CPU
		{39627590-0D97-4DE2-B598-172B04587550}.Release|Mixed Platforms.Build.0 = Release|Any CPU
		{39627590-0D97-4DE2-B598-172B04587550}.Release|Win32.ActiveCfg = Release|Any CPU
		{39627590-0D97-4DE2-B598-172B04587550}.Release|Win32.Build.0 = Release|Any CPU
		{39627590-0D97-4DE2-B598-172B04587550}.Release|x64.ActiveCfg = Release|Any CPU
		{39627590-0D97-4DE2-B598-172B04587550}.Release|x64.Build.0 = Release|Any CPU
		{39627590-0D97-4DE2-B598-172B04587550}.Release|x86.ActiveCfg = Release|Any CPU
		{39627590-0D97-4DE2-B598-172B04587550}.Release|x86.Build.0 = Release|Any CPU
		{D572D6A3-0B77-451F-A1FE-EFEE1767BF9C}.Debug|Any CPU.ActiveCfg = Debug|Any CPU
		{D572D6A3-0B77-451F-A1FE-EFEE1767BF9C}.Debug|Any CPU.Build.0 = Debug|Any CPU
		{D572D6A3-0B77-451F-A1FE-EFEE1767BF9C}.Debug|Mixed Platforms.ActiveCfg = Debug|Any CPU
		{D572D6A3-0B77-451F-A1FE-EFEE1767BF9C}.Debug|Mixed Platforms.Build.0 = Debug|Any CPU
		{D572D6A3-0B77-451F-A1FE-EFEE1767BF9C}.Debug|Win32.ActiveCfg = Debug|Any CPU
		{D572D6A3-0B77-451F-A1FE-EFEE1767BF9C}.Debug|Win32.Build.0 = Debug|Any CPU
		{D572D6A3-0B77-451F-A1FE-EFEE1767BF9C}.Debug|x64.ActiveCfg = Debug|Any CPU
		{D572D6A3-0B77-451F-A1FE-EFEE1767BF9C}.Debug|x64.Build.0 = Debug|Any CPU
		{D572D6A3-0B77-451F-A1FE-EFEE1767BF9C}.Debug|x86.ActiveCfg = Debug|Any CPU
		{D572D6A3-0B77-451F-A1FE-EFEE1767BF9C}.Debug|x86.Build.0 = Debug|Any CPU
		{D572D6A3-0B77-451F-A1FE-EFEE1767BF9C}.Release|Any CPU.ActiveCfg = Release|Any CPU
		{D572D6A3-0B77-451F-A1FE-EFEE1767BF9C}.Release|Any CPU.Build.0 = Release|Any CPU
		{D572D6A3-0B77-451F-A1FE-EFEE1767BF9C}.Release|Mixed Platforms.ActiveCfg = Release|Any CPU
		{D572D6A3-0B77-451F-A1FE-EFEE1767BF9C}.Release|Mixed Platforms.Build.0 = Release|Any CPU
		{D572D6A3-0B77-451F-A1FE-EFEE1767BF9C}.Release|Win32.ActiveCfg = Release|Any CPU
		{D572D6A3-0B77-451F-A1FE-EFEE1767BF9C}.Release|Win32.Build.0 = Release|Any CPU
		{D572D6A3-0B77-451F-A1FE-EFEE1767BF9C}.Release|x64.ActiveCfg = Release|Any CPU
		{D572D6A3-0B77-451F-A1FE-EFEE1767BF9C}.Release|x64.Build.0 = Release|Any CPU
		{D572D6A3-0B77-451F-A1FE-EFEE1767BF9C}.Release|x86.ActiveCfg = Release|Any CPU
		{D572D6A3-0B77-451F-A1FE-EFEE1767BF9C}.Release|x86.Build.0 = Release|Any CPU
		{4B77029A-6F3E-48AE-B8E2-C4DD06DCE627}.Debug|Any CPU.ActiveCfg = Debug|Any CPU
		{4B77029A-6F3E-48AE-B8E2-C4DD06DCE627}.Debug|Any CPU.Build.0 = Debug|Any CPU
		{4B77029A-6F3E-48AE-B8E2-C4DD06DCE627}.Debug|Mixed Platforms.ActiveCfg = Debug|Any CPU
		{4B77029A-6F3E-48AE-B8E2-C4DD06DCE627}.Debug|Mixed Platforms.Build.0 = Debug|Any CPU
		{4B77029A-6F3E-48AE-B8E2-C4DD06DCE627}.Debug|Win32.ActiveCfg = Debug|Any CPU
		{4B77029A-6F3E-48AE-B8E2-C4DD06DCE627}.Debug|Win32.Build.0 = Debug|Any CPU
		{4B77029A-6F3E-48AE-B8E2-C4DD06DCE627}.Debug|x64.ActiveCfg = Debug|Any CPU
		{4B77029A-6F3E-48AE-B8E2-C4DD06DCE627}.Debug|x64.Build.0 = Debug|Any CPU
		{4B77029A-6F3E-48AE-B8E2-C4DD06DCE627}.Debug|x86.ActiveCfg = Debug|Any CPU
		{4B77029A-6F3E-48AE-B8E2-C4DD06DCE627}.Debug|x86.Build.0 = Debug|Any CPU
		{4B77029A-6F3E-48AE-B8E2-C4DD06DCE627}.Release|Any CPU.ActiveCfg = Release|Any CPU
		{4B77029A-6F3E-48AE-B8E2-C4DD06DCE627}.Release|Any CPU.Build.0 = Release|Any CPU
		{4B77029A-6F3E-48AE-B8E2-C4DD06DCE627}.Release|Mixed Platforms.ActiveCfg = Release|Any CPU
		{4B77029A-6F3E-48AE-B8E2-C4DD06DCE627}.Release|Mixed Platforms.Build.0 = Release|Any CPU
		{4B77029A-6F3E-48AE-B8E2-C4DD06DCE627}.Release|Win32.ActiveCfg = Release|Any CPU
		{4B77029A-6F3E-48AE-B8E2-C4DD06DCE627}.Release|Win32.Build.0 = Release|Any CPU
		{4B77029A-6F3E-48AE-B8E2-C4DD06DCE627}.Release|x64.ActiveCfg = Release|Any CPU
		{4B77029A-6F3E-48AE-B8E2-C4DD06DCE627}.Release|x64.Build.0 = Release|Any CPU
		{4B77029A-6F3E-48AE-B8E2-C4DD06DCE627}.Release|x86.ActiveCfg = Release|Any CPU
		{4B77029A-6F3E-48AE-B8E2-C4DD06DCE627}.Release|x86.Build.0 = Release|Any CPU
		{60950656-8311-44EA-A075-4DD70D3D00FF}.Debug|Any CPU.ActiveCfg = Debug|Any CPU
		{60950656-8311-44EA-A075-4DD70D3D00FF}.Debug|Any CPU.Build.0 = Debug|Any CPU
		{60950656-8311-44EA-A075-4DD70D3D00FF}.Debug|Mixed Platforms.ActiveCfg = Debug|Any CPU
		{60950656-8311-44EA-A075-4DD70D3D00FF}.Debug|Mixed Platforms.Build.0 = Debug|Any CPU
		{60950656-8311-44EA-A075-4DD70D3D00FF}.Debug|Win32.ActiveCfg = Debug|Any CPU
		{60950656-8311-44EA-A075-4DD70D3D00FF}.Debug|Win32.Build.0 = Debug|Any CPU
		{60950656-8311-44EA-A075-4DD70D3D00FF}.Debug|x64.ActiveCfg = Debug|Any CPU
		{60950656-8311-44EA-A075-4DD70D3D00FF}.Debug|x64.Build.0 = Debug|Any CPU
		{60950656-8311-44EA-A075-4DD70D3D00FF}.Debug|x86.ActiveCfg = Debug|Any CPU
		{60950656-8311-44EA-A075-4DD70D3D00FF}.Debug|x86.Build.0 = Debug|Any CPU
		{60950656-8311-44EA-A075-4DD70D3D00FF}.Release|Any CPU.ActiveCfg = Release|Any CPU
		{60950656-8311-44EA-A075-4DD70D3D00FF}.Release|Any CPU.Build.0 = Release|Any CPU
		{60950656-8311-44EA-A075-4DD70D3D00FF}.Release|Mixed Platforms.ActiveCfg = Release|Any CPU
		{60950656-8311-44EA-A075-4DD70D3D00FF}.Release|Mixed Platforms.Build.0 = Release|Any CPU
		{60950656-8311-44EA-A075-4DD70D3D00FF}.Release|Win32.ActiveCfg = Release|Any CPU
		{60950656-8311-44EA-A075-4DD70D3D00FF}.Release|Win32.Build.0 = Release|Any CPU
		{60950656-8311-44EA-A075-4DD70D3D00FF}.Release|x64.ActiveCfg = Release|Any CPU
		{60950656-8311-44EA-A075-4DD70D3D00FF}.Release|x64.Build.0 = Release|Any CPU
		{60950656-8311-44EA-A075-4DD70D3D00FF}.Release|x86.ActiveCfg = Release|Any CPU
		{60950656-8311-44EA-A075-4DD70D3D00FF}.Release|x86.Build.0 = Release|Any CPU
		{4E011849-D274-4F79-96AF-549F67C46D80}.Debug|Any CPU.ActiveCfg = Debug|Any CPU
		{4E011849-D274-4F79-96AF-549F67C46D80}.Debug|Any CPU.Build.0 = Debug|Any CPU
		{4E011849-D274-4F79-96AF-549F67C46D80}.Debug|Mixed Platforms.ActiveCfg = Debug|Any CPU
		{4E011849-D274-4F79-96AF-549F67C46D80}.Debug|Mixed Platforms.Build.0 = Debug|Any CPU
		{4E011849-D274-4F79-96AF-549F67C46D80}.Debug|Win32.ActiveCfg = Debug|Any CPU
		{4E011849-D274-4F79-96AF-549F67C46D80}.Debug|Win32.Build.0 = Debug|Any CPU
		{4E011849-D274-4F79-96AF-549F67C46D80}.Debug|x64.ActiveCfg = Debug|Any CPU
		{4E011849-D274-4F79-96AF-549F67C46D80}.Debug|x64.Build.0 = Debug|Any CPU
		{4E011849-D274-4F79-96AF-549F67C46D80}.Debug|x86.ActiveCfg = Debug|Any CPU
		{4E011849-D274-4F79-96AF-549F67C46D80}.Debug|x86.Build.0 = Debug|Any CPU
		{4E011849-D274-4F79-96AF-549F67C46D80}.Release|Any CPU.ActiveCfg = Release|Any CPU
		{4E011849-D274-4F79-96AF-549F67C46D80}.Release|Any CPU.Build.0 = Release|Any CPU
		{4E011849-D274-4F79-96AF-549F67C46D80}.Release|Mixed Platforms.ActiveCfg = Release|Any CPU
		{4E011849-D274-4F79-96AF-549F67C46D80}.Release|Mixed Platforms.Build.0 = Release|Any CPU
		{4E011849-D274-4F79-96AF-549F67C46D80}.Release|Win32.ActiveCfg = Release|Any CPU
		{4E011849-D274-4F79-96AF-549F67C46D80}.Release|Win32.Build.0 = Release|Any CPU
		{4E011849-D274-4F79-96AF-549F67C46D80}.Release|x64.ActiveCfg = Release|Any CPU
		{4E011849-D274-4F79-96AF-549F67C46D80}.Release|x64.Build.0 = Release|Any CPU
		{4E011849-D274-4F79-96AF-549F67C46D80}.Release|x86.ActiveCfg = Release|Any CPU
		{4E011849-D274-4F79-96AF-549F67C46D80}.Release|x86.Build.0 = Release|Any CPU
		{FBA7203D-CD5C-4C26-BBE8-C09AB4DB9467}.Debug|Any CPU.ActiveCfg = Debug|Any CPU
		{FBA7203D-CD5C-4C26-BBE8-C09AB4DB9467}.Debug|Any CPU.Build.0 = Debug|Any CPU
		{FBA7203D-CD5C-4C26-BBE8-C09AB4DB9467}.Debug|Mixed Platforms.ActiveCfg = Debug|Any CPU
		{FBA7203D-CD5C-4C26-BBE8-C09AB4DB9467}.Debug|Mixed Platforms.Build.0 = Debug|Any CPU
		{FBA7203D-CD5C-4C26-BBE8-C09AB4DB9467}.Debug|Win32.ActiveCfg = Debug|Any CPU
		{FBA7203D-CD5C-4C26-BBE8-C09AB4DB9467}.Debug|Win32.Build.0 = Debug|Any CPU
		{FBA7203D-CD5C-4C26-BBE8-C09AB4DB9467}.Debug|x64.ActiveCfg = Debug|Any CPU
		{FBA7203D-CD5C-4C26-BBE8-C09AB4DB9467}.Debug|x64.Build.0 = Debug|Any CPU
		{FBA7203D-CD5C-4C26-BBE8-C09AB4DB9467}.Debug|x86.ActiveCfg = Debug|Any CPU
		{FBA7203D-CD5C-4C26-BBE8-C09AB4DB9467}.Debug|x86.Build.0 = Debug|Any CPU
		{FBA7203D-CD5C-4C26-BBE8-C09AB4DB9467}.Release|Any CPU.ActiveCfg = Release|Any CPU
		{FBA7203D-CD5C-4C26-BBE8-C09AB4DB9467}.Release|Any CPU.Build.0 = Release|Any CPU
		{FBA7203D-CD5C-4C26-BBE8-C09AB4DB9467}.Release|Mixed Platforms.ActiveCfg = Release|Any CPU
		{FBA7203D-CD5C-4C26-BBE8-C09AB4DB9467}.Release|Mixed Platforms.Build.0 = Release|Any CPU
		{FBA7203D-CD5C-4C26-BBE8-C09AB4DB9467}.Release|Win32.ActiveCfg = Release|Any CPU
		{FBA7203D-CD5C-4C26-BBE8-C09AB4DB9467}.Release|Win32.Build.0 = Release|Any CPU
		{FBA7203D-CD5C-4C26-BBE8-C09AB4DB9467}.Release|x64.ActiveCfg = Release|Any CPU
		{FBA7203D-CD5C-4C26-BBE8-C09AB4DB9467}.Release|x64.Build.0 = Release|Any CPU
		{FBA7203D-CD5C-4C26-BBE8-C09AB4DB9467}.Release|x86.ActiveCfg = Release|Any CPU
		{FBA7203D-CD5C-4C26-BBE8-C09AB4DB9467}.Release|x86.Build.0 = Release|Any CPU
		{4E81340F-409B-4ADA-B038-BF3F76FFA81E}.Debug|Any CPU.ActiveCfg = Debug|Any CPU
		{4E81340F-409B-4ADA-B038-BF3F76FFA81E}.Debug|Any CPU.Build.0 = Debug|Any CPU
		{4E81340F-409B-4ADA-B038-BF3F76FFA81E}.Debug|Mixed Platforms.ActiveCfg = Debug|Any CPU
		{4E81340F-409B-4ADA-B038-BF3F76FFA81E}.Debug|Mixed Platforms.Build.0 = Debug|Any CPU
		{4E81340F-409B-4ADA-B038-BF3F76FFA81E}.Debug|Win32.ActiveCfg = Debug|Any CPU
		{4E81340F-409B-4ADA-B038-BF3F76FFA81E}.Debug|Win32.Build.0 = Debug|Any CPU
		{4E81340F-409B-4ADA-B038-BF3F76FFA81E}.Debug|x64.ActiveCfg = Debug|Any CPU
		{4E81340F-409B-4ADA-B038-BF3F76FFA81E}.Debug|x64.Build.0 = Debug|Any CPU
		{4E81340F-409B-4ADA-B038-BF3F76FFA81E}.Debug|x86.ActiveCfg = Debug|Any CPU
		{4E81340F-409B-4ADA-B038-BF3F76FFA81E}.Debug|x86.Build.0 = Debug|Any CPU
		{4E81340F-409B-4ADA-B038-BF3F76FFA81E}.Release|Any CPU.ActiveCfg = Release|Any CPU
		{4E81340F-409B-4ADA-B038-BF3F76FFA81E}.Release|Any CPU.Build.0 = Release|Any CPU
		{4E81340F-409B-4ADA-B038-BF3F76FFA81E}.Release|Mixed Platforms.ActiveCfg = Release|Any CPU
		{4E81340F-409B-4ADA-B038-BF3F76FFA81E}.Release|Mixed Platforms.Build.0 = Release|Any CPU
		{4E81340F-409B-4ADA-B038-BF3F76FFA81E}.Release|Win32.ActiveCfg = Release|Any CPU
		{4E81340F-409B-4ADA-B038-BF3F76FFA81E}.Release|Win32.Build.0 = Release|Any CPU
		{4E81340F-409B-4ADA-B038-BF3F76FFA81E}.Release|x64.ActiveCfg = Release|Any CPU
		{4E81340F-409B-4ADA-B038-BF3F76FFA81E}.Release|x64.Build.0 = Release|Any CPU
		{4E81340F-409B-4ADA-B038-BF3F76FFA81E}.Release|x86.ActiveCfg = Release|Any CPU
		{4E81340F-409B-4ADA-B038-BF3F76FFA81E}.Release|x86.Build.0 = Release|Any CPU
		{B4BFF295-60D8-4BE3-9B48-4C8E595E1E3F}.Debug|Any CPU.ActiveCfg = Debug|Any CPU
		{B4BFF295-60D8-4BE3-9B48-4C8E595E1E3F}.Debug|Any CPU.Build.0 = Debug|Any CPU
		{B4BFF295-60D8-4BE3-9B48-4C8E595E1E3F}.Debug|Mixed Platforms.ActiveCfg = Debug|Any CPU
		{B4BFF295-60D8-4BE3-9B48-4C8E595E1E3F}.Debug|Mixed Platforms.Build.0 = Debug|Any CPU
		{B4BFF295-60D8-4BE3-9B48-4C8E595E1E3F}.Debug|Win32.ActiveCfg = Debug|Any CPU
		{B4BFF295-60D8-4BE3-9B48-4C8E595E1E3F}.Debug|Win32.Build.0 = Debug|Any CPU
		{B4BFF295-60D8-4BE3-9B48-4C8E595E1E3F}.Debug|x64.ActiveCfg = Debug|Any CPU
		{B4BFF295-60D8-4BE3-9B48-4C8E595E1E3F}.Debug|x64.Build.0 = Debug|Any CPU
		{B4BFF295-60D8-4BE3-9B48-4C8E595E1E3F}.Debug|x86.ActiveCfg = Debug|Any CPU
		{B4BFF295-60D8-4BE3-9B48-4C8E595E1E3F}.Debug|x86.Build.0 = Debug|Any CPU
		{B4BFF295-60D8-4BE3-9B48-4C8E595E1E3F}.Release|Any CPU.ActiveCfg = Release|Any CPU
		{B4BFF295-60D8-4BE3-9B48-4C8E595E1E3F}.Release|Any CPU.Build.0 = Release|Any CPU
		{B4BFF295-60D8-4BE3-9B48-4C8E595E1E3F}.Release|Mixed Platforms.ActiveCfg = Release|Any CPU
		{B4BFF295-60D8-4BE3-9B48-4C8E595E1E3F}.Release|Mixed Platforms.Build.0 = Release|Any CPU
		{B4BFF295-60D8-4BE3-9B48-4C8E595E1E3F}.Release|Win32.ActiveCfg = Release|Any CPU
		{B4BFF295-60D8-4BE3-9B48-4C8E595E1E3F}.Release|Win32.Build.0 = Release|Any CPU
		{B4BFF295-60D8-4BE3-9B48-4C8E595E1E3F}.Release|x64.ActiveCfg = Release|Any CPU
		{B4BFF295-60D8-4BE3-9B48-4C8E595E1E3F}.Release|x64.Build.0 = Release|Any CPU
		{B4BFF295-60D8-4BE3-9B48-4C8E595E1E3F}.Release|x86.ActiveCfg = Release|Any CPU
		{B4BFF295-60D8-4BE3-9B48-4C8E595E1E3F}.Release|x86.Build.0 = Release|Any CPU
		{F8B3C344-7F6C-4C84-AF9A-77A180FD3F63}.Debug|Any CPU.ActiveCfg = Debug|Any CPU
		{F8B3C344-7F6C-4C84-AF9A-77A180FD3F63}.Debug|Mixed Platforms.ActiveCfg = Debug|Any CPU
		{F8B3C344-7F6C-4C84-AF9A-77A180FD3F63}.Debug|Win32.ActiveCfg = Debug|Any CPU
		{F8B3C344-7F6C-4C84-AF9A-77A180FD3F63}.Debug|x64.ActiveCfg = Debug|Any CPU
		{F8B3C344-7F6C-4C84-AF9A-77A180FD3F63}.Debug|x86.ActiveCfg = Debug|Any CPU
		{F8B3C344-7F6C-4C84-AF9A-77A180FD3F63}.Release|Any CPU.ActiveCfg = Release|Any CPU
		{F8B3C344-7F6C-4C84-AF9A-77A180FD3F63}.Release|Mixed Platforms.ActiveCfg = Release|Any CPU
		{F8B3C344-7F6C-4C84-AF9A-77A180FD3F63}.Release|Win32.ActiveCfg = Release|Any CPU
		{F8B3C344-7F6C-4C84-AF9A-77A180FD3F63}.Release|x64.ActiveCfg = Release|Any CPU
		{F8B3C344-7F6C-4C84-AF9A-77A180FD3F63}.Release|x86.ActiveCfg = Release|Any CPU
		{A6248D90-AED9-42A1-AC13-499693446336}.Debug|Any CPU.ActiveCfg = Debug|Any CPU
		{A6248D90-AED9-42A1-AC13-499693446336}.Debug|Mixed Platforms.ActiveCfg = Debug|Any CPU
		{A6248D90-AED9-42A1-AC13-499693446336}.Debug|Win32.ActiveCfg = Debug|Any CPU
		{A6248D90-AED9-42A1-AC13-499693446336}.Debug|x64.ActiveCfg = Debug|Any CPU
		{A6248D90-AED9-42A1-AC13-499693446336}.Debug|x86.ActiveCfg = Debug|Any CPU
		{A6248D90-AED9-42A1-AC13-499693446336}.Release|Any CPU.ActiveCfg = Release|Any CPU
		{A6248D90-AED9-42A1-AC13-499693446336}.Release|Mixed Platforms.ActiveCfg = Release|Any CPU
		{A6248D90-AED9-42A1-AC13-499693446336}.Release|Win32.ActiveCfg = Release|Any CPU
		{A6248D90-AED9-42A1-AC13-499693446336}.Release|x64.ActiveCfg = Release|Any CPU
		{A6248D90-AED9-42A1-AC13-499693446336}.Release|x86.ActiveCfg = Release|Any CPU
		{2F0F4E03-FD54-4D37-9AE3-18A79BF2F13B}.Debug|Any CPU.ActiveCfg = Debug|Any CPU
		{2F0F4E03-FD54-4D37-9AE3-18A79BF2F13B}.Debug|Mixed Platforms.ActiveCfg = Debug|Any CPU
		{2F0F4E03-FD54-4D37-9AE3-18A79BF2F13B}.Debug|Win32.ActiveCfg = Debug|Any CPU
		{2F0F4E03-FD54-4D37-9AE3-18A79BF2F13B}.Debug|x64.ActiveCfg = Debug|Any CPU
		{2F0F4E03-FD54-4D37-9AE3-18A79BF2F13B}.Debug|x86.ActiveCfg = Debug|Any CPU
		{2F0F4E03-FD54-4D37-9AE3-18A79BF2F13B}.Release|Any CPU.ActiveCfg = Release|Any CPU
		{2F0F4E03-FD54-4D37-9AE3-18A79BF2F13B}.Release|Mixed Platforms.ActiveCfg = Release|Any CPU
		{2F0F4E03-FD54-4D37-9AE3-18A79BF2F13B}.Release|Win32.ActiveCfg = Release|Any CPU
		{2F0F4E03-FD54-4D37-9AE3-18A79BF2F13B}.Release|x64.ActiveCfg = Release|Any CPU
		{2F0F4E03-FD54-4D37-9AE3-18A79BF2F13B}.Release|x86.ActiveCfg = Release|Any CPU
		{4BF4D796-D9B0-4BFC-9EBA-5369F45BC498}.Debug|Any CPU.ActiveCfg = Debug|Any CPU
		{4BF4D796-D9B0-4BFC-9EBA-5369F45BC498}.Debug|Any CPU.Build.0 = Debug|Any CPU
		{4BF4D796-D9B0-4BFC-9EBA-5369F45BC498}.Debug|Mixed Platforms.ActiveCfg = Debug|Any CPU
		{4BF4D796-D9B0-4BFC-9EBA-5369F45BC498}.Debug|Mixed Platforms.Build.0 = Debug|Any CPU
		{4BF4D796-D9B0-4BFC-9EBA-5369F45BC498}.Debug|Win32.ActiveCfg = Debug|Any CPU
		{4BF4D796-D9B0-4BFC-9EBA-5369F45BC498}.Debug|Win32.Build.0 = Debug|Any CPU
		{4BF4D796-D9B0-4BFC-9EBA-5369F45BC498}.Debug|x64.ActiveCfg = Debug|Any CPU
		{4BF4D796-D9B0-4BFC-9EBA-5369F45BC498}.Debug|x64.Build.0 = Debug|Any CPU
		{4BF4D796-D9B0-4BFC-9EBA-5369F45BC498}.Debug|x86.ActiveCfg = Debug|Any CPU
		{4BF4D796-D9B0-4BFC-9EBA-5369F45BC498}.Debug|x86.Build.0 = Debug|Any CPU
		{4BF4D796-D9B0-4BFC-9EBA-5369F45BC498}.Release|Any CPU.ActiveCfg = Release|Any CPU
		{4BF4D796-D9B0-4BFC-9EBA-5369F45BC498}.Release|Any CPU.Build.0 = Release|Any CPU
		{4BF4D796-D9B0-4BFC-9EBA-5369F45BC498}.Release|Mixed Platforms.ActiveCfg = Release|Any CPU
		{4BF4D796-D9B0-4BFC-9EBA-5369F45BC498}.Release|Mixed Platforms.Build.0 = Release|Any CPU
		{4BF4D796-D9B0-4BFC-9EBA-5369F45BC498}.Release|Win32.ActiveCfg = Release|Any CPU
		{4BF4D796-D9B0-4BFC-9EBA-5369F45BC498}.Release|Win32.Build.0 = Release|Any CPU
		{4BF4D796-D9B0-4BFC-9EBA-5369F45BC498}.Release|x64.ActiveCfg = Release|Any CPU
		{4BF4D796-D9B0-4BFC-9EBA-5369F45BC498}.Release|x64.Build.0 = Release|Any CPU
		{4BF4D796-D9B0-4BFC-9EBA-5369F45BC498}.Release|x86.ActiveCfg = Release|Any CPU
		{4BF4D796-D9B0-4BFC-9EBA-5369F45BC498}.Release|x86.Build.0 = Release|Any CPU
		{ECC8C5B3-A36F-40D5-9DDF-7A286B92C998}.Debug|Any CPU.ActiveCfg = Debug|Any CPU
		{ECC8C5B3-A36F-40D5-9DDF-7A286B92C998}.Debug|Any CPU.Build.0 = Debug|Any CPU
		{ECC8C5B3-A36F-40D5-9DDF-7A286B92C998}.Debug|Mixed Platforms.ActiveCfg = Debug|Any CPU
		{ECC8C5B3-A36F-40D5-9DDF-7A286B92C998}.Debug|Mixed Platforms.Build.0 = Debug|Any CPU
		{ECC8C5B3-A36F-40D5-9DDF-7A286B92C998}.Debug|Win32.ActiveCfg = Debug|Any CPU
		{ECC8C5B3-A36F-40D5-9DDF-7A286B92C998}.Debug|Win32.Build.0 = Debug|Any CPU
		{ECC8C5B3-A36F-40D5-9DDF-7A286B92C998}.Debug|x64.ActiveCfg = Debug|Any CPU
		{ECC8C5B3-A36F-40D5-9DDF-7A286B92C998}.Debug|x64.Build.0 = Debug|Any CPU
		{ECC8C5B3-A36F-40D5-9DDF-7A286B92C998}.Debug|x86.ActiveCfg = Debug|Any CPU
		{ECC8C5B3-A36F-40D5-9DDF-7A286B92C998}.Debug|x86.Build.0 = Debug|Any CPU
		{ECC8C5B3-A36F-40D5-9DDF-7A286B92C998}.Release|Any CPU.ActiveCfg = Release|Any CPU
		{ECC8C5B3-A36F-40D5-9DDF-7A286B92C998}.Release|Any CPU.Build.0 = Release|Any CPU
		{ECC8C5B3-A36F-40D5-9DDF-7A286B92C998}.Release|Mixed Platforms.ActiveCfg = Release|Any CPU
		{ECC8C5B3-A36F-40D5-9DDF-7A286B92C998}.Release|Mixed Platforms.Build.0 = Release|Any CPU
		{ECC8C5B3-A36F-40D5-9DDF-7A286B92C998}.Release|Win32.ActiveCfg = Release|Any CPU
		{ECC8C5B3-A36F-40D5-9DDF-7A286B92C998}.Release|Win32.Build.0 = Release|Any CPU
		{ECC8C5B3-A36F-40D5-9DDF-7A286B92C998}.Release|x64.ActiveCfg = Release|Any CPU
		{ECC8C5B3-A36F-40D5-9DDF-7A286B92C998}.Release|x64.Build.0 = Release|Any CPU
		{ECC8C5B3-A36F-40D5-9DDF-7A286B92C998}.Release|x86.ActiveCfg = Release|Any CPU
		{ECC8C5B3-A36F-40D5-9DDF-7A286B92C998}.Release|x86.Build.0 = Release|Any CPU
	EndGlobalSection
	GlobalSection(SolutionProperties) = preSolution
		HideSolutionNode = FALSE
	EndGlobalSection
	GlobalSection(NestedProjects) = preSolution
		{798FE4C9-8323-4370-BE74-68681C4A2041} = {DCD744E4-D218-4B3C-A1E1-4D7C33401CE8}
		{B48811E5-CCB2-4AAE-B4E8-A711FA018460} = {18149E32-A530-466F-A449-2FE04711A93F}
		{DEF64325-02A2-4208-B250-9446E8BF73AC} = {18149E32-A530-466F-A449-2FE04711A93F}
		{CC26246E-1809-4BC4-8AD7-0237E76F8968} = {18149E32-A530-466F-A449-2FE04711A93F}
		{B543F5F2-CF3C-411E-96E6-486D9C790355} = {18149E32-A530-466F-A449-2FE04711A93F}
		{E48B5E3D-7E4E-4F3F-81ED-A36E9CA90C20} = {EE5EFDA9-4EEC-4C9C-B2A5-CC70DE8E7A8E}
		{9DAC506B-CC22-43D2-9E72-A463E0015A03} = {EE5EFDA9-4EEC-4C9C-B2A5-CC70DE8E7A8E}
		{96EB903D-A8B1-4A4A-8E68-1E64CD8467EC} = {87A23DE3-3506-484E-BE30-8BCE86D958FB}
		{94C8ED36-9FA8-486D-984B-A95076D73463} = {87A23DE3-3506-484E-BE30-8BCE86D958FB}
		{BC40C9AE-0B0B-400E-AC91-F59478598DE1} = {87A23DE3-3506-484E-BE30-8BCE86D958FB}
		{B10C4D03-5F40-4362-B43A-ADA8E1F690D5} = {87A23DE3-3506-484E-BE30-8BCE86D958FB}
		{CA799F4D-800A-48B9-92A4-69C728135EB5} = {CC7DB63D-A675-4ACD-BDD2-6D184225EA33}
		{71628E18-D27B-4F4E-B034-4B2AD4479E13} = {D913E613-6FAB-4D9D-8206-7B58C0641295}
		{E98E53E8-DB34-4BC7-841D-24E79AE073A9} = {D913E613-6FAB-4D9D-8206-7B58C0641295}
		{D7F28538-BA6A-46B4-A080-65124E899317} = {77044E09-744B-454C-9C02-E7058ECB2851}
		{EEB8AF89-3195-499C-8F17-DAECEF94FEC2} = {77044E09-744B-454C-9C02-E7058ECB2851}
		{F2B8CA61-2257-44F4-B921-FF35B5F10146} = {77044E09-744B-454C-9C02-E7058ECB2851}
		{F6ABA325-A116-4649-AC88-E372477779C9} = {77044E09-744B-454C-9C02-E7058ECB2851}
		{39627590-0D97-4DE2-B598-172B04587550} = {77044E09-744B-454C-9C02-E7058ECB2851}
		{D572D6A3-0B77-451F-A1FE-EFEE1767BF9C} = {77044E09-744B-454C-9C02-E7058ECB2851}
		{4B77029A-6F3E-48AE-B8E2-C4DD06DCE627} = {BAF95A25-5D6A-47DF-9B74-0A30D33C073C}
		{60950656-8311-44EA-A075-4DD70D3D00FF} = {BAF95A25-5D6A-47DF-9B74-0A30D33C073C}
		{4E011849-D274-4F79-96AF-549F67C46D80} = {D913E613-6FAB-4D9D-8206-7B58C0641295}
		{FBA7203D-CD5C-4C26-BBE8-C09AB4DB9467} = {7171A716-AA76-4336-981C-C6D2F6CF52F7}
		{4E81340F-409B-4ADA-B038-BF3F76FFA81E} = {DBFE0A62-EC23-4E10-9A6A-9CD524EEAC75}
		{B4BFF295-60D8-4BE3-9B48-4C8E595E1E3F} = {DBFE0A62-EC23-4E10-9A6A-9CD524EEAC75}
		{F8B3C344-7F6C-4C84-AF9A-77A180FD3F63} = {DCD744E4-D218-4B3C-A1E1-4D7C33401CE8}
		{A6248D90-AED9-42A1-AC13-499693446336} = {77044E09-744B-454C-9C02-E7058ECB2851}
		{2F0F4E03-FD54-4D37-9AE3-18A79BF2F13B} = {BAF95A25-5D6A-47DF-9B74-0A30D33C073C}
		{4BF4D796-D9B0-4BFC-9EBA-5369F45BC498} = {2282CC71-824F-461C-95E4-D8FFCFAC34E1}
		{ECC8C5B3-A36F-40D5-9DDF-7A286B92C998} = {DBFE0A62-EC23-4E10-9A6A-9CD524EEAC75}
	EndGlobalSection
	GlobalSection(ExtensibilityGlobals) = postSolution
		SolutionGuid = {F5CFF5DF-D475-4389-8A55-500295E3A426}
	EndGlobalSection
	GlobalSection(TestCaseManagementSettings) = postSolution
		CategoryFile = NoFuture.vsmdi
	EndGlobalSection
EndGlobal
